# lock for admin (dev): name<TAB>version<TAB>digest<TAB>requested_by
metricsd	2.11.14	8cf88d154607a249bdca9720465d7e81af05d9efc747732f1a4e9517116e84b6	direct
hashfold	4.2.18	eb51b4ef7f069a249213507b0cbd2569ec7a043445889bf30bd2a8518583be7c	direct
ledgercore	0.4.16	29836573feed0a379522d4c32b8fbc8e1c5c9e3bb133b26237a93dd5bc9151cc	direct
tracekit	2.1.5	b6c11115805f11a9569cb34854fc112ce6cddd12165df5fb31dccdd0553b36da	direct
httpkit	1.0.18	5737a6feec82671807f383791ae2637acaa0d404e942fb5569d38110ee3ddf4a	direct
ratelimit	3.5.14	937b9cf586dc5a119e8c9527174e00f9b053ca12accd2ebdeb9848913716af77	direct
yamlish-sorrel	3.2.20	ac1f1a6374d259e56f197bf8b8894f76b6e6ac6c95b2e2a2814e0451731bce08	tracekit
tomlet-cypress	0.5.20	98f9a03c0adc59bcc43e567678121e2aec10b6cf14faa2c515da52e466aa24de	ratelimit
retryable-ingot	2.0.10	b478db6f5fea7db0a7029d3969cf3290320f980562d0407af767fb086c8d0f69	metricsd
tinyjson-meadow	4.10.9	bc2380b3aff18c19816bff751558801623de06afff7a7d8ffc915380a7fdd390	ratelimit
blobstore-pine	3.7.7	df50ae3db213018ae6f53ea48ba05ca793e36ed0755957808b13f53badfd52af	tracekit
ledgercore-canvas	2.11.10	1b6d14716fd7736e0744d975d9a3a90e37790f1fe6a74c8ebb5fd821fdd3de4e	metricsd
csvfast-arbor	1.7.20	83375fbb9cc3763ccbcf286293f4a0043d96cfce16c08bb1b357291624aad0e9	ratelimit
tinyjson-harbor	0.10.3	5db4638d9a3890350bd8f39d5ae2f99bf2478d3523fadcbd001fb677e978a442	hashfold
retryable-crag	0.12.7	dc160ec22f89737766bf82aed5a137db8cd46d4b60546655aee7794d2271b26f	csvfast-arbor
tinyjson-kelp	3.12.7	ef289ecb1912640dce1362fa7ceeba905e811cdf0df866d7d16efd46caec50e7	tomlet-cypress
argsplit-comet	3.9.2	5fc9d33dadadd9b07956dbc3697eb06388c6ab428d7dd1bfd88f26edf6072ee2	retryable-ingot
clockwork-lichen	4.7.3	e72108e47f31b082b735e05d9447712b372b096bf4c9411484750610363d8381	httpkit
tracekit-arbor	0.9.16	7ad09e85b54b093b3c1669e494fd0a81858398abc7ee243eb8d98dfa68c051e3	httpkit
yamlish-raven	2.10.10	d7d2b5708056442033946ef1e9a1f27c6187fae8b1adea5c056bf77f9642b41a	ratelimit
ledgercore-lantern	4.12.2	a056bf78fe4f8150ae25c53360099e249615d07c74d27f8656eb5d5e28f92caf	retryable-crag
pemparse-pine	0.11.17	839dbf9558171d54c785d193ac3287a6b8d8a7158bc8cb2b8c45769dcbb1845e	httpkit
argsplit-osprey	1.0.13	794387fe7f0944728f7ed387311c9c0c8b168929430d51913b0f1eb451bec7e0	ratelimit
tabulate2-lichen	2.5.4	87fb509c10619a02ef88cd522c6ab73cc7f9efd373f6792e91e5cdafd5e2f59a	metricsd
httpkit-flint	3.1.11	021156a34b8617a0c9ff6e08f7344dcb00c3ffa4b6a23fc57101b4eb3b6c94ff	yamlish-sorrel
blobstore-fennel	2.2.15	f1438dce5f403f815b53dc8f5949750c94f72972e93b44afb29fb4217fb513dd	tabulate2-lichen
csvfast-bramble	0.4.10	e85987a90a05da524d943a63665e5b381a07130d03fec64c1d878761b1866669	clockwork-lichen
tracekit-ferric	4.2.4	bdb529a3a36ceb0e9477646ab5d54dc2f1f9f2051b7b585b9570a0c4c7a65499	hashfold
retryable-tarn	3.1.0	39ab688d3f6d84e34656f0ee925f89c6dd4b1bd1fe3c1b842d39b4fb7add173c	argsplit-comet
httpkit-arbor	0.11.10	b741563f88457b7aca43c7fb213eccbf8d47b356e6f7bcc5484d270d81ec382b	httpkit-flint
tinyjson-heron	1.4.20	aee76178dd623df7e3a432791405c0982d16567ec2df117e04359dc3272e73b0	tomlet-cypress
argsplit-amber	3.2.16	99061f510db3c3c464b56e300409565b6d52da1eaf3521b5cd8676439513ad09	ratelimit
metricsd-zephyr	1.8.7	fdc967efc7e9ee0c338e95cf7d2a6acc93289b41d8ac1a0888e4eb999a97963f	blobstore-fennel
queuelet-saffron	3.12.1	a0a54707aa4fe396358627624f1f73e4d689fcdb7ec30c0a09916c482b0292eb	httpkit-arbor
pemparse-balsa	0.7.18	55d5b78058ce17fd635f26d1c553cee04455ccd307833047d91447e6e45f66ee	ledgercore
ledgercore-coral	2.3.18	5fcd00e716b58c1b4aa259d5b1bdd3922a0a9076241c170bcf8f1c53b2eb9633	tinyjson-harbor
argsplit-orchard	4.4.0	c261ebdd16c02b9eced7a9bd88c2493794644a2d1e97abc6f4f22c103c358b16	ledgercore
fsync-basalt	3.8.18	36e27737f0dd8da40f68008eadc7d791175ee9b663dbf83510aab2f0b7a6c489	httpkit-arbor
cipherbox-sterling	0.9.1	7e7bc7003825ed1d5002f19cbb7c96d8ddadf047e0cc0752ad72030afdc08390	ledgercore-coral
yamlish-saffron	2.2.7	d4b850625d311b3c604a9d1723214b80afe3870cf2907a196713e573c5a4efbe	csvfast-bramble
metricsd-moss	4.7.5	a30bf19341cd05ad81ba5babdc2b56ec261e4126f99cf7683c14a41061229dc5	csvfast-arbor
yamlish-ferric	0.9.1	b84ed6ec20ee1d9e326db72cb28e004e97ae985926fe7a441043cc349b5da5f3	argsplit-osprey
retryable-iris	1.9.16	b361c7404ac0088ea4fa9dbe51587bfdc6e1273ff5deb9c956b9f24a96db9816	blobstore-fennel
