# lock for ledger (dev): name<TAB>version<TAB>digest<TAB>requested_by
pemparse	4.3.15	c5e5383692f4965bf55b618e94285615ec4779c59922cd422bb05c4c092c5cf2	direct
httpkit	3.12.0	68d1ca36299c2cf7b8428cebafe64009db212ce963fceb65ff76cde2227127bd	direct
ratelimit	3.9.0	3e809671818a5fa3be6a1b4f2bce8e079e463ed94fd4fe49be55125a5dd1cd58	direct
argsplit	4.0.0	ca45f91ed18542e4b2acf300cdd77d4e70b6304943d7685bfa6913aca5570895	direct
tinyjson	2.0.7	bbe9e1347f0f8b5cd566927183da6d173ef32613aca461e7bbd33391fddd5c48	direct
blobstore	3.6.4	ecc55c13656cb3cc8d4c12c69fb58ed59fc019cb4a05ff062a04dd3b66145457	direct
fsync-comet	2.4.14	2a0b6fa400fcdc3013857fc4ff87737be1930573a7f71afcb774ccd9085ad56f	httpkit
pemparse-anvil	3.6.10	a6b57dffae838ff371d9065e32f8660fe4df96b1d689e11dc90c8ad8f1106dcc	blobstore
httpkit-summit	3.0.10	7d41dde17ae2e4221c1db5bdeb728ee7ea56eab0614f1e3bf6cb820e8a3086ed	pemparse
tinyjson-verdant	2.11.12	419220d36c71c85244c4f0e6901f7211752d884bc6bca2bf1070cf7e54a1220b	ratelimit
tracekit-plover	1.3.13	6f7e5a1f9b6a5928b1e40d2a7988ba5808968bd70748b0541f1024773c5fea93	blobstore
ratelimit-osprey	1.2.3	73a67f504eecafc2f0ebbec8010144afe3e60e06ae01d2b0b1d43ded095cfb92	argsplit
tracekit-tundra	1.4.1	d094e8f0f5c136aaf9fc5448c0de3b9415e82cf198ec0300fdfbb41eb362a482	tinyjson-verdant
ratelimit-copper	3.10.14	39b15b23404799c5eb84d27b9ce46d594dd142d88232aea0495f125fbd7b9323	blobstore
tinyjson-pebble	2.2.3	a71fb441ac772bb0a1acae6b56572552da928b1fd86c541da5bdb1ca09c63e22	tracekit-tundra
cipherbox-flint	3.7.2	57f0761faedc9712a2b8bf0a8cc7f4fe6d084c5933e425d1976b231e7a7cf021	pemparse
tabulate2-birch	4.7.0	80a02128810e8b531551d3b1e42041af1c3b1920373d0ada81f2cf12bda866c0	ratelimit-osprey
csvfast-pebble	3.1.5	bdd92250cd9c36b5b3efd45511d3068990e2669c4a8665007861130ed40b64bf	pemparse
metricsd-badger	1.1.19	b14fa745e2eda79ab1e7a2f78df56f031ed4324de824b1b006f9b541e8c7bc7d	blobstore
tabulate2-cairn	2.5.7	45d0af8bf717724b5c3fbc7e58360dd85189f2ca9f75192245ff7e6f2b2b9940	tracekit-plover
ratelimit-jasper	3.6.5	5f930828e69225245dc4151a9493d445a670f76b7b504b8f6fd98cf9672ce02b	tracekit-tundra
hashfold-comet	2.12.0	2a39591df41ee18fb35f1ec6e4c7578b4b1786cecb1b3ddba40cef252c2a720c	blobstore
ledgercore-cairn	1.4.2	6f6e0e91680212682ec8346a57b97e520e78c904854a0f1e6b45e077485f2fa5	httpkit-summit
metricsd-pebble	3.12.1	2265402254b0c69f8ef4481e4d69357369b9122b47d4dfed6001f6d61d1cc17e	tinyjson-pebble
ledgercore-vale	3.10.17	b7b5f161eb3ca1426dacdd5d92daf47e9403153af163fca22c6810df334201f5	hashfold-comet
csvfast-anvil	2.9.0	55e242a2caf5299d693a8c3fc6376d8c6d063da5e2cbeb012db1ac89e4a99363	csvfast-pebble
fsync-raven	1.9.17	51ccaaa7a3bbf21b99a778e2c7b3ac6c99e014ab80aec5f0d83189f02bb92284	csvfast-pebble
colorize-glacier	1.2.3	a6d7efa8f3a9b770efa29e16e8afa3812b0c44b03a0eb2e25aa217d4d0935462	ratelimit-copper
queuelet-ochre	4.6.12	9a69ceff4f81cca95522966b3d21b212cf6719d6630bd85f9c758bf36e0a2c01	pemparse
metricsd-summit	3.6.2	54a1bc0d0a2ec36d0fd908e801d552730857a688b9a58b1a4e40c9be08128273	httpkit-summit
ratelimit-beacon	0.0.6	85a0dca57b676bdf2ff00bb8acdbf736c0447eb0a948e13ccf9ec0f834ca7b3d	ledgercore-vale
ratelimit-cinder	0.0.19	fb8e1f495f261eca36704b2b7746bca94c6bc2cdf613f908f537fa87e75c80c5	blobstore
queuelet-pine	0.10.9	0140a6240af77cabc26d788b8663b339898cb7bc740eefd68fa0c613abdb8669	ratelimit-copper
yamlish-badger	1.3.18	ab1441442353664d43aa6196bbfad3ada3f87a82fae656ed52b93b8c6dba5422	tracekit-tundra
ratelimit-orchard	1.2.12	20f16a793df44e9986440c8fa8dd4ceb7ee541e5316640d75587cc3bb0d18045	tabulate2-cairn
metricsd-brine	1.1.5	13edf7b6acb53963b749003bbdb449b34ab3b141e9242166e58c6a98a7b44237	metricsd-pebble
queuelet-sedge	0.2.17	635786507c95a70b03ad4d6dd5cc80e1a16f9e97fd264284c1ff7ea6f5ba3a96	httpkit-summit
retryable-birch	1.4.11	ae3d58ec6ae6555c9db6a3c521bd0d435a43dd15f94078a433b4caf23229a18f	ledgercore-cairn
