# lock for search (dev): name<TAB>version<TAB>digest<TAB>requested_by
blobstore	3.4.1	54fed2012d4bba830bd94b4f68f8d8535307d8e79f2f11102ba287aa4eedc439	direct
argsplit	3.5.10	9e4e09442ff788837041d3c50859e45a75913866688a67886229217f97686040	direct
cipherbox	1.1.5	1c06e92fd4cee3e8fd108bad6ed7133fad3ce3fcc05e965f2582e28fd065bfca	direct
colorize	0.6.14	8c0c230dc703a633f7d7d8db98ec64d02020d00acab0933bb7f90e0d60a24866	direct
httpkit	0.7.12	f9cbc9df39397d7f8cf207b89fa97c84e1406da1db5cabb45befe955dacc596e	direct
tomlet	1.9.2	b7cbfd4d0bb856ec52fce77a5c0da41fcbeea249e2b566e1dba26ac3b9917e06	direct
yamlish-summit	2.6.17	593df3eaa991e3e0c6e19ded82aa5ecbdfb95e1a2a20096eec98824534ebffbb	cipherbox
cipherbox-lumen	3.7.0	5c7668c6dd14f9abc93cb86ee971a4421d1f82dee3ed558dff984fba5a73eb34	argsplit
cipherbox-kestrel	0.11.3	b94fdf00286b72e327dd29b9c08f46288b2910679196603cde51035877b15139	cipherbox-lumen
yamlish-verdant	3.9.2	85c03f3978abebdc3837dd76e35fd17b59d6f4626facf19e3b08bef6a7c8ccfa	cipherbox-lumen
tracekit-zephyr	0.4.0	1f480ec264e027f1615138c5b88587eba8031a20ad66ca2970afe5d5e9dbef40	colorize
metricsd-reed	2.11.10	ac4edde463c2bec98985d10c652fd526ded905c5449579ab9cdd135c7e2c6b20	cipherbox-kestrel
httpkit-ochre	4.2.1	9978f2471aa6c0eac0e7cb7e2867faaa4081ee61d5b7aea475c8a9d679888c6f	metricsd-reed
retryable-falcon	4.4.6	babece6fc5b4196b4d4feae94e3d23d99d1a251e1260cad888c1ea36b0f0409e	metricsd-reed
tabulate2-coral	0.8.2	61976899b6c30436b1e97b638698f9d055e72dffc95f99f51627483bb36ac6f7	yamlish-verdant
metricsd-cairn	4.3.16	82c85a368c26b8038b054189c31ee8a7ec533b54c12fc03c5a9030403bde112c	blobstore
tabulate2-iris	4.6.18	c9afa8451d0c2330a0d86f73f03d0a562cfda0260c746b6119e96b8a2936a8f9	cipherbox
tabulate2-bison	0.12.2	fa2965f8a148587fc04d3c461c675c8cb473c1acf3cb6e11bde31be64d728d81	metricsd-cairn
queuelet-osprey	2.11.8	13b0da954521f2f8a4179ba654bd90e84c488390023c98bd356764b2c22705aa	metricsd-cairn
yamlish-quartz	1.5.20	a727c48eec016cd0aec80549ecf3f699562c9b4dcf21492d1c335d35af0f7d40	blobstore
ledgercore-flint	0.3.8	79aa92e9565ce0359903436bde72d33b9d2350efa404ee010d6457b19d193548	queuelet-osprey
fsync-bronze	2.11.18	2a957904e76e4be2e867ff25018897e16aff5764095ed0fb127c8e22b8408cfd	tabulate2-iris
tracekit-moss	4.7.14	565eb3546f32aa4d6f7ed557c4e099f3159e9479d70cc7ea819ea9d197074023	yamlish-quartz
csvfast-glacier	2.8.20	6ced1fc304278ce8d41326884c78023cb48583abde1896703b7187d03919b4a6	fsync-bronze
pemparse-yarrow	3.6.7	c356b4e15be6d56e43bd08a284c198f8f8d3b7932af63b6f96e0d48b52b71047	yamlish-verdant
pemparse-falcon	0.3.1	7d5852a24444725ffb3b28fea31c4dad4a70a0049a82c21b27d3bb03255643d6	queuelet-osprey
csvfast-auger	2.1.15	c9472a0a14c9bd13383c4d7c9b1b708b8e91fbbbcfd76bfe73b0ed393306f1d8	cipherbox
retryable-fathom	4.1.18	2ffc3e59f4514e27e1103bb6abade8e7f0918963b8f8766a93758ee274924003	yamlish-summit
retryable-nettle	2.4.14	03ba430154aa711738894ab059d971706e07d51c5f90c1095034116e9aa7272d	httpkit
csvfast-crag	3.2.9	443bbd4655d655c52176bbe14800ca33e3c1914ea9a94e2e03533198b172ace4	tracekit-moss
ledgercore-mica	4.12.19	e0a93bc7f1ff1f431b91efede7792bb3b7a8c988cb65980efebed30af6b42f36	pemparse-yarrow
ratelimit-ochre	1.7.0	1a3b5df4d1cc58691609bb9db3632ddf6306f1f590b9ff1cdc8fa558097625e0	csvfast-glacier
ledgercore-basalt	0.2.13	4328fca5b728a0dc24c878a72c5bd8259c94cd4e44b00892c4d958fc08d9035b	retryable-falcon
metricsd-amber	0.10.17	2e833cb8f49c9c993c5cb6bc47dcd80fa9d3c9c2a580a4038bc7cc9590692742	ratelimit-ochre
retryable-quill	0.3.3	74d1eb64927dbd3a8401572a8f7ed15e528224d28fd9d8451ab43cd3502c0c4a	tracekit-moss
ratelimit-kestrel	2.11.9	74aa0c9e004740c658f52a89cd153a77a7b02f5bd6744db12a7e6eb817ac79b3	cipherbox-lumen
ratelimit-garnet	0.9.14	969b303e0824f10de65c2a54a56782a84fd01bfe0fa21cee0e2eef65ecaf3f59	argsplit
