# lock for admin (prod): name<TAB>version<TAB>digest<TAB>requested_by
metricsd	2.9.8	f274590d17a67d68c782c5d172176b10cf7d1407535d9e3f97482764e0e4ca4b	direct
hashfold	0.1.6	ddc4ca7b7ad5655bab034045b2969f12f098a6bdb3443ff6781e43b3e66709dc	direct
ledgercore	3.1.0	3a63184d8616c9bc476e1c1437cc1f42ff4553aa0b916d5425a29d014a13e195	direct
tracekit	3.3.4	da81f3cea5edd44cf9b5e86fb618b306cced55a650dd85fa1c88fd057ef53a69	direct
httpkit	0.7.4	f6171f11be92c5f6983ea64e7b33286a71435527d89acfe92f49462d3986b08c	direct
ratelimit	4.11.12	84d2402def36b422e0969b73c724dee796315d518e71eea577b8c95bc255c2d6	direct
tracekit-sorrel	0.4.11	ae1fff4f430355c2f3372b091c62e8b487470acc57281310f09af0b32ba672c7	hashfold
tabulate2-iris	4.2.5	f3f48f6927e4be9bf76f2df97d7da69c79eaf206b4658d437dba7e068ceee0e0	tracekit-sorrel
yamlish-bramble	4.12.19	8bf553e7f94dd6e3ebb0f2b3f61c432129d29886e0a48a8289fb18d6b3d15e81	tracekit
blobstore-mica	1.5.12	815957f87ef51e49ba0599d9c20ffcb241f239bae7b3ee90ba996ad69fc31880	ratelimit
argsplit-granite	0.1.16	c211d81e83d9609d1fbf43ab602a4f8bb0e7bec121186b42a9421ca0ad1925b4	metricsd
fsync-meadow	3.3.13	152e01e9ecc3c1f5f9ac98f909aa969bf695415936166335ec4742bcadaa8abe	argsplit-granite
tracekit-cinder	3.9.4	0ca25523bb6a7bb1cd47ea3cbdb102db3f835ed675dabb34e6df6e323164213e	httpkit
blobstore-tundra	0.2.15	77e39e9093a8de28a9530eedda09fea91f347c8d2155e7ccdf0154aa609c4d69	ledgercore
queuelet-gravel	0.11.4	3010735c594e22ed68172b5d98685a72806f5d9416a68b37255c515a0844d194	ratelimit
hashfold-granite	0.10.16	cc83e497ac4de3a51f24ba824e628a68934f141379c0dd0dded56c11cd91459c	tracekit
cipherbox-fathom	1.5.17	5f0666267983fce5788479b3ffbd41fe1a3069ae3bed0d6ed0bf310048943055	hashfold
queuelet-pine	2.12.4	488f9272877293c41fd9dd47ea1f4e1acbccfb2318602d34ea20d192d91b657b	argsplit-granite
httpkit-saffron	0.11.2	c6c39b6abcc405db900c3d007db0e502e12ab7bd812babef77ff636b8a70a45b	tracekit-sorrel
cipherbox-plover	4.10.0	ad96708de4df5e01b6459358b39ceca54efbddcd35bd4bb67dff86166156c323	httpkit-saffron
colorize-spruce	2.9.19	c6a7cf86eef157d1f78741c2150192ec4d3d5cb0f5ce4c44f42f930ffd41645e	hashfold
tomlet-tundra	4.11.18	149596d45acdc6e5fed72c2ae1bb3e3bb01132349968af711ef7c023f2cc14b2	hashfold-granite
queuelet-quartz	2.6.14	2d5892fc9005b8b77be2cdf301816c3f4cd0f8c7844a411bd02d019a42750165	tracekit-cinder
argsplit-dapple	1.6.11	9182116ad821135c8fa0fa5fb06e9675946a3b75b2cfb4f18597a235159840e6	cipherbox-plover
tracekit-alder	2.7.0	51b310fb6f0a40015f690632d2763007365a29fe7521c90a930994437e07a9e9	cipherbox-plover
retryable-hollow	4.8.8	f25131d5291fd2cc4d366caa39de5c6aaae9b26085c45c502f795e8a7f254b56	metricsd
queuelet-rowan	2.7.9	2fcc77c523a5f5f24612053fd61db9555634339664780c540d3c5c12f0302caf	argsplit-dapple
cipherbox-timber	0.12.12	ad0098211a3132269e29ac98ac3f2e9835b103ad42ec48a5bd5511e70faee0b1	queuelet-rowan
colorize-tundra	0.0.17	88f81e230931b33f1b6727165997ffa124d3aab8966d40d53799587ba46adbb8	metricsd
hashfold-moss	3.1.15	de07bb909d753a0ec024686d302837bf0278e8116c0e5d0889917699cfcfa630	tomlet-tundra
ratelimit-anvil	4.1.15	a1a1fac63cbe9f471e5bbdd1de78efab05c7632695eb2af29c22ad6267f1949e	tomlet-tundra
cipherbox-pine	0.2.6	00968831ef62cce21eaadaa92b3bd2d060c9a4129e3c852b4865e06379747e82	tomlet-tundra
tinyjson-blaze	2.3.5	32f86d8266c7cc7e68ccc2259c8835180a40939215558536eb731268c09b924c	metricsd
tinyjson-osprey	2.0.13	74f95c8c16e59b7714143e4d6739b376e1fda83a9827e2772a34aa6d71ffa36c	queuelet-pine
csvfast-meadow	3.2.11	475370548407b568b498d37bd3c6d6ed4feff8f312b76eb930f3e2c0d972deab	httpkit-saffron
ratelimit-garnet	3.4.17	a3f083d3bed5a1d94e878bdbcb5282546adaeb08bae52a34a230d0f9b18c931b	blobstore-tundra
hashfold-bison	1.3.18	66eeb9bc6cbd243dd0bf2d4664b9005cfee8e9f889300ffd6c437084a9055cbd	ratelimit-anvil
csvfast-canvas	1.6.15	3139a818d4d75160ce67aeb7b0e5d0cdce8edfcd61238cd51e3917d14245667e	queuelet-rowan
tomlet-ember	3.8.13	1a3da363d53acf2ff00f7d48e65641cb3d88220fca58ebb3337dbc55d1fc0012	csvfast-canvas
tinyjson-anvil	3.2.5	40dceba2121a8ed4e8dfd65b2fdedefff9c61648af187c160621875e03d94b40	ratelimit-anvil
ledgercore-sedge	3.11.15	b5be7d1fcfb829d9853dbf7c8039fb07df4eedab3e58087a6f54a1aeceb48f27	tomlet-tundra
retryable-amber	4.5.20	87b66fc76056f26f254fa54321ce4e3798fcc15a4ae39f3476b335b6f81c9016	hashfold-moss
blobstore-crag	3.0.0	05433a95acbbc79bf7cdf0822a29548c67abc21bc665e436e2ffd2a815256e08	cipherbox-pine
