# lock for api (prod): name<TAB>version<TAB>digest<TAB>requested_by
retryable	2.5.5	f37da7514514e39414630149760cb038df83c89b58159ba53e2faa1bba82ac94	direct
tinyjson	2.12.4	e73226452ba975b927fbe821e35fb56263dca0a1b6b9be440d6a70a0d9f860a4	direct
argsplit	0.6.10	f01d3f80cb8e6cc0f3e3a5b75923569a331334f9a654f19edc56bc14f496e2be	direct
cipherbox	2.4.8	903cd5f60a3dae7a490ae0883fdd55a422da6ee319db7c7e5bd49dc13cec4838	direct
tomlet	0.2.4	70f5d93b54e5c9ae685ed71e53ef43a381562793997e33d7dc0bc7c9958b903f	direct
colorize	4.5.15	d8670aa1f728636725745b8bb3aed9725f7eb516f31772d47a7ae463ef637874	direct
cipherbox-copper	1.4.1	41085833e9db8b9961f1dbd3700fc17f947c6f04880f74ac779d49698a41e698	colorize
tomlet-bramble	4.9.16	ae24d04f31bfaef069826d6b37d7c9ee89a9b18209d02cdfd573b3959987f358	cipherbox
tinyjson-plover	1.0.6	49c15cfa8aa2dabaf749e887bd7b2ef9bfa31ce2bb6af23826fdc36c8c5e6618	cipherbox-copper
cipherbox-beacon	3.12.6	512a62136b5d678fb8e9d95c606e296c8e695268ddd3648a810fc4a9157beb1c	colorize
blobstore-pine	1.1.4	494bb32ef1a1980d9092df556c7e9328697378bfc9d9a171b128e73749d64076	cipherbox-beacon
httpkit-dapple	4.2.19	7cfd70af02540bbe5b056404554708e21066d69ac571a767962905d914d4e339	tinyjson-plover
retryable-fathom	1.12.4	7c892f660ed1375a311cd2035906863c010cac6f72b2fd1ad3b6f01f33475bfc	cipherbox-copper
ledgercore-meadow	0.3.14	f36b853c7057aa3266ee73f12539039053bd1ec19b63147a095982cee5eca6f9	argsplit
blobstore-crag	4.3.4	18fb715e64212cc284d1c244add9314b7a806a16d245bce61becff9739c5ceef	tinyjson-plover
hashfold-flint	0.10.12	329651e87c15fb21f80fe9a5a3d94f5e26fcc8d4199dde876c0f976ba6421e70	blobstore-crag
colorize-dune	4.11.10	9bd93a28cbb91cdafafbd774066af05db1cb89dac0b876faf5ff2d9afe2b8cee	colorize
fsync-quartz	1.2.16	29d24c786c614e52a76a566ba0f2a5458a9ca5bb415d177f9152a7baaae44020	retryable
tomlet-ochre	2.12.12	4351c722985866f151f7594655f28883fcdb2a304133b64d8190da3b0469ccd0	tomlet
fsync-sorrel	0.5.11	ed9e2ef8a6feffef06997c61eaab47aa5719e42dda4753703ca8318648f998fe	tinyjson
csvfast-glacier	1.1.16	40c8c3a59fa87bb5eb51492d01d4fe67d073a293969e30ed93ea173e4882b896	cipherbox
yamlish-saffron	0.7.16	ddac79a326cdd66c84acf1f3c5694405e04a557c8e8201974b0f489834cc6d3f	csvfast-glacier
clockwork-saffron	3.4.5	7a1d75b129ec48223cb89ac7711fb00e75a5d27e186150ea3f86388936a22690	retryable
blobstore-cairn	0.0.17	caea959646903cd5cd8b85fb66fcd0dbaaea4b9409fbf996024efc6f42f95542	fsync-sorrel
fsync-coral	3.11.20	7cf1d0d9bb944230dc92547c41e409b5be1d33e2cb3ce694a935400cf3596702	tinyjson-plover
colorize-falcon	4.9.19	23e9c3861258244b2a3e51fa82e44ef7c6f7aad3d6ad963431bbd78d2b820d0f	cipherbox-beacon
ledgercore-vellum	3.4.0	d2890165f14070045d4e1eedd2e6315c864339579c442fcdd4fd0a4a97d17fa8	fsync-sorrel
ledgercore-dune	3.6.8	ca946bae4a84952ace42f4ebfc8169b9b9495a9d8ae4d9ebc752a4662147ed07	cipherbox-beacon
hashfold-tallow	4.0.10	70a575c0b748cdec6dbb4df30f691a587ff8cd89fb2ab8581f0a4ccdd9f64349	cipherbox-copper
argsplit-tallow	0.2.11	91ba37a119f6feb27da5f48c7e83e8d2c516351216bd87faf2d5fd3baf757791	blobstore-crag
yamlish-arbor	1.5.16	6617ae57e80c33d3fe5a0e23c4c69669b98ef5020f1ead6b10441c951c2893b5	ledgercore-vellum
queuelet-delta	0.6.19	2c9288e029eeb1b90f5d226e91121cfa3ec6af4f9527d9098255076e63172082	blobstore-cairn
retryable-badger	2.3.9	cd9b2c542fbdb339480042a580b2fc44a15154aaed9ede461defdf4974125348	ledgercore-vellum
blobstore-jasper	1.2.9	937cd48a9a3eab8bb1f915ed178692022aacb16e441b97655d6d536dc79548d9	clockwork-saffron
yamlish-fjord	0.0.11	6a36d7119d57e3c4fb62aab5841c116b07d4ef012e7457cf6d30bbeca557e363	colorize
queuelet-crag	2.11.0	edac774dd31696adb27b11de11b4db9186d523585e719a000ea07db33bbc557d	cipherbox
metricsd-beacon	2.10.19	5827205f9325af09fef9b06a769a9bdb443cfd811cd1ba154a995594f77dfb48	cipherbox-copper
fsync-coral	0.0.5	3103a315721845658acc69c65f436e920ceec4af76483eff0d06fc2582774c4e	retryable-fathom
queuelet-aurora	2.8.6	63767ea0f23f3535bb30b0e4a0b7da1a95feacf851e4be43e28cb7fc7ee8b10d	fsync-quartz
yamlish-fennel	3.1.17	d09a66dcba200297220f6f2d6f9c403a65798a2213c2b5a7671c2d17b7b7f0bd	retryable-fathom
