# lock for exporter (prod): name<TAB>version<TAB>digest<TAB>requested_by
retryable	4.4.4	63329ed4b12044a325d6405c586d52149fca653bcb00ce3cbe5058a407d31475	direct
tinyjson	3.8.11	45fde3e8d21d6bd1709bd53c67a1f488672be90f69b0ba04d66134d08beb4eb9	direct
tabulate2	4.9.10	9e92d451a1a80f9f50cfbd586f313b42282c67fc6af3e0882faea60e15cca583	direct
blobstore	0.6.7	d2418f3d935b68a4155b6ef9b81f2f0171b706c75139716ce3f0e19e6a29d31e	direct
csvfast	1.9.12	15adc08762962a41c5b033f6601636f107afe0565006c2a880f3236363191c6e	direct
argsplit	2.1.16	d6406747773f2cb7697f464285c9efaea31002cdf45ff6059884ee69a68758f4	direct
colorize-kestrel	3.6.13	5c2e53d200e68a9eef007059da60f03bc5ff334231473b8bba8980bea3ca7207	tinyjson
fsync-marrow	2.3.8	754a6539623811ddbd6a18b62e29712897002b27e695bea7bc9ce147eefbf964	tinyjson
ratelimit-garnet	4.10.6	11f39f83bef3c052dddfd7dfbb322c9fbd5bdd3cb8431d06e3318eee36ca91f0	tabulate2
csvfast-thistle	0.2.5	a0268c915d2765c81af683321e5217596bc5b85d25885bab89c443f73418b50a	argsplit
retryable-ferric	3.5.2	b838975e3bc127a79376c8049100be32453fa25c2daafa8ea424ada9c7ecd753	csvfast-thistle
tomlet-flint	4.6.5	7929cbb7317c7f9ee5c68399efd5b0c31a5505e5c91a227f63cba82f48dc4eb0	ratelimit-garnet
tracekit-sterling	0.5.11	fc1f49d85983916d360b0a7a96fb24dd13fb3d8af22b8004a17fbb7a79741068	retryable
yamlish-blaze	0.1.19	f2fe7c47f81d63177a29c527f753a5965677de869cb4780634f97607662bf1be	argsplit
tabulate2-thistle	4.0.14	44ec725478f2f6bb04b4998f0fbbda1aa5a6710778412f1d76e2b45f4a93eabe	csvfast
argsplit-fjord	0.10.3	3944308da6dd25c8707a3937cc40c6ee42652946c1e43e38a608772d043a890a	tracekit-sterling
tracekit-zephyr	1.3.5	cab9a087592fc498f86585635fec451921db3c1f571de55a3b3883743f6d42d4	tinyjson
queuelet-blaze	1.3.17	e6fcd7b72233d003ed416c8b863b005b186b26d676a1db985e20eaed6adbd6eb	ratelimit-garnet
tabulate2-willow	2.5.19	95461b0dbf01bcb2c53181d90be92c4152f4af766be472de11d1da10ed8e9511	tracekit-sterling
tomlet-hazel	0.0.9	cc71473a3d82e73df467809d5ca9f5c33e3c1c2eabc003ad1ff97c21bc54f0f9	retryable-ferric
pemparse-wicker	1.3.9	0abc9536b7602286a1176965be4ef87a78675fd73f2adcfaaeafe0e77b7a84cf	argsplit-fjord
metricsd-anvil	1.6.20	65728d032ca72fa0d97c41a8d50c061853dd52435a3a062bc9f7e7463f6a8d4c	tabulate2-thistle
colorize-russet	1.9.12	322881f6cb3b258ed5b41cb8c08275510d710a0bacca4d1c57569a0a7c2b741d	argsplit
pemparse-glacier	3.8.11	e8ef8551403b51e0d0ffda6e293e0121052d28ce160d531ec11b9ec51d55d2f5	csvfast
tinyjson-lichen	0.11.5	f50c46aec48cdd93a7c6052a8b5c367670cb3fc5c7adca0b51e737d99226c1ca	ratelimit-garnet
cipherbox-cairn	4.9.2	9a301b7895c8f769e1f6d2b7affe924c5ae4ad6732fec96bb61cd4ee2bf08679	tabulate2
csvfast-ochre	1.11.8	e7ce855233318e7037703eb30b559e4e7939ce0ec30e48a450987559a76a78db	pemparse-glacier
csvfast-hazel	2.4.7	9f296230914233ef3d070fc914d45f00524b3d6e41b2cc246a22fd04d95fc282	retryable-ferric
hashfold-pine	2.8.7	81ec71b854957fa8451be45f772dead3e8de594d9eae932f8eaf8e98887c1868	tinyjson-lichen
retryable-balsa	0.3.2	13a73940d1875e0dae1b737d0f6c27516a950be7895edcba807f431bb9396292	metricsd-anvil
colorize-heron	2.1.9	8be6eb8965bd9d96b929d89537dc578199e625f3394597b7424b12f564a7a76e	tomlet-hazel
tabulate2-linden	4.0.18	1b73e387a93e5e023b62329ab2f3da4383f1aa4d79155a7671749e0888a43895	tinyjson
retryable-wicker	4.10.12	2abee4a82c758269ab7b4b6574714ed8bfa83363f147ff594f831da4a6a6582e	metricsd-anvil
blobstore-kelp	3.2.7	260107951287f36fc7059463d965a39e47c148452fde3b16650d9a466d99811b	yamlish-blaze
yamlish-ashen	2.5.11	28e1abd7e5493cce2eeffa9930e483287a26b7cc4864070030aa236aa83ed881	tabulate2-linden
tinyjson-badger	4.1.6	422f184d852c9c0f78811c36236897eb8bf4ee3490311674c8f930a9a8c85321	pemparse-glacier
queuelet-cedar	2.0.20	b8abac8e9d26376ffd47f66d31d45edb2388096fb83315635666e83accc26315	tracekit-zephyr
retryable-lichen	4.9.16	a1c7c9d534eb96b896fc1ddbf139510ebe162db1187a05e696f512a2ec17b19d	retryable-wicker
