# lock for gateway (prod): name<TAB>version<TAB>digest<TAB>requested_by
blobstore	0.0.20	8211337a8620f200d428ae808dd7e1eab7e2dd9dff4e775539792726c819decd	direct
metricsd	3.11.10	b178bff0871fefe1ba602a3af7b5e9127b0afa06e3e5fce86bd63e7732490e28	direct
queuelet	1.8.1	a7426df5557e58f62fae8b4afe60aa5a490c40b026f02470f74d3d87beec97e2	direct
fsync	3.12.8	6b746c86d0861517f398cde36e31336984b19691781a0153d453faf332affb89	direct
clockwork	2.8.6	d462c9e92e0fa7a0bbeeee706e2c832fcd13189422b4088ea03f1ada6afac45d	direct
argsplit	1.0.11	fbcd84ae6964a67dadc8701fdbe2522b7b1df61444b9ccd54cb9fbff015f441c	direct
cipherbox-walnut	1.1.1	55bad3fc9790d2bf7badad9ccbe105a1c50a5fa7d287f02612effe1ea8c12458	argsplit
pemparse-avon	3.7.17	a1511c88e59ef67d70a4ae95d81ffab2838964d5b37675e905c63b15dedddece	clockwork
tomlet-kestrel	3.6.19	77f5c6e4027f6c19fee93892a119b0b874011df41a5b87b0f05d2e30d947ba2f	cipherbox-walnut
retryable-iris	0.8.14	68a5c555ff4e720d857a4329821ac5272f9455c8185776d965f02c6ace140de9	pemparse-avon
fsync-dune	2.8.17	c1c1792903b02d0b154de31778744cfdee95bd41b56fced8887613de0d79cf82	metricsd
tomlet-beacon	2.8.8	57b5b50c4096d78cfac43213d038553bfa1e15f65e386aa6cfafbe2046bc839f	cipherbox-walnut
retryable-birch	1.3.7	aec8620843dd777732be1821018c746c272ea2416cbc7efd07c28f1ea5bc3f62	tomlet-kestrel
fsync-vale	0.8.19	7718d1ab53c8f005e4f902790d1eabf8024b644855327ec9c1359582614b5ddf	tomlet-beacon
cipherbox-cedar	4.5.1	d87d62cc11a47a268ee1f4e986ff922fc94a3cf95d377ebddbedd0017ef41aa1	pemparse-avon
queuelet-bramble	4.10.6	a92fb8d09bf2137d40498c5d298c59b5209f8d298706978be52f5115e5e6c8f8	tomlet-beacon
cipherbox-copper	0.4.20	64c08f560f4a575e54dde8c041d28dc5f29b7e6a5cbca0d115762c9621a404ad	cipherbox-walnut
clockwork-arbor	3.11.3	dc56765fbc5bdcadbe4b7340be14a41000dce86b43754bddcafee34ffea33911	cipherbox-walnut
yamlish-bramble	2.1.0	dee2b277da3f1a488de4298d5899202ff7df4fd7526b998cfef252d9a8b2d98f	tomlet-kestrel
blobstore-timber	0.7.2	3537b3dc8cd4077ead427e6bc4cc2ecc9a1e1319b4cfdd8660e3d5210cdddf73	queuelet-bramble
ratelimit-aurora	2.0.13	6f312732f48eada479b49aa277938648ac66f3440f82204475b7a66e18e7de30	fsync
ledgercore-alder	0.12.5	4232540c5468644df4261a6d9e0518499fcf7d2e65e919a1c18c8938014d03af	yamlish-bramble
ratelimit-coral	3.0.20	4d630e983637b0b448d174b2d20dd0b502ffc661ef014aeb4ac852bd7f0f7cd0	tomlet-beacon
pemparse-nettle	2.1.11	add24e96eee4e1cbfd0f63604c346c4ae444c0176f5c66b4573ecc8501910ccc	pemparse-avon
fsync-granite	0.6.13	6335dc9a6ab108912a7809d9984a128f547b19e5693b1e20af49eab7cab21e98	ledgercore-alder
yamlish-flint	2.3.2	85d3d0718ed8592f438be75bfabee59b8af4bd6199fabfc9b5ac8e6980634634	fsync
queuelet-alder	2.7.16	e82ab91628bd444cf13136010b1b00849187c4dce2e2b5ad1a6d13a4fbc73a96	clockwork-arbor
ratelimit-canvas	2.6.0	0945b9d3d15232589ef38ff3224364f0c197ebd1f1d5ffdd5e553b2e3a92c415	tomlet-beacon
tomlet-topaz	1.3.13	197e926f5175e9c5b0f69cb21efea322e936fecf5e021ab037ab11c886993a6f	fsync
hashfold-slate	0.8.5	b82f3da21335b0c8217fc318e54e8da1c036d264e43d9d25df199592c4af7733	retryable-iris
blobstore-osprey	4.0.18	68b00589eba937dd1873a86e0e99a73c7726c5238af18fc784dae27270b0a979	cipherbox-cedar
hashfold-cypress	1.12.17	f64fed2ce12c18cb89d3c0cff65a9fabed88a8820b0804f2be08fefd27e15634	yamlish-bramble
colorize-badger	1.2.4	7bab01049f1a1f3d2943d2f0010ce2ca060029fa18b2019f764cf390fbef6d64	retryable-iris
yamlish-aster	2.2.1	f389d4ae2830de9182cea6f071b63cc08fa4a5617c71bd6731fc4550951605f8	blobstore
blobstore-topaz	2.5.5	56b688798b34f4d59c21d31362ab1bddcdd0363b64cecd4cfc624929ae698c52	queuelet
retryable-mica	4.5.12	034a386a632bbe79856e657c92ada5581ecd0dd870507060cb32aa281a6c69db	cipherbox-copper
fsync-dune	4.7.9	7eb29256a247cab6a1d895e6bee744cb78348b5c255cfe71ee07f6f4ff1850b4	blobstore-topaz
cipherbox-summit	4.9.2	6b2b6bfe1d0f7e07a34a5fe6f148e638c0383ad8f3fc95f77ae0beab57198890	fsync-granite
tomlet-willow	0.7.15	de0b7dd9005cea8d8eae049fe9de0e6af82db27856c2bed4c382c15441b17005	pemparse-nettle
retryable-quill	4.12.5	9d42093e491778d7b54af2b9ec9b8a0867e15161e51cdfbb31f28e45d0ebf29d	yamlish-flint
yamlish-glacier	2.1.8	578fbe9577d8d046e09e6d076190dea12574d23ca96caf0ef48c0f1bbb1b2823	fsync
csvfast-fjord	0.2.18	daf7bbf2eecd63af61b6c8646c6f2e549fb680529292e2873d88b887116fbafc	blobstore
tinyjson-hazel	1.4.5	82f9ca176b677962a23d96b2133c7e4ef46e344aa48b2fceaa66a6ae02886bd2	yamlish-bramble
