# lock for ledger (prod): name<TAB>version<TAB>digest<TAB>requested_by
pemparse	3.9.13	4569c521e55c69c96eb49b72679760a4555ed1adb2eba9dc4c93bb86aaa36eb1	direct
httpkit	0.7.15	f87a3d887fc8226093e222e99c9e1857c92a2b7d06cc2da0c9f88dbba8639b96	direct
ratelimit	1.2.14	8fe5e30bc5b4aecbb017aa2c0a3fa50ae5f702c01d2b4aa547fd1c3f89825603	direct
argsplit	0.5.6	dce369678417cd50e74227c1f2565a4a8c25d679003454796d53dd6fd5c8f57e	direct
tinyjson	4.11.18	90d82158b45ddb72a5f48646a3694d079e666869d625b14121123e9f3c201ba8	direct
blobstore	2.11.4	0f4c100291e055d316dd210ca771cf8ef24390e11355a9bdb709a334b321fcea	direct
ratelimit-kelp	1.5.9	185fce1af390408d3e7e3467cd3d8c7a10ba273caa514a62965acc412a77654d	argsplit
tabulate2-aurora	4.6.12	460a93e34f7478b419cf5fbb1a3df22489d4ee8d3c3e2d9eff58d0905accb22c	ratelimit-kelp
cipherbox-flint	1.5.17	bf31c111284470a5fe0a09c425340a68896450e2a163aeba74b88274d6283cb4	httpkit
yamlish-fathom	0.5.4	8a9e575e3983bc61b8d244451ab798f9266b73a2842dd6327f40ab661d2fe1d0	tabulate2-aurora
metricsd-lumen	4.4.0	2f5bfab1bca487964f793e01889a910b991400cf0fa90acf178494cf85a01730	ratelimit-kelp
httpkit-iris	0.8.9	c4293ec47d6c16d7e69a18c2c705de736bda30faa9a7fc2d3911dbe0720083da	tinyjson
tabulate2-shale	2.3.12	8ab9986fd8a01d300670b3dd2c12fc0a709a78d69fc5477e84a375bc4dc03069	blobstore
metricsd-mica	0.9.10	71490eadeee7be89bfd052c1a51ba4dcef5353ccc32020565594ef1d5660f3fe	blobstore
ledgercore-umber	1.2.11	4990f61776e457786b74b80854c01baaaa3563d94ae4d7b12a1ceccffea893b5	pemparse
retryable-cinder	2.4.15	ac8b05bacd668ddafb5d91bd206bceed15ddcc3798cdf93d33e5b7f6486519f4	ratelimit
tabulate2-fathom	4.1.10	17e6525c8e9eec8fff76d31b1a469bc6a42993d265954829d3f21a4155a73320	tabulate2-shale
colorize-rowan	2.3.18	c437fa60e71f47f2ad02b61841ecdb94ef1c9af4819a69230992d53c49d05151	argsplit
ledgercore-citrine	4.1.2	0004ed420bc64905d23c1d588f427f8ee663ffa021b2b0e1ea4129d8399a0e7e	yamlish-fathom
httpkit-sedge	0.10.7	8291a8e8811e8d77d5be72e21c78e166ec9675fe4caf075484bfedfacd59b1db	httpkit
yamlish-sorrel	1.11.11	229e86f0969b448ab60bdb7557cdc2514ddb347a5b41d738983fc910f0af9553	tabulate2-aurora
tomlet-granite	1.0.5	b242431620c603c154376ea2c470783393d27e498b7905136f31133bd8848089	cipherbox-flint
colorize-fjord	0.2.7	1d069bbf8d0620409d706027b64ff672af738d396d8f59f6d9ca8b772f640cbf	argsplit
blobstore-ashen	4.12.10	09003e515cfa27d4ed7702cdfe45ce31fa855a09cd44f914f73910214ac8b3ab	pemparse
httpkit-auger	3.12.16	3b017c874e4e639ef2070b6d0ed8158c71d2804f9ab725f35fa12a6f909e03d4	blobstore
csvfast-quartz	1.10.15	9603ac805a6b842122d26d5ac9809a2c1e214e63392bcd1a21018da922705241	ratelimit-kelp
yamlish-tallow	0.12.10	a00dc8cb43bd9191c259ff60b14ee699c19cb7165571eee72a64f76d4eae7bc1	tabulate2-aurora
fsync-aurora	1.10.5	118e60f8a2ae58a7da9a50bb8e6d0d9e99890fd0f61177c140b74a91b030e885	blobstore-ashen
pemparse-jasper	0.9.17	6df008644af7bac1a674b065e076394db2130e7389dd4b89fcae232d5affcb7e	blobstore-ashen
csvfast-verdant	2.6.17	d06e188add4e8414b378b2ad9cb4fb0316a1e87f4001f046777e055c20343d3a	retryable-cinder
metricsd-rowan	0.4.15	e6ee10910410ca8cfe8e5e1eb8931dabb81857a8999a3e80255f213e9dbb1514	fsync-aurora
colorize-harbor	2.7.9	eb5b3ccb786a7a939a99af2af47593189ee8a86969eeb98899745c6826fe4cff	ledgercore-citrine
queuelet-ferric	1.7.2	739897cddd9d450a8c6d920fd8c68e8359330613d154e135c3c6df2af2683c0f	pemparse-jasper
httpkit-orchard	1.0.6	e7e150212aed22329f77275423b415cedfd2c04e3f028326739b4e0a746fa8d3	cipherbox-flint
tomlet-sedge	2.1.12	5791df16bb9f2bbad6e5c203553c29519a30ef03c69544e1f2a35a77a00222f2	tabulate2-fathom
tracekit-delta	2.9.5	6390fca33d912836a900cd424cd97da2965d3bb6f0c510f7c7241da783145af3	fsync-aurora
queuelet-ashen	3.4.10	9a2d02571c5469417aef6a621b7b1b10f3c61360b9d7addd816381cee55e7ccf	httpkit-orchard
