# lock for exporter (prod): name<TAB>version<TAB>digest<TAB>requested_by
argsplit	1.5.12	83a32fd188fa68242b662d988c5befd0e1c32e5d47274aefc330a993a7f8b0aa	direct
ledgercore	3.4.10	68016be583d83265f1502df592405a391e7e40fd6051e20e13707c5e3f380a44	direct
retryable	0.3.5	2fe22e62e68e0896b19fbb96d379919af2642fb57bb89748d06d8fedec74388e	direct
clockwork	3.8.2	6f09707e80e6dc71f5f8ccbb2501d22ea5eec7f690be4f3b27f6d2ddc7af02e9	direct
tracekit	2.4.12	c47952c75944fe142c69e9ffe37ce767ea74c9d0579c7fc9f08962410b4b2d8f	direct
tinyjson	4.11.10	489d8206a9e663c462770fd36249942298534526f1d62c25d10a1ed501fd983f	direct
argsplit-birch	0.12.10	99b0ac4ef509e4c469b1af557c515b9b6c8206a6dc82c742eb2ef8edf0fba30b	argsplit
tinyjson-pine	1.7.1	0ecea26a1999df5145386c3df28d906bead8d21a760596855f83fa0974c80a09	argsplit-birch
clockwork-nettle	3.0.3	2b26defd114a67f9e896cac26f5a88a832831dc1e0d9e4c8619109ec228bc1e3	argsplit-birch
ratelimit-juniper	1.6.15	4e36f140a4460f3ec302d705bf6bdc0d6da3bb5bf08c33739a6cb552ea5bc871	clockwork-nettle
ratelimit-pine	1.1.20	6049c8d3910cc3be236422da49ff80c28cae86936b27b5b3d4ae6c37bc46d347	clockwork
retryable-meadow	4.3.1	0293643f3d62efd7413ba36a62a6bba18e1b1bc3fd065cdd4c91403f63379f9e	clockwork
argsplit-meadow	2.2.1	9770c30f531cbe003d72b7878022933857328fdbabeef979a0b68017afbc5ed3	tinyjson
pemparse-juniper	4.8.19	09dd977bcae6f773ff3033574f7e45864b70b255b17c6e3e03f4efe344633388	tinyjson
pemparse-amber	1.7.17	2604a6ebe025a70795a4332c6acb45a3a90e29f6c40a1f358059f916e2164f20	tracekit
blobstore-juniper	1.4.13	3112b05582fd58aacf6306c500fcf801bb98ff93077c39e156cbcc9a13b51862	pemparse-juniper
httpkit-cinder	1.6.11	95d8142892b2bb3c644f06c25d3960006fe17d76d58a91f152cd530b27204727	pemparse-juniper
metricsd-blaze	3.6.20	eda1b98ffe654d87ea490fbed4cf7b6050bbb923063c1f40671d55966ebb1144	pemparse-amber
clockwork-heron	3.8.9	69c56c5d18b7b6d8254e87a4946d11d514d5a0ee60d45db48fbbf428e7090973	tinyjson-pine
tracekit-blaze	3.7.1	0f23c68f5a61e5ad5f7b4941aaa36b620ab42c2913f74cd95a49c29607f8aee9	pemparse-juniper
tabulate2-sterling	1.2.0	d4281959f99d5c677bd3133754994edae5e7462242daec94c6cec89af9a0edcc	ratelimit-pine
hashfold-dapple	2.8.1	c13621a2b7eaea700112ff256c2e17cbdd36baf931e317e4dae32badb0a1bcfc	retryable-meadow
blobstore-copper	2.3.11	df3bb1fb2a87c4a422b1b883d3297eb3db05e9afe4e6d45d14cd145e18f3fa76	argsplit-birch
cipherbox-hollow	2.2.1	d9691923475749e53a77bc5e8bb0612a656d624c26bbf0227addf9de092f8dae	blobstore-juniper
retryable-yarrow	1.7.15	d0136a9a8d0a7b3adb00a9cbfa02d7016121d7a58d06179c6deebe9aa82b076a	argsplit
hashfold-marrow	1.2.6	8bef4d03c9e5f09a7578d327899879c79c03b06aa173f28b91c16d625a685cca	metricsd-blaze
fsync-shale	0.1.8	10b5ea5a2587c100490658e1d50ba9b9f1e4aebe0535a47f1627f4fa8af52c61	ledgercore
blobstore-jasper	4.2.7	98e2db2e87beec6230bfc94739c77ce0119c50d2a0280d818a25966154d9df09	hashfold-dapple
retryable-pine	0.11.0	dee1956ee7a9097802a68b5e1c26bfec29e17849654572071fa9a8632210f7e2	tracekit
colorize-cinder	3.9.0	92306dff673b47d8338b3a52c7399d6c5e367abe37ad019bbcfd9d8a67a2f683	tinyjson-pine
yamlish-ochre	3.12.13	c5f1e05e34be4266169f78fa1840296de1c63548705739b95f1e6f01fd2f1ed5	fsync-shale
csvfast-delta	2.7.0	a3a00538814a3e70facbb5de25a63811fa46585f5861e35071b9bd589d924e81	retryable-meadow
colorize-willow	3.6.1	25b31056c0b8469d40591e7947c081e13194d9d7a7a951808e8d81ee47a25b53	tracekit
tracekit-harbor	4.4.18	82f91719c739f8a6b1e9006b597bca547e912debf4e333e9318342855d9c4d15	pemparse-amber
fsync-pebble	1.6.8	17ee817642f3e456847e159a96608223381a3155e12ba2113c5d907f5aa8e39a	colorize-cinder
pemparse-glacier	3.4.6	2ebcd89d6dab2a0bd66681369a3a8cc76233661407e3627f13e8d91742da773d	hashfold-marrow
