# lock for gateway (prod): name<TAB>version<TAB>digest<TAB>requested_by
argsplit	2.0.7	5813944a099f14d338ffb374e9e80d9bfc2b31dd00ab43c9d238ee99ffb40c67	direct
colorize	0.5.4	6d9cf669cad51749dd5ab04779af4dd50cfa1bff20c4ce8f26e26e72f6dba6be	direct
tracekit	4.6.5	fdc66c83120cb3fd9eadad65e44cc68f7f743cd8bb1b9dd8c47ad6c8832918f4	direct
tinyjson	2.5.6	3a5eaf4fb545cd993bcb8fb2d0477811155e7eb1399044f050575dd53d2a14e5	direct
clockwork	3.6.6	25a7e0e144c4f259b2a224845c66476f3f559e2d2a68338d99725b29c0ef3ce0	direct
tomlet	0.1.12	2ee16bc2e50d8801433df3a59a78c2df04d0745d901be345bb3bb777dfdb0a3c	direct
hashfold-tallow	2.3.5	5940adbe719c7f24ec69254e43cf5c90715eeb7d8398d546968665726004e9cf	argsplit
ledgercore-ochre	1.8.1	8d79b6befcf46d8b56977f6a3c9554a9158355007361b2dbec77ce6ce8ff760c	tracekit
colorize-spruce	4.6.17	1b0fc0b33898a171d0cb3408ee8c2543c035e390594b3be18cb79174c72b7f0d	tinyjson
hashfold-comet	2.2.4	1f76c2d17556526a8c481cc98d27d4e6d9fdb837789a74d79b56fa0850e02818	tinyjson
fsync-tarn	4.4.5	7396fa992e6b50a986fe3ba6ef453b693d6b8e59cd2cf5c85d4f83335b8b5567	clockwork
tracekit-lumen	2.1.11	ec7da710a485d6be5c0c5e4033254b4da0c511f58e6b4b1ddbd832b01d00aa54	argsplit
metricsd-kestrel	0.3.15	124882be4e7c483406e15bb869be0a3b66e569726e7584090fbc1ba2df14c3a9	tomlet
ledgercore-aurora	2.1.14	989daa8b1367af6d881b519c426ab05b7e91c4d4dfda64e72d65aa15104981cd	colorize
csvfast-dune	4.7.19	ae8ec1b2f1b7ae82e440b6b4ba7a5787c96b3a813932a25c2e7a1b67ed997159	hashfold-tallow
argsplit-quill	3.5.3	8eca97f4cba224fc598c1a7206074fed72eae1bb53691aff3994b9ac9627fe50	ledgercore-aurora
retryable-cairn	3.1.18	0664a1af78e1f7ec21ce92595fb7fa76612f29776337b84eb79ff2c24ec8c6f7	hashfold-comet
pemparse-alder	1.4.16	b213c0c7c3915edf35f202f2a2a5f7974762ff4591a5b1bd28665ae3ecfc10ad	ledgercore-ochre
argsplit-shale	3.9.17	7da274621864256a41ee7f0e708cdd842d72f04638a078545cad8ef0ebaff18c	fsync-tarn
clockwork-willow	1.5.10	e5923a0ddfe4d86d2899d96889cc83434b26f237fd3f36f13c95dab20814af13	metricsd-kestrel
metricsd-cedar	4.1.16	4367317fd2f2a5ece2cf661823f5ec3b8837c39157a14246428237dc20c5f4c1	ledgercore-ochre
blobstore-aster	2.2.0	fe4c291219e732b09839240054a5f493c4b1c3e5f8dcb349173454a00cc5f15c	retryable-cairn
tabulate2-auger	3.9.8	b85d3923258f0d403d8f6e00e16382f79586a0ebd9aa8499de0d6e9e1bf7cd51	fsync-tarn
clockwork-pine	2.11.0	d88ce4beeafbbdc6f9e6f1d083dd6b9eb619b4ab659a722eb09615ac9079c7eb	hashfold-comet
hashfold-orchard	4.6.20	080292244df1865120184c4b0e1bbd5c2840ffdb46dda8b2fec07572b2221ae9	tracekit-lumen
argsplit-marrow	2.9.4	db57daf85e19f79a963fec22511e8bf4b3cc092cee9a4a17bc189ea5a3c5190d	tracekit
argsplit-wicker	1.7.3	76602bd0675a60a36e1b0b14a57c1951ef3b708d7c97a0863834ad3892ce311c	tracekit-lumen
metricsd-falcon	0.3.18	f05f9de177244fa07275610241d5578cb42d18cff37c4eff98656fd809f72349	colorize-spruce
retryable-bramble	1.7.19	fe618cf21b26591906e083de855048ac8a29c09f58c7b6d3e050eae11f4e8101	clockwork
queuelet-yarrow	4.4.5	82abd21519b9f787585fb90d96f89f5284767eaadf86ee334e2cb790fd884d9e	hashfold-comet
retryable-meadow	2.10.7	9bef207a05b91e510f088ec05cc4eb1bbe88946baff4a2e253db338c2a26c295	blobstore-aster
csvfast-verdant	4.10.13	2d95ad43c5e381ca6ad4c39db8828753e4db134b47b0fdd9c03952d570b4bc70	csvfast-dune
blobstore-ferric	4.9.14	336e589fb2cda33243e477fa9329084d09fa2a0b842a33c76d065e9f1e643922	tracekit-lumen
tomlet-bramble	1.7.1	441561b7e2c839b2a164d7c0e7dae5d0235eb394152636a7206fcb7d23c2e5f1	hashfold-comet
retryable-garnet	0.1.10	030088d8b5de69c245984c61e5a9ed9e68dc937b5f26e51d989d534d16d32014	metricsd-falcon
queuelet-jasper	2.0.20	ad30a2fef20c1fcc83e0c7f5e8b182986161422c8b468ceee99964fa31788d06	tomlet-bramble
pemparse-marrow	4.12.13	efba06b581ef2dcbe3654f7ef2aff942aaadb5500309ddff29da21cd6ea1d2ec	tracekit-lumen
tomlet-mica	0.4.1	0409fb90978168dd721c0cd6244ff923196f8478854ba052eb5bc2e31d4ce63e	blobstore-aster
tomlet-tallow	0.4.11	09c33e4cf848f0f63674bc7a0feb140e18ebeb15f7200bb254e7db02d49c27ea	tomlet-bramble
argsplit-moss	2.0.0	4eb9f349ee010ad4c656211f8251cda1e4468f9df7af7d78be56464958192b8d	metricsd-kestrel
hashfold-cobalt	0.4.10	8a863170b2561b7f5fe2aca8ec6dd07623edebe3ffa10ef397afb67cf3f843fa	argsplit-shale
fsync-bronze	0.10.8	d7b5732a622fc12cab5d51e0fb166a199d0f6358f5644915da97e22cde9198d6	csvfast-verdant
tinyjson-nettle	1.6.2	0e4d8f81bc2f47cd66c3efc673682f08ef42a801412d707238c07ca6bdf38659	clockwork
metricsd-falcon	3.7.6	c82f1015e76204899f57fb073603cf3bfaafafadf4c515dd1b0b4e28c3ce3dfc	retryable-cairn
tracekit-granite	1.5.5	1acc0305de3b9457e8f406788bc2ba09d6e16d3d20ee969c6657f94a064f06da	tinyjson
