# lock for worker (prod): name<TAB>version<TAB>digest<TAB>requested_by
tomlet	3.1.14	4e95afe9768a6782c0ac90ac19bfc8e7b0706e418744bb9bccd717082b650c8c	direct
blobstore	4.8.9	0112f00b4fda94dd01c7c666e5bf01247222a8238815917702b1e2e209823b1e	direct
hashfold	0.2.13	44f05e34d2772daf345f69eb0bd5d14c972a9ca3b79a3eaccd3aee35e604d73c	direct
ratelimit	4.7.5	5ad1b2476f0d598da73e26dc0fc906400a1cda2aeeff8d98d3c6066d0b7be94f	direct
yamlish	0.11.6	3a9dc0932fdc504287814b7bc07091868511e1c52a5c4bc573a2718c064647a2	direct
metricsd	0.2.7	17c4a078e4d658fee265f7b3a04f81f467d5801995a8c9bc92b262e3c408a9b1	direct
clockwork-cypress	1.9.3	be533d11c1129090dd2861a705b0ac4009ae677d8cf502ee050a752e41710c98	ratelimit
queuelet-bramble	0.2.7	04d4b36181e6de40d88b5004e49e7e9bd4a108ca06f0f304abb9dd1ee6a34018	yamlish
hashfold-blaze	3.12.1	20ab706482d20d23c9dd724b5054a050a48f6ba72b133dbb855050a1d63a4469	ratelimit
retryable-tundra	4.0.17	b2c6436ba348752b3611256268a6f97fef01c59019ca092173fba0dbe6f58ad1	hashfold
tomlet-amber	4.6.14	38847ca693b1dc312861f3e21d507b44ce62154f4d75838fa82b0ba12722b668	yamlish
argsplit-rowan	3.12.0	a39ce21a1e463373d8a25567561371d24accf25c10afc0af23300e7b84d16ffb	tomlet
hashfold-ember	4.12.2	71e6da59e52a38ac767a9f265722d1bef62c2e63f7152a8ae9485e2e78e8c652	retryable-tundra
tomlet-cinder	4.12.4	08a1b37641db5c989207e6beff6c80ece72359a701975a44e111acc4cd8d2829	tomlet-amber
fsync-tarn	2.7.15	e9e5af90fb8445e520e3a554bd06acbd780cc53be8b6235053e53d0d036cec8b	hashfold
pemparse-umber	0.10.16	1cff593f71cf575dd3f1b139ab626ab295c261c8909a46d70a5235c72d779e70	yamlish
httpkit-ember	4.10.1	3f4efc16f43be57257d8ceab7ff92f3b589778faea89fc0490047fae019e1bd6	tomlet-cinder
metricsd-aster	3.11.17	1a95dca36ae8d08a586b72fe1f3d3905a477d84065ea4ff663cd056829037446	hashfold
csvfast-lichen	2.2.1	a6372e3b9eeac67d936d70629b9d8bdfdfb60f67014dc4e750de770a2f170a94	tomlet-cinder
hashfold-reed	2.6.9	6058f31849d168792412f7d095f4c50d31ff68c4435bd44276168c9109c4557e	metricsd-aster
csvfast-ember	1.4.18	79a9cab417039eb006786885e82f7239939bde39dd55ce650248f36ba93bb8e9	tomlet
pemparse-tundra	0.0.16	ea12c81dad4db66fbe00d53171ca9b7ae2527da946ae371b769435ae53febaf7	argsplit-rowan
colorize-auger	0.5.3	a9173a23290caabf206ec24901073a2c2ea8fba19dd112440e0a4003792987e7	tomlet
tinyjson-quill	2.12.12	bb065962a0c3d68e27f22cc4a39e9676f1690e2aff3ac3d087a2b17f603d1a68	clockwork-cypress
hashfold-brine	2.6.0	722495b1d731c7218ac92692c13e3d8a5a9ef42b4e28768f33ec811e7ba23fa3	hashfold
metricsd-avon	3.7.6	43f23309ab8385d8ea3198b9cd0bdf27d52ec4fcaaf62ef75c44a502c47f6ac8	hashfold-brine
ratelimit-wicker	2.5.14	db061c98e83c001c33c7f008eb3a28a5b128712b5c57bb62db79d935f48c9a0d	tinyjson-quill
queuelet-bronze	4.2.14	53437589c2be95c6db4cb75f2ab2e268cf51db954527601c8ac02237b1dc2664	queuelet-bramble
colorize-copper	0.10.20	8d72c5c54e52e107470a747098cc8b07f4e25624cb6988d4d047e3221eca3711	blobstore
colorize-beacon	4.7.18	be793baa21cfc18d3b72d6611435a855f33b54cff7073861cd439c86b75f2206	metricsd
tomlet-iris	0.0.9	38ee5aed30e6d154e51f29142913853b2092f58e92ad3a38068ebafd0d08e255	tomlet-cinder
hashfold-alder	3.12.12	8789357beda1240aa42e921010ca307583002f8d2e73ddd2c7d28776a49a1187	hashfold
httpkit-fennel	3.2.9	c66bf0e8452c5cc7f40442ea967d49ba14ea6885ce94a5b951e5977eaea7d70e	csvfast-ember
blobstore-wicker	0.6.14	acf1a9a13371b1be6d5e80dac4b0474e21b73522bf560eb0a897e5da95918ac9	tomlet
fsync-quartz	2.10.18	5bc76a5bd40513e905db574ac8a729b9971f8b801c5fdaae20c47da580908d6a	colorize-beacon
tabulate2-raven	2.10.8	728ef132f360dac952ce618d064c5fe044bc76f155bf33fda9028a621d2eb7dc	yamlish
ratelimit-cypress	4.1.0	24c6bec0d134ab6a035e91d6c3a73314274738ca78f44d7f521c43a867e06507	blobstore
tabulate2-shale	1.0.10	50e8cc7f0d23f6c603ea92586e38f6845dcf0a91c0a16dd6b655168d33a5ad67	queuelet-bramble
tracekit-arbor	1.7.18	5a2a0627eddb3f040a818d7ed3df8cdd5fe9d9bb3eb9345cbf78b4777119059d	metricsd
yamlish-falcon	1.11.14	f07f0f7a5358473711714c94284e8b1c4357c7f3fbaf44603b83f5410bae8072	argsplit-rowan
pemparse-copper	0.3.0	0a58a749a761a1294b9a81f67c72174e3512b2e7de7993d2f3f1bc4f763348cb	tomlet-amber
tinyjson-ingot	2.11.4	b393abb89fcaa2af00b8c01a9c8c4b548582a0be58b5e0c1ca7f1ee7fef21cee	tomlet
ledgercore-copper	2.7.9	f10c0e60ebf89db032a3eb872626f9892a018e2b4fc84148a43e7acc5a0097e3	hashfold-alder
csvfast-timber	2.4.15	87e7b06aadcd6ce852f3abedb428ecdcdb380808059cf9a7a7ca17a74b642f2b	fsync-tarn
