# lock for admin (dev): name<TAB>version<TAB>digest<TAB>requested_by
yamlish	1.10.17	458eb7f6bd0dd96cc1bc4ca953d3bba5a1f98d0b975d3c25842240985dbc2992	direct
ledgercore	2.3.14	391a17246c943925cdd46ab271a6759ef0a426d160d7e8fd1e00ffc3d1b62cb8	direct
blobstore	3.9.10	edfb96e6e55c3793defbcb22814c5a50ce4f5798afecdb2b1afc78d6336a5add	direct
metricsd	2.10.5	4399dd8208be145b175103272ed191d7cb0fd49f882148204f4e840dbe88e0bf	direct
cipherbox	4.7.8	88b23bde97bc94d53d9bb748cbb70a195700a011c844a32bde3b05266ded31be	direct
tracekit	1.2.18	6f0de8d1fe32394dfadb3864015fa8dc13eb28ffc024842b143ab4c48b4bf5f9	direct
queuelet-garnet	1.2.10	db6997af02ffd9bce9a03a226afd278dcc505780c5cff616351c7726cf9004df	ledgercore
ledgercore-juniper	4.0.0	20feb6f60bb0af59013102d20da648b92459daf8f392946e226b46ce0da161de	metricsd
metricsd-meadow	0.5.20	bf8a042612b194d38958985bacdd40b4f1270496d4ef552a1b168f0941db10aa	yamlish
ledgercore-wicker	0.5.11	52240d1b04f2ce4b8c6eab63baf922015c718b069df1b21731156fee89cd4a78	cipherbox
csvfast-summit	3.5.3	3812713b9d943951ec0bff8985e734790c8b4827b273d2f11982c6a35f1c905f	queuelet-garnet
hashfold-mica	3.11.14	9d493e2dd1370db398c010093246816ec8bd64806b7756841ba776732f72b487	tracekit
ledgercore-birch	4.3.6	9df8c753a2cdcfd8f0b826f6f0225ce37f81cc70173ce33a9c680896d57717d8	ledgercore-wicker
tracekit-orchard	4.0.19	0d113ede5d75ccc0e919afeb2789067ef5900f537a32ac96c35a9fb0e02a756a	yamlish
csvfast-gravel	2.1.4	e500b285d2dfbb4e00647ac79be44050d9b5ac46c7fd7ae6e7d9f36f765067e8	ledgercore
pemparse-umber	2.2.1	79aa078a38d1c85bff013c81205b2f80bb9fadf4a7452e575556ce6cee51ffb8	csvfast-gravel
hashfold-pewter	4.7.12	27a96981bd696719a3474319d8929087023d93a0cec53b850ad81787935920a7	yamlish
colorize-heron	2.11.11	071b14fa1bb936d575815fff72de3eaadc354c4440b6ef3fb26b1709b8a4ecc4	pemparse-umber
cipherbox-pebble	3.3.12	5a7932d57a2f50196d9b02fe388feeb14dcc573e1edf7ab29b6be96752a9d063	hashfold-mica
argsplit-hollow	2.2.7	06134ba322b55bdff0ec15feb6fab52a35f4e606b2e1f4c4b85b538a3f133f71	hashfold-pewter
metricsd-cinder	1.9.12	08f26ab56f38f92364fdda05a39e9b0bc16cc697a934f8b3001743a7642730b0	cipherbox-pebble
tomlet-ashen	3.2.1	2e94af9030bf8fa7fa181171f1971b13f4eeb30b04a608edb244df7a3398bea6	ledgercore-birch
tabulate2-reed	4.3.11	1ac0e8ad69ea407874510b2b21c8420d73ac0f9ec4a2a10202a8dbf35ea392fb	pemparse-umber
ratelimit-pewter	1.12.17	d379e61143c830522952937be834d65c338c6d05bb0fa9e0aacff53f0f30fa3b	blobstore
tabulate2-pine	4.7.16	e778571eb54ed89dc0462ab41423162b7927ad518d82f3ad390c86899e5928ae	metricsd
colorize-sedge	4.1.11	68e6e5e3db293fbf52095e831df0a8f59e32a02220cd1b45b55954f566412eef	hashfold-pewter
blobstore-lumen	4.10.19	8b1556d088021d1c59c8a6635af5e142f587020a123d18784669a882ba6724a1	metricsd
hashfold-comet	2.8.5	ff7429cfe257e46c452446ef3e7b7b15c47fe6941570a496f8d94454e8ac0dc6	ledgercore-birch
tabulate2-timber	2.7.4	07ff22fb2f3d942199dcdc6031c866d67d16c12b870ea37f93dbdd9c273b56ed	tracekit-orchard
tabulate2-arbor	1.3.9	b8c36ed2267ace4888f7b09c1dcb43e1f3a3a4312693e13988305f728e107ae7	colorize-sedge
retryable-quill	2.9.17	52c22bd5dd6cd7db5212d1209e930a4a8f4b434b5dbc36f9ddec15b7aa363059	cipherbox-pebble
tracekit-reed	0.1.5	99a7fed392013975adeda9022b72c2cd0a4e9d7014c7a06bbe14fa35d2cba543	colorize-sedge
fsync-iris	2.3.18	4ee641a7280e1e93ca94f3826944cedbd3e4c54eaa87c4b3d551e22389a0136c	tabulate2-reed
blobstore-coral	2.3.5	61318bc6bf7fca09e1d8b0d6c9d0d902654019385961f8a04e4bb49ca310b399	queuelet-garnet
argsplit-kelp	3.12.20	7b0f2a0351b8e2dfe87877ab1854293fb888d809db3c166350b07931d7f38bcd	colorize-sedge
tracekit-bronze	4.9.4	9a72117aed8a1bf39d3626bb36118e9070b21f7ad7b2238ea724ae068b7b66ea	tabulate2-pine
tomlet-shale	3.12.11	0e9dc6923ca1dc75ae5798e7d89bd98806374bcac64183c9a771261fa3b194e4	tracekit-orchard
colorize-moss	1.6.18	4bcb271cc37440d836672ced211e909db3c77693b08efd99ab7dbf87b0db01d2	tabulate2-pine
tabulate2-alder	1.5.1	a18ae98c31375112e8b13e41f681c04940db4ad9764217db94075cd66784cc3b	ledgercore
argsplit-pewter	4.8.20	f9ab185a15b3100536a595fce28a5d609342bd52810d95f4c5e43e011d20fe34	metricsd
tinyjson-aurora	4.6.16	3e7af4daffdda75e7a8f8ef754d62a45fe3460b1174abdce34782679b62c9f9a	queuelet-garnet
tabulate2-reed	4.3.11	f1673894225ef6d431e00d7a841204b43409e19c36eea3b5479465f154f736ee	argsplit-kelp
ratelimit-meadow	3.7.8	8b112bdc257efb584ac028c55569d0948cab600d9c9aec81d522207babb83716	yamlish
clockwork-kelp	2.1.0	8442bb9fef2200a029772c3a08b2b72acb8267107f6d08062ea9e4848556e35b	tabulate2-timber
