# lock for api (dev): name<TAB>version<TAB>digest<TAB>requested_by
colorize	0.0.8	21f648750b05087920411d4429a2296bbf1bc4a8ae2a3e3f27e0a2641b06161c	direct
cipherbox	1.10.15	e488643c1ca683080fe15479a3b8b02ccad143e3b598f93d8de888c057cabf5d	direct
ledgercore	2.1.5	3d956a1b4ee96acb837b9c8bbf9dd4f34fbfa9389d0a3119f7c417df699dfbfe	direct
argsplit	0.11.16	fa21d7d9aa86638905ffe814c6fdaf50d8f4891cfbd61cd30bc623587b263ce7	direct
blobstore	1.5.5	2337d685a5ab9ad41add7817fce3ef75811a62b223fb2577f438b4b57ba3bf17	direct
queuelet	0.8.14	756da15a605ee9ef568054a71731acd8e32fa6cfa69595f7278649f04b551573	direct
argsplit-yarrow	1.1.19	5387fd83deb55023f1d1ab54fceb5890d8de49fcb405ebd8bf0cb632db0d9fa8	queuelet
tabulate2-jasper	2.1.13	4d80ae10ed0b9df788aa22993f24f687e9c6595c238c00e943e374cc00147e04	colorize
pemparse-mica	2.7.3	44978af24067deaa83e23036dc62054b12a75daa4faf010c73e616775484d58a	ledgercore
retryable-atlas	2.4.10	a0868a097bd68c6902f32221bc409e09637d4744626cbf21097da8ef0552089f	ledgercore
tabulate2-shale	3.12.20	1b6f8daee1e511d36144bf54d048ad89afe25400c4abca01f7a6573df0e5a218	tabulate2-jasper
tinyjson-topaz	3.0.2	57f1a00c5f97329036e27a908a13c9c8adca05713e3a87cb4e93f824862a300d	pemparse-mica
tracekit-topaz	0.2.0	3ef4fbb4105f5730f7ef54ee56a2f5c3ec0648e4967017752b476f8d83060043	blobstore
clockwork-delta	4.8.19	76370ec7b03f67967eef65a8b28b8991d53160ccbb1a530c2fe45d22e91bfa0e	queuelet
tinyjson-lantern	0.2.3	a7686246009045d44e55db723228b023b018f0e341ae9d155f4afda031f70d6d	cipherbox
httpkit-arbor	4.10.20	a7e65e348ad868f25c1033ffd38aef501c0a2b136ce27bd28875ca0425058118	argsplit-yarrow
pemparse-plover	0.4.12	e3db2ea51dbc2a15c8ba00e637fed47579a3c58f9f3f7d3a577b51119a1b7a93	argsplit
metricsd-ferric	0.11.12	59648d6667442bab9b998cb46a9992d2f1fcf48c3ba27617e1d830236a4dfa7a	pemparse-mica
clockwork-kestrel	0.1.6	cb2bb57a101d0c5ab7356cd56b5b0e43c94c54bda74666d2b7d3bd1a818a6114	blobstore
cipherbox-sedge	0.3.20	2c3d70af8b9f1e7364f1e46dc3788663ef2934c4d84cd5682dae205f4f370555	argsplit-yarrow
csvfast-granite	3.1.0	78438fda26e253f7a15e9e55969befdb6d8ee90340217e1c9cfea552b4e279b9	tinyjson-topaz
tinyjson-walnut	3.3.2	42d5e700260b3ee7780d9be8ad1ecc622341b06227e978f7ac313334faed5ac5	httpkit-arbor
metricsd-reed	4.10.9	6062bc78dcc0767677ccb2de61756272bac196e6471a5dcf124f112d7d595bdb	tinyjson-lantern
hashfold-pine	1.1.6	ba8a1295264d3935d2b9699552e8ecf56bbe022269fc2caa1294229fcc0682e9	pemparse-plover
tabulate2-bison	4.3.4	ac13110f3e6ce222f81e04fea6fb5f8155ad6977b32736d402cfd7f0e1d5f016	blobstore
cipherbox-orchard	1.0.17	d92455735ec3ee0773f17b332ddcd1ac356f2fcb3aece80f0a0a4ad70521c4b9	tabulate2-jasper
fsync-pewter	3.6.17	3af5ccf9731aa6b01fb13b4da23005b180484f85442bae609a44987dd33c524c	metricsd-reed
hashfold-quill	2.9.9	187e784b6142dc90615b77baf7a19e0f105b03b8ddb511b75c49af18d1217078	blobstore
tracekit-hollow	0.1.7	0c325b65715804e0186c9ed9201d969bb5058856d1bb99f6c9c2266c961ac589	tabulate2-bison
queuelet-wicker	1.10.5	2a46851cc4e50e47d937b914a2cde6534d5db5afa8d5424d4f793317c8262c23	argsplit
pemparse-blaze	3.11.5	fd3f5a8ef80883f92a8adb33cf07d274d04b05fc0a8e513350dc574da6ad9fa9	tabulate2-jasper
clockwork-plover	3.4.3	d0ff42569deb484682beda2c068bf9dfa7d0f7a1a4d4e7bb484aeef786712b3c	pemparse-blaze
colorize-marrow	0.7.6	17fe46be73ae9127d3bb7058b89a257329b47d589da65e97360590c8a5223ba8	hashfold-pine
metricsd-auger	1.8.13	27af0f0933b4d71c09e8974c67f93403183f51f42e5c1bf7be3bd70cc0dc508d	clockwork-kestrel
metricsd-basalt	2.4.14	22c36eb0fec4731f0dcd4108127545c3df8c9be852d221099026a0260a07cf5a	tinyjson-lantern
ratelimit-tarn	4.12.6	f212e16950c8d8db0b25fcf9aad835b8f49ff4d28efd631110e7a0461fc8dc10	cipherbox
hashfold-badger	4.0.7	ef46f52b5a6b2d095711e006c763376b34d9982cabad0544aeac2429bcabe7dc	metricsd-ferric
argsplit-atlas	1.6.0	49eda4f8ca291c3ba0af0196cac2ab5a2881f955e1240d89dca4a0f7b809f67a	blobstore
httpkit-anvil	4.10.10	766d85c4d1f9fd43b04a86bf61b4a7c0d62798c1a16867e0e273bc35378f1a01	argsplit-yarrow
colorize-walnut	4.8.3	cc163dc6d61b8687ce5c9248168519d9a136deaddebb37aed6de0ec3ccfb9339	metricsd-ferric
