# lock for admin (hardened): name<TAB>version<TAB>digest<TAB>requested_by
retryable	4.1.18	d99d26ec043ddf69fa0e6c95860d6df73bbc9b8fd56fb1002e7e7046dd9039a8	direct
csvfast	1.7.15	a79f1873b265b436faae19933f4d26116d75aaa85805c39d825bf09f93d5dce8	direct
yamlish	3.2.9	7f7af36848817cd5e38ba20b0ebdfd1b1c78b43130c7d812fa2e9f77a20559b3	direct
clockwork	3.10.0	521b9ccbfe2e6a7980d21742f4916ef467f046ffad83f4cda3b596fadfce21f9	direct
tomlet	1.3.1	222f570484bca7aed05f818554d2e37cfebc5476c02e8a6dbf0fabffd73ee6e0	direct
tabulate2	1.12.15	00662ec2982624685d5c4b180f2a1b0d72628bbf8db6811103b1a85598f9724f	direct
ledgercore-tarn	1.10.20	a43f3cc447b73beac264edf36c8d1375acc821759adcfa1f3c00b4ebab17b43b	tabulate2
queuelet-moss	0.8.2	ba9888c79d4989d4a9f1a0b90a2c3c64789a285b2c81203123824ad070c2b28e	retryable
ledgercore-flint	1.8.4	e91aacfc0aef0e995286700b5ace262884a9767793af7a3d2283e4b059d51ed7	yamlish
ratelimit-reed	2.10.6	b9b8ae0d6dab20e67a069bba85e7431abb341a86816988460c82597f71f7a053	tabulate2
argsplit-beacon	1.2.17	39611cdb0277b22817a52d5adb1ce021f4bd5e840e988edc85327a2178545055	tabulate2
hashfold-sterling	4.11.0	c28fea6cff1f2d9021f8a46b4c93d4c9277b5175301838281d1ddb7e1929bac4	ledgercore-tarn
tomlet-cypress	3.5.1	32bde23c1ae53fb9d5a0d5ec9a50ef224f5b769bf8dd6e445ceb10b288b80c69	yamlish
colorize-copper	2.11.1	e3533da9d8b8e18b7ca3532a83c0e26fb6e1d0af86f8dfefd6df9abe9d54bdfa	ratelimit-reed
yamlish-atlas	3.0.19	172bc90a0aad21363fae3b3b8d911296fea479ff067a029f07667e1e0971d7ba	ledgercore-tarn
tracekit-bronze	1.4.4	7a335ab9105e250ab4a4bc437c997d5d46cbd27f88c130d9eb3461b9a59ba11b	tomlet-cypress
hashfold-gravel	0.2.4	65dfeb8f8435fd9e761903cc627bc760d449d8360fdda9f81735d0f748c9b748	yamlish
tomlet-tallow	3.11.16	9d87aea38dc67bc92972c43abe7adbb03a6a143032283bc214913ca1974e3850	tabulate2
cipherbox-heron	1.6.14	218fbf648835c1d9f71f23ebdc6b30497ec90d4ae6a26fc51b0809533c05843d	retryable
argsplit-lumen	2.10.12	4a70eaa33582c139a754e714968250e055e2e75f138eff2305c72f2e8de914bf	tomlet-tallow
ledgercore-canvas	4.7.10	c17a0e52320d8aae8b83c906d662b71eddabf790305def2b13ca74de5dc7ca51	argsplit-beacon
cipherbox-delta	0.9.11	03ba703ca2b3ff8f4796091efbc2bcd78e1025c93fd4c87de77db80365ab8cdd	argsplit-lumen
fsync-ingot	0.0.13	b403df01735e22a39f15579f86e721e769e68bce84d275beabaaf1f582161e49	ledgercore-flint
retryable-timber	4.6.2	85a6c13e154ac8ca46ae8423d7aae62e322ca3ee0ae82e0f4b5fb1f2b5552b1a	clockwork
clockwork-umber	3.11.2	361422f6defbf67ba3ea323b4bde7e6412fbd0d47e2e854b953a97722ba3bb9a	hashfold-gravel
httpkit-ferric	3.8.17	ab46ff1c5f4bb459d25d3ccedce2be246217a342148754fc8831e0e7a1df57d0	colorize-copper
tracekit-meadow	0.8.1	163dd1b426a7b9199a1d89159045410df689bc1f21b6f846e8f4766b57361819	ratelimit-reed
queuelet-juniper	0.4.2	831a089c17a87305785f56d2d6027e05bde8f7292243688eea871646de969d12	tomlet-cypress
yamlish-anvil	2.2.12	4dc1303ff11d946a3e64b578481589d725134d0131d7fcdae538d99de425bfcc	colorize-copper
ledgercore-tundra	4.10.2	3881e4ffeac32ba25ef9c529d15409d8d6c5edd5db362b925b117937d0929d7f	tomlet-cypress
ratelimit-ferric	2.3.6	03e82806f4efa9bfce4bcd50c5b0242041436d96393a917e9f0aa54b8bd08bc9	retryable-timber
retryable-ingot	2.11.18	3a867a675392728b9f4174f7e7e6752885b739a982a397d6a4cf29a4fc9b7cc5	clockwork
retryable-reed	1.3.6	c7bb62e8117bcc607a08c7d1baf16ccd5924b2051a0f7586b2b8cd03be6ea0c0	retryable-timber
ledgercore-zephyr	1.10.4	0d086594b2337553f38ac14bbc5750c27e4f1e6ffab737f4c5e879e42635045b	ratelimit-ferric
pemparse-vale	0.7.20	ea4bd9662dfdea47d17657b7a39588836c2c7201d1f9bb43840f3feeefe11833	hashfold-gravel
tinyjson-balsa	4.9.2	d1c3ccf2601ce35bb24f59bef01296dae6b1329499cce914a089e3104219df9d	ledgercore-flint
tracekit-topaz	4.2.4	354889266abe895c0ac0f24f6a0e058c81ec3fff52a81ed8335a4d4a8318ce6f	argsplit-beacon
tracekit-aurora	4.7.7	6fabcf4cf57bf2cc15c9158a8f4808fa8cfac4dee25795d5605d55f793b6e46f	hashfold-gravel
httpkit-gravel	0.12.3	64f6cc905c31e755acfd30e2589365af7bf147c283c1254e759393973544d23c	fsync-ingot
