# lock for search (hardened): name<TAB>version<TAB>digest<TAB>requested_by
tracekit	2.10.2	9f1ea155e236ecf8d6e17228488b4d2861b42086e8ed229dad3fcb63e7ffb9fa	direct
cipherbox	2.4.20	be5d9435da2156e90686e7cf3ec0360e109435b1704b3b87d9da0366f8efa817	direct
blobstore	3.7.20	fee59aae960df2e6910c6384930d0e6f12f70588dda1775b9676a484b09bd277	direct
retryable	0.7.19	932ca60375b293c6bf1dfac5ca0df5ef2e3dcc24a8a0452a9e00877ed3b429be	direct
pemparse	2.0.11	89e7efcd322de27388b6f2982413e4cdd7d0c91ab8ac9bb8720efc17141f5f30	direct
yamlish	1.8.4	c764539d4f21e507a35af7213bb76aec8908a2683b8b71729fe6d299cc0f38ee	direct
httpkit-iris	0.3.2	87a35fd2f45bc06b9f356a6777c61ef10b560bd2a815ce12e891b788e0642784	retryable
blobstore-badger	3.5.15	0e77bce93edd176d8c6fe74cc198fbaddebd7121878ecbf94136b55ecf26e7cf	retryable
colorize-marrow	4.3.4	f675333cf6fdeef01932157461287f3a491dcaa9308ceca6ebd92bfc6312225f	cipherbox
ledgercore-juniper	4.4.5	b6630857348fe539147f9f60af873eb3a27af7d1eb4dd96cd313b43097d04317	pemparse
fsync-cedar	0.3.18	d7a9936ad59d5f3d6c95c3f75865901fcebad5683836272b3d5f42f270ee894b	blobstore
colorize-orchard	1.1.18	9943687dd7082e8826f5cdf2d7e5e5330afa29acb809566b12e4e61b7e8fa6bc	fsync-cedar
queuelet-arbor	2.0.16	88be2c5d7fa712ca533ae236ab279aa615e1da03af654d948da9d4948cff4226	httpkit-iris
colorize-avon	0.3.7	c63dccb42aca64b8ea7d89016ca4ae5e4b0f5b27b164b0f530b0562d69afb979	tracekit
colorize-jasper	4.6.8	464c23f3b3204110fb0ca89dda51235d1998e68506a1722fb2d156947cc52d53	queuelet-arbor
argsplit-dapple	0.3.17	fc805e9c455cd1b4212dd5e0b0e310ecf4e98e10f55789c477edc2ed730376b1	httpkit-iris
yamlish-willow	2.5.4	30b3009732818780e7ff9f41fae83b7c6222d5d7edbdb678fbb4e7e1927dbbb8	argsplit-dapple
httpkit-anvil	2.1.17	3de9c6e5a4441dcd3b76a1c45c4c319151c5e9f03c8f6f3347880fe2c2c0fae9	blobstore
metricsd-amber	4.12.13	4cd919c0d1b02db4d420c18390cbe888db4bd44caa91ee50fc6ddcd2c2fcf28d	tracekit
argsplit-jasper	1.10.2	4e2362c7559a097f0cca845e11ce4a14190176e78d8848e4c189b8c8d09b0ea8	cipherbox
argsplit-fathom	1.1.12	00545dcb574f1671d441d8fb267cd162f9b6654af0ff29b5bf82cb844b1224d1	fsync-cedar
ratelimit-fennel	4.8.10	7ae87d0c07425dc7542b3e297d59ab791effaefd489c1078ffc54e88746c5933	argsplit-fathom
colorize-onyx	1.0.10	b5b3ce647133eace416490e75fa2beb2e688b6544c4b7a08acb854dda29c0e41	ratelimit-fennel
fsync-lichen	4.12.3	742cd21ce551988e2de7678dd7eb165485058ee6a1a93c6d3cf6e3ba17935b06	colorize-jasper
tomlet-marrow	0.8.16	bccb5ebb3f6ab6e663a75d2e717de1653e148bda7d94df7bff2047c075b3da55	fsync-lichen
argsplit-spruce	3.12.19	f38df4d56e426bd79e4f2ed9b0eb355bc0ae46b14265c952b5b1f58fc6972bc4	colorize-jasper
tinyjson-ochre	4.0.7	e80f5a24529059a22eb975eb9bdef80b6d7371e56a7610b90c2c794c3a8ed71d	tracekit
fsync-cedar	3.10.14	09c781c8bdd598af2c39c175046af8dd11f81da462b0aaa8fd5a07f17daa1ddd	tracekit
metricsd-bramble	4.6.17	8505e3ca43fb384d19b64444001be9bd7fa52d453a6b4266da2d784d1a9b8f0d	queuelet-arbor
tomlet-anvil	4.12.12	3effee97cdc835dcfbc2a785370257122ed901c4c0a07bbbff9960e62fc0477c	colorize-jasper
fsync-sedge	0.1.0	5de4b03b8df00a65b7286daec104aaed7e0278a4b8666af238de1497589243d1	retryable
pemparse-fjord	2.4.7	3376edf135af661457485ebe8c7598cddc197c77de889e9020f250367f7f4db9	ledgercore-juniper
retryable-garnet	3.2.6	f358e6c7512dce9497b0b86bc75960bdc17b86e5b24c48b273bfbd5a3ddc158e	pemparse
retryable-marrow	0.5.2	fd569e765fb26a05df4a2d8452cdac25aac0cfc483399b692bec4f39aa96d4ec	colorize-avon
queuelet-kestrel	4.3.16	f289048151cde89df3ff90c769199da2425abb6c95cbbfd667d33d45473de4fa	colorize-avon
httpkit-pine	4.4.1	0f2905a072f9311fd16df812d958f89794bb0c59586ed93e5a0b9e917d72ddde	tracekit
yamlish-sorrel	1.12.3	a05b9bfffbc3ee704ba2dd570be7d5a3b71e8baa5fffe4a8cbde9b629b011270	colorize-marrow
clockwork-lumen	2.0.2	ed4478e085a711a2de4437cbebb20188565e13dd797af195ace0a765d167cd2d	queuelet-kestrel
tabulate2-fennel	4.1.20	26e142ab2db03e59e8e7bdd11fb64afe98d400788fa1a7a3e4c7b72ec95fefbf	yamlish-sorrel
tomlet-topaz	4.3.14	a949df15fbbcd473edec5455f98af112fa1982fcffc2a785e304b6e7f01d6ec1	ledgercore-juniper
ratelimit-balsa	1.9.14	c7693c6ca4fd66c1349ea58a11bafb1cf877c07d8b579aadd873f251e409e787	argsplit-dapple
cipherbox-tallow	1.12.7	00aa2cefcbe515d5a86e6dcf73158527d29f07b17ce272b9a7650052ef4ee0c7	metricsd-amber
