# lock for exporter (p2): name<TAB>version<TAB>digest<TAB>requested_by
argsplit	2.3.10	b6836c554b12c1cd48a6caa273079d9078e1e9edbb14bba9fa7f8ae79d7c6bf4	direct
ledgercore	1.11.3	75c485c9dc41e355a52a0e039218cb1ad40d4ec2ba0580cae17b52fb17ef320c	direct
retryable	1.0.14	0c8a05d3c2eb6c92e465596c7f10b1602ffe9b9e2bf0d63167190b29dbfb4ef0	direct
clockwork	3.5.17	57cb1e45ae5b25c2a85fa75d700638909aeefc499a037c243c98f82d4718f425	direct
tracekit	0.7.10	9dfa9d831fcb2154f75bdb3c713c76f7a9bc1cd94966620d52f8d978ec3a7609	direct
tinyjson	4.8.8	935d1f3352d65b9242b223ae53d52d1e29017b89dd78f891c09e9c29fb5ee520	direct
csvfast-ferric	2.7.18	7845fa67c9ccb0a8b90a33172b86300bbd9573cbb1f6a2da3ecb756423d7c006	tracekit
tinyjson-falcon	0.6.5	453d863d01891b9cec41175cfffbaf2f408e213720fcb6045bdf2096e0377ed2	tracekit
fsync-osprey	4.4.6	61d323e72d86071c6a3c74150d9d9de10ae568e4bbd79362c0d372ef369c1fcf	tinyjson
httpkit-hazel	2.3.17	a6ea5c4b2a5b01aba2ab9f38bc95efa9dada0a4e7178fd524269880a1609a0b9	argsplit
blobstore-shale	4.10.15	c5640705b75379dfc58dd7e4ed901a2e74e3738a3d42ed738bcb4fec9c65e646	fsync-osprey
metricsd-shale	0.3.14	737ef9667e86970b2fda5adadbb0e28e2256d8091dbd7ce6d1e9cb6b33333b6f	csvfast-ferric
tabulate2-linden	0.12.9	d469cc90afaff8b9f431bd6e22418ffbc6adfbeb17344bf4e5dc9c0ab54e7cdc	blobstore-shale
cipherbox-cinder	1.2.11	7de01c87a11b44a7987d6c5dca5436bd4538a8630bf6412cc9b71975bda9ae7c	tracekit
fsync-flint	3.6.6	534f7e2debdf13d7a774be4ba43638ec99a79bebc174ab797467f4113736ad1d	clockwork
clockwork-coral	0.9.20	327768e70d2ce03febaefd41969d35c640b7fdfdb1bcd7809a3bcce84be806e6	fsync-flint
httpkit-sedge	0.7.13	dab7dfe3351432dea8da8e77d809be1d272173be659a2c035f473a237c4a799c	retryable
clockwork-basalt	3.12.19	f440f801d89b6eca0355305b20c18dc226893b4c223bace0fe4620badc44c11a	cipherbox-cinder
clockwork-mica	4.9.15	b2363a4d24601245e2f7f3c212bc3b063d3951749d364d924376851e2667b87c	clockwork-basalt
yamlish-delta	0.8.2	414d17e43ce6e6f33ed883c02bf42e70faf1898c4046b7daf0f69cc31101ee91	argsplit
csvfast-comet	2.1.2	b12a196a37b9d86acc811f198610543bda11b97877cfe34a85c5c2e66ed73245	clockwork-mica
pemparse-onyx	4.2.10	e47205faf89d3788e09a8f64c18b2921c6c224f0618655c8c9a839d1f6a3e861	tabulate2-linden
tinyjson-summit	0.10.0	59a998a41a0365bfd0171b06f01862db083d9f689aad17305a8c35c0d7670541	httpkit-hazel
colorize-granite	3.12.14	af8186702a2a9129cf423366c571580f4af17e36ed3d3b1d4bbfe7f6a132752c	metricsd-shale
httpkit-marrow	2.1.15	e1b76d81dad8f0fd093e632adf425dd78e3d6da7a0ee1a55f2f3d49f8acbcbbe	tinyjson-summit
pemparse-heron	2.8.16	b368fdfad19b0ae80bb6e36942e5bd78dcadf942f012096930d726eb0ea6e8e3	clockwork-basalt
pemparse-lichen	1.10.12	a2e3e61a8e5e33edc1be1140b77b2cb2a91bacd954d4422c1ac9e4b8259140d6	tracekit
fsync-juniper	1.7.4	0451cfc074cafd9d30e8504cdd2256a6254c17c9f6f43bd8db7ad1e41f32d4ae	tinyjson
metricsd-crag	4.9.4	acc3f581eaa318cb986436a6d793e57c86df0ca83e2e0fb6a7ecac474c7843d4	fsync-flint
fsync-cypress	4.3.19	7b3417b78d8a43e76ed132687e074183e6e35ab190771ea3b7591b30427c0c2b	metricsd-crag
queuelet-atlas	0.8.14	dbded5f08e5308d0df0ac880fb23ddb345e68dbb6fd5ef2433f2d87d9cbc8a0a	blobstore-shale
colorize-meadow	1.11.0	ed17a99a262fe0dda74d969834a4bd8c6832c16194a324840db8acf13053345e	queuelet-atlas
colorize-basalt	4.2.3	c3e9fa48b8302ff6c7f5bce639e93c767b2d8b4c357ab55323ab8b21824b3a0c	ledgercore
metricsd-lichen	1.10.12	901c6aa796b82fced0e37c304d2a8be0a50c7ec5ab80b16f6b7d3fb5ad8cf2f8	csvfast-comet
yamlish-nettle	1.11.1	e0c2abe4b0eb9d36f6a2a82a39a3177d7e42f428de4a3c8d2fd8e3b4763791cb	fsync-juniper
tabulate2-tundra	2.12.3	a14bf27d5c7ee512487aab7616d1a61190eb1ed6c11ece70f7dd987d5005f5f2	colorize-basalt
pemparse-granite	3.3.10	b35bfa5fb716173238c8eb72fdaf409471154ae6fe23df9dca04d9bba4f12f5d	metricsd-crag
metricsd-blaze	1.3.5	c6a38b8f7471d974e43c4fca2dadbf7b6a535022ab2e526b4ad953893083dd64	pemparse-onyx
csvfast-ferric	1.6.5	390d1603a5d240d0ea32083b0a1d601e996cfe79d1b565b7c653f83340c592aa	fsync-flint
ratelimit-aurora	1.12.8	a07b3053de58803dfc176095f81eb0d115e0f02e52dd2dca4e166a16eb822236	pemparse-onyx
