# lock for gateway (p2): name<TAB>version<TAB>digest<TAB>requested_by
argsplit	1.0.3	b4da4780faac79364d87d478c6629271679549e3c5c0fc75496764134f997ae0	direct
colorize	1.4.1	b4975f33698920a3209bcc059b00ac7f2cce20134b4b2230ca03239fb16cac34	direct
tracekit	2.7.5	8aeb72bef92e37832f329703cd422eb1c22b0b54d1a3c092787ba80e655f2b45	direct
tinyjson	2.2.5	6a00ebe5d8e155013ff1dbc49741ee5b580902e5f5b7b6fb944d2cd8b1ecf443	direct
clockwork	0.11.11	7615886b2484d10644a595fa7c24d88ef1d631aae20bf05ab3db8636535f731b	direct
tomlet	1.4.4	8671792de668c4fdba4252ffc26609fd9848d3da3127ba6cdc2fa84e94cd1df7	direct
pemparse-canvas	3.11.13	a42850d6f626e183e4dc92d87c2a505906858bfc3723e12f8dd79b736ae17c45	clockwork
httpkit-dapple	4.1.11	ecdd7d60265b09283a4cd1f7c12cadc1710868e20311cd80c842b0527d570b5a	tracekit
argsplit-balsa	4.10.18	3604565ca8dd2c42ff59b62902b8358e138ad35f402016f32248709f38f7d913	tomlet
argsplit-harbor	3.2.4	edb3cdec03921db4854165dd59289d6d75bbe7a90366066c093ebf9c078b1c35	clockwork
tomlet-umber	1.5.4	a6446c9a7cafba9d2bf18923f50527f3ddd75683df5ec78c00353a8eca662f34	argsplit-balsa
cipherbox-granite	4.0.7	3abc9e798be3a7ebef9660a44ac5aaf402a73e532bd4379928d8bf3378b4a530	tomlet-umber
yamlish-atlas	4.10.17	513131ee81583a2bfae7626c9a0806af4220caabdf77d0c74aabccbc0e0e7df4	pemparse-canvas
queuelet-mica	1.8.9	53d2d8a6a5db4a83eefabeb5b13d9d0b6aa027a4729bc3fc2cdb765df35d883e	argsplit-harbor
metricsd-quartz	4.3.6	9c29f4b6f7e87118bfde3a028d103844300797bb09dc1fc533e39ab540e393ff	yamlish-atlas
fsync-bison	0.4.2	2a0105bce8786c04bc074673e0ebbd06a4f99383b00f4be5a1856775ef21f9bb	argsplit-balsa
argsplit-dune	4.1.3	b8caf1cb088a26fd4d32aac77526fc631680359e66b9c1d1861f05461559c671	yamlish-atlas
colorize-falcon	3.4.11	06844881059f5d8e2c35325c2b4f9af79ba8286d64ae35dde39c40cf1ce9d6cf	fsync-bison
clockwork-reed	1.7.8	c4708ff9edb5d4a479b640df5cf4f3ad7907a8e6b014cd4f2ba13e454efe7c29	argsplit-harbor
argsplit-badger	1.6.5	34ec3ada269a7fe8486999c5f3258f917e2ce4aade869e77f03b02c925166931	cipherbox-granite
fsync-copper	4.6.13	cf2ec24f45c84928c1d90afd5fdc7fa681bbf83f499dfabb5fd4012210196a82	clockwork
tinyjson-balsa	2.5.11	13e3e4f88c8f230f6bb4f45b5e205f261b374a46fb671027ddbc759628d7937c	queuelet-mica
fsync-saffron	3.3.15	b9b5637383b6bec4f4597c03a1e89103dd3b2629d3bed0b2af33b5425dd48de6	colorize
tomlet-slate	4.2.18	c85919d6da1b0391701d8b2ffd3ab772bb0a2f9e962530c6d9f887c7a283f6af	httpkit-dapple
fsync-alder	2.10.17	b0fca314358c9395b71b2421e2be5e1c1d24de18e47294b7243259a5f2756226	yamlish-atlas
cipherbox-atlas	3.8.11	6031cba4105b2d9df0400da5ed8a749a82731de5d1160b0d78b2185e4e8b4050	argsplit-badger
blobstore-avon	4.6.14	0377edbc20a43ef8d059ce12fa0f9b908d82dd2f34443e1058bc6d6174edb9c3	clockwork
csvfast-umber	3.6.7	6ef41e1b0c48d5ea4362430d7fa01e00c0bab8c35072efcb92e43ab1402a9dc3	argsplit-badger
cipherbox-balsa	0.4.5	fe3ddaa7c3f92121c876a822f37e5c277ca453cb5e860f59b48de935d6aef6e3	blobstore-avon
ledgercore-ingot	4.9.6	1693a7dddd6fbd551b7e404c2fdd1111c11e3a7d2dcc85a50ea0ed2ae80baaba	metricsd-quartz
csvfast-flint	1.5.19	0771dbf0e297a1f5a1723b8b3c52eb827acb67503bbc70f3a90a35ece9373726	clockwork-reed
queuelet-amber	1.7.9	8d11e309935d820089978ef94d3a12b7d8128b23f74662defc0189a406cbd883	colorize-falcon
yamlish-nettle	4.3.10	7acf9de80a0e00feccce3890bb9a289db5ef0187f24d78862e387ac9e56e0199	fsync-saffron
queuelet-vellum	2.6.14	fcd6ccc3f11df76469f53977def1ba3194d9f6e69182f1d53501d35c8b1fc774	tomlet
queuelet-ingot	4.6.19	e3ceb5f5b7926a16e6ccab0cad157071652326e89c81139fed16b25d75a6c8e2	queuelet-vellum
tracekit-cypress	3.6.6	fc5484bd0d5460a13078c7d5ffb548b8582ad401dbf92b0d1d0ee4964cbd1491	cipherbox-balsa
