# lock for admin (hardened): name<TAB>version<TAB>digest<TAB>requested_by
metricsd	2.11.17	94547c9acd6ec0098aac5eefeccc022e4244f5af56b524b2cd774dfd5d2c8c92	direct
hashfold	2.6.19	be02334a5d0204c1c038649f9b0bc9f70ed88c90c5e73c82410bfb76a5b968fd	direct
ledgercore	1.6.8	746e563539e396f032d95ea8bbf686d7860f3ecdc86b917b51ce64b7262a1bda	direct
tracekit	1.8.3	1a22c080676f74754d127a2a3b465ee5eed5bf552f8ceb1471df87bf5c5c9d79	direct
httpkit	2.3.10	dec67244808e809fc11d77ef267d5e450958d50416835d70e1518f40937f391c	direct
ratelimit	2.12.11	58600760c0227116627fd831fd05c9ec5cb96411f8c0ea0a51a03c60a5734a59	direct
tomlet-ingot	2.0.8	1180e3fb4d21d7bf81e1f3b35ff78ce555abac3985286ca0bfc1cc73301dba45	tracekit
pemparse-willow	0.7.11	4ca31d83fa19f78da46b0c10d6b66c47d995648be70ca67650ccbce3cd6be3f5	tracekit
blobstore-hazel	2.7.14	9aa79a8180d8add9ced4b79dcea882dae1217bc9808514fecfe39694c93db4c2	pemparse-willow
ledgercore-shale	2.6.7	bedb31a53c63d2bedf54f7ec5d2e1dba18e221a03f0c0cd330230a4af8659541	pemparse-willow
cipherbox-tarn	3.4.5	d566023174aaffd137af6f3e8a6929ed1ed9895effe08dbd93ddf04083cc27b3	ratelimit
tracekit-russet	4.2.2	5d045e7450f409838946b61c3c2adf35655244eb0532935759d232f65fa65038	pemparse-willow
hashfold-cinder	3.6.19	fd699204da8b562be4c1a7aa28fbba0c03c39ed21539baadfcd0fd603dc9f3d3	ratelimit
clockwork-verdant	1.1.6	783f6485751b0de75d89455abced668933c941c56cb0b54a6174836e2fbd14a5	hashfold-cinder
hashfold-shale	4.8.18	db8f3d0fac78447a163e694921d6133735742bccbc7dab1ea7f1cf3b65ee660c	hashfold-cinder
hashfold-arbor	1.8.19	043e410f4ee4731900275cf4af58b7f727de474bf9cec6fcdc915c132d6a7160	hashfold
ledgercore-delta	1.1.11	eee690e072045bb4cec8ac0c52459bb3e0cea9622ceb59ed623ff761bfab705b	clockwork-verdant
cipherbox-amber	3.4.12	f8d4a355e13450f5d1525782682bef7e54cfdc9628092849156b450bc275fab3	pemparse-willow
csvfast-anvil	1.9.20	7ed695e6290773698ddfb835296f790aa5b73c97cfec2fb11d1fbab40ee7ff8a	cipherbox-amber
tinyjson-mica	4.3.1	6ef1cde9141394e5dcd16bb1495f2a051a33229fcce1adfe36b0ac52dcb54d9c	ledgercore-shale
yamlish-sterling	0.10.7	524b7940b70d699ca4117fbb34f96e24134508ec75d818dac13b702f55a5176a	httpkit
fsync-cairn	1.2.19	a4f52a33b2e1a719876b3bd04961262877a896fc478e46e63a3e8087447221ac	csvfast-anvil
yamlish-moss	4.6.1	ce21e779a43cf01ef1abc634d8555e0e81cd7f7740aa2df2d58744e64806d4c8	cipherbox-tarn
tomlet-lumen	0.5.15	7de55a8552840fc0875dec60dba30a0a8be3fba8041711db90952a5544f5d7e8	yamlish-sterling
argsplit-vale	0.10.4	7748b4605cfa136c74f1ba55c4b94cc841d43db7622e65a11e4861e975b86f85	pemparse-willow
csvfast-rowan	1.4.17	a2fc26056863ba98373f5a2b85a8e941d85a839b8108316e508b0517ec6fafd6	csvfast-anvil
colorize-reed	4.4.6	4da93c9e54a5e5c744fbacb3252c6d469d9c27303e934b8c17e16817e2780c20	csvfast-rowan
cipherbox-heron	3.11.1	11923d44150664e6efdd59f85243d86688daa59e3ac0ef7c676ca9f4af3fbfa1	ledgercore-shale
yamlish-cairn	1.10.9	5029dc9f6b4c3cc5060cee62efe288e305bdabbe79cd3605bbe3501cdbb65235	tomlet-lumen
metricsd-juniper	1.7.7	12a65e44164898b1fba8a512f3dcc620a4ef651ceaf09fb5fdf8c4071fe510d1	fsync-cairn
argsplit-anvil	2.5.9	c4072d213998f92e7d50fed49fdf3a78e1f9c99e373ac5ab0fbe830372203216	hashfold-shale
csvfast-falcon	1.10.15	3c68cacc263b266039d839f218c3e946f95189a21e79112333244ab3da0aa895	cipherbox-tarn
httpkit-umber	0.5.11	ab3fdc03bc5a0d8ccebb7bda8b944afbeaf7e77f01164828ca410161948149ba	tomlet-ingot
blobstore-bramble	4.11.6	6ce29a45dd894c750cffd69e6cedb4f6143637312ec66570c93caa46afe8a0dc	ledgercore-shale
httpkit-citrine	1.6.1	9d31d9b1666879c40705330f745cae9be4bb117f539f53f1a192c0aa4260ad46	ledgercore
csvfast-plover	4.3.11	00001493fb790506b9914574b89e0366f5b12b3a9b714711a4414b3ddf5099f4	httpkit-umber
tinyjson-cinder	1.12.19	dfc1446a833bd87dc1fee5769cfa6b8567d5c3e1cb738f4a0f381800dab4b6b8	hashfold-shale
yamlish-sorrel	0.2.4	6d1ea9236b05bb025b48a835f4767097f01cda43b5df46aec61e23af0587af1d	cipherbox-heron
tinyjson-yarrow	3.4.6	d17603ad97799cef0ba350d6ce0dc1d0912b7017ac2a54f9130f7c8c918222fd	httpkit-citrine
