# lock for api (hardened): name<TAB>version<TAB>digest<TAB>requested_by
retryable	4.0.12	f3d0c0a6d63ace9da41b8ba97367062be48ffcd1a687362c39a9425eb026e493	direct
tinyjson	0.6.14	f2f7330c203291385498bd0066d6f4ff8dfc9512c526f6bfe0b6804beb586df4	direct
argsplit	0.10.5	64c20d930ee347de094258f0353d876ef7a80eaed336f19a5bda3bc4e3d622de	direct
cipherbox	3.7.9	1e35f9a0086476877b8e97d693a3d5a71c748f8618af026093819b116b74c536	direct
tomlet	0.11.6	a9accdac688a509d87fb93c50590aa8edbcee68ace3a42b533d53d9dc5468ce8	direct
colorize	1.9.20	28fbcd777a40a6e75e75b99da4477b14f2697625be497e6e7f7bcb7855692beb	direct
argsplit-bison	3.10.15	b3806c66bd24f0b00d9d61c29eb8cb2efbaea0dfee54107b220a7c8647e76389	argsplit
argsplit-walnut	4.9.16	a3773323a70e6a9ec458aaeb660ebbc4ca6b3251847d5288f80ada0eec03ef7a	argsplit-bison
yamlish-aster	0.5.11	46466ee0cd4fdc4b4cd41361d3e71d5047a0a6e34b209d91f4cbbefcd8984c6d	argsplit-walnut
colorize-lantern	1.2.4	dd84657b44d5d797c682d23da644dd351f91f69be43b6a8a4dbcfd8f444a58cc	yamlish-aster
metricsd-basalt	0.1.0	9445775466ee2b9b6953dc4d3830ce78a37c86c81a91867074349e546cdc2a80	retryable
cipherbox-crag	3.3.16	b6b8febda02f5b52a4a2cb3ba7d479ac52f6058898023b9b0a4f759209770f9b	argsplit-bison
pemparse-onyx	0.5.6	406b69cc9963920e10302fcc4d6ade2ead00ebbbf69d5b709ad524cde4db9f8f	argsplit-walnut
yamlish-comet	4.2.14	691c27897265b0eb0185099644d969851481961fb9d4139c8d6a11c150f05707	yamlish-aster
ratelimit-badger	3.1.14	ec68df8eea0ad5d596b6776a403a21f69100960fc6136922cb9cfca5ffc10945	argsplit-walnut
clockwork-spruce	2.8.17	30e14926482d5cd50dff11b733b1e6cd91312117113c7a6b3cb150b3ec4d0498	colorize-lantern
tinyjson-lumen	1.12.12	36fa49c137a896bd63c2ea1597c3caacc53cb7aff4b1bdb1261a28a76f827de3	retryable
retryable-zephyr	2.0.1	6cfac86a84495e1473dda428b55316cfec8aa4a15cfb26902cd492487f0e2753	argsplit-walnut
ledgercore-zephyr	3.3.15	c03f95ec65733611ac75951293391b3ac71062bd2c309eb016f652fbb7e01729	colorize
fsync-orchard	0.9.0	18c57f015cb11c298c676fcb783faf69e457941392e07aac61a644530f1f989f	tinyjson-lumen
argsplit-lumen	0.6.1	cef58b67c3962b25156686d0c5951cb3272d7144208df54338421d21d4e3433e	ratelimit-badger
fsync-spruce	3.4.6	4816020465b934ee1a112ec0375ce3e35e22120817ec60f0a88dd40dee66b9a3	clockwork-spruce
tinyjson-basalt	3.6.8	43e334527d6459f54eb8151fa3dec55cc0082dbc4cd71c2bd6404080d261c232	ratelimit-badger
metricsd-mica	0.9.14	a989fb68e9185116f2fd85ef8ae825ec59d13ea8587d4400a3ea4c8e0fae5e6b	clockwork-spruce
tomlet-tallow	4.9.19	2075d1d3b36cea9aba3a31ca65af4ab23dccc3381a87f7670736fbafd9abe840	colorize
tomlet-basalt	1.12.6	238aa7074178558585c3eb0bc60beed4f8e59f802574f84dc6b3aa8fca266201	argsplit
pemparse-falcon	4.3.11	29c753c02bbd8b06b748eb556f201f0f50534d176161b5f763743000e1f434ab	cipherbox-crag
tabulate2-quill	2.4.19	acdad239989d848fa9c7a79435b2abbf3ba61a10d86cdff00f322efac8be0322	tinyjson-lumen
tinyjson-russet	0.0.3	c620889896ad09538225d936cd4daf3e937f433b715218754c335a1a79b0acca	fsync-spruce
tomlet-vellum	3.12.14	c3346642825af6d2127e9899dbc34c09305674c069cd1cb66d32f086dccc91c7	tomlet-tallow
pemparse-kelp	2.12.14	4fab1619dccefb811078fa9d694011297bd8b6af9ceb416dea55a3b4237e42aa	metricsd-mica
cipherbox-iris	3.6.14	5c45d617678ba2af93e5a80718dfe8517d974556acb986beae78e2116f5f498b	tinyjson
metricsd-hazel	2.8.10	bc074e9fefe4f8dd03334073a1b275bdc91be62ecceaff1d0a1d6bffa2762b42	tinyjson-lumen
fsync-topaz	3.12.9	eafbb45f8ebcf3e1886a72adeec850fd6bee2623306b75d9b099e38c2c466c25	pemparse-kelp
ledgercore-jasper	0.6.19	67d328047d6d0152887b66fe900af38276a2b3f54710af9fc96df4dbe9fa4139	fsync-spruce
csvfast-hazel	2.2.2	21f65577288b77e806b2857b43a925584ae9cd572c7a293a870bb3195f0a4d52	fsync-spruce
fsync-vellum	0.0.14	ecf12cc62ff572f79c554d29b6d7925c96926b32e86aeeca10f1e7dd41cbffee	pemparse-onyx
hashfold-glacier	1.3.3	cd4f6891e684b25be4f43fc40cb2aff2b0e55385b9e9b2775eaf7ffc02489373	metricsd-mica
clockwork-beacon	2.4.20	700f6a92c8c4b8e2e99fd0b0042ecb538fe60dbbfdaf4143596b0706c2996a5a	hashfold-glacier
tomlet-sterling	1.3.18	82686d4cb5ccd77d6592e3217a0707240e7b95d43da39014f09874be74220548	ratelimit-badger
tomlet-glacier	1.7.19	c10dd7d0516d8e634cc7f02af8b34d1f4ea4969634b6e289f7689e4c3b525148	fsync-orchard
ratelimit-umber	0.3.9	4018820bb4cf5f1261ff675727374bce36dbac84dc9e3c07881719d54ee32d37	argsplit-lumen
queuelet-cinder	0.7.7	535c0acf9b44ead31a86a228f439110c01a04d237e24494a036b6ca5b5d29ffe	metricsd-mica
hashfold-sorrel	3.9.14	21a5830afeaf4204407af89dea452eaaee9eeba399c1659e1e0ffb100fcdac86	csvfast-hazel
queuelet-raven	1.12.8	87fe5983f12f85f0f2cb1ae723640a93810b7e25e5ff7cb5b8d021a3c0a301fe	argsplit
