# lock for cli (hardened): name<TAB>version<TAB>digest<TAB>requested_by
retryable	0.9.19	0de9ad4a9874a8e308fcb78b9c800fcada6aec857d0eca4db38bf09cba7a940a	direct
fsync	1.4.2	4ba1bd6d9293525c4668574f91fbc2087e0af81e99ceb44bdf36e75baab188ad	direct
tinyjson	3.8.20	fd825005606a47adb0cdff9076a7e45e390b615f04689db24fc37473c9d57cf1	direct
cipherbox	0.9.17	211aee80b8ec004809f47a5a0e010da1d05a0eb296dd111359fa3e44d59ccb0c	direct
ratelimit	0.12.13	9f07bd5994f8622b97bb56eb9b8ab362e86a1347bcf4b992228ec03bf5a29254	direct
metricsd	3.12.12	a29a054d874b5be052bf46f29dd62603481529754252c61aeee33c2e79e2a483	direct
queuelet-fjord	1.0.13	156116aeb67b976b39f7e40a750d0774bf2f55c3e6a0b1ea9af9c1893936754b	fsync
cipherbox-ashen	0.2.12	42bd936c77afdb08308a7d56e27f8288c8190e6f8b52fcfa87ffbd8c909375ae	retryable
tomlet-bramble	3.9.12	0db6c1d35eb7aa5f36d8ba3643f2f10cffc4c5713b717885ac362714f2f4410a	ratelimit
queuelet-larch	0.1.10	110f55b3706a846296e1ffc80a82b7bba91d1e6721c0fe0f16970a75d42491b3	ratelimit
yamlish-topaz	2.6.9	fb08baf96f81f18af28b92b070951f542d40aa38faa82f2281b0207f4f83a043	cipherbox-ashen
queuelet-orchard	2.5.14	7ca78db9c07d56c4d47a8f55ecd441d802cd9994e0c48d33bc0417964f5b23e7	yamlish-topaz
argsplit-citrine	3.6.4	3c0762d78044047fc639a6647099f53831dd9367a57e56ee53a0385b95f85a19	cipherbox
blobstore-amber	0.12.18	b52c89b6f2b04ce75c9b2223b3c247b8341f28c2cfebb155f4b53354e8458abb	argsplit-citrine
queuelet-lumen	3.5.8	f550bc2c7c901d0e8864d925d9b03a75e5df144f3834eee25094498a044c4bcf	cipherbox
tracekit-sterling	0.11.2	a09e4d7f983c1e47f14ab1165c7d449a493cb73ff9907965bb5afd604c594201	yamlish-topaz
tomlet-gravel	1.10.13	834293ef3d63cbe327d90dd7e2ab0404a588745f7f99f249012ab2f06f71c910	queuelet-lumen
colorize-birch	3.11.15	3ec731466e7e17391c8b15c036650065fb90fe5141111b09e040475ac6b83546	cipherbox
retryable-plover	0.7.3	6c7bc58d7c764431c9c9b0f1ec1101f33ef2081d0c6dae4d359470da801c8fea	cipherbox-ashen
csvfast-delta	0.5.14	0ae74cdd25dbaeb87918d987c49cfa129063379bfe7e918a5b7717ceb1c82af4	ratelimit
csvfast-tallow	2.5.8	857e67d29dfc17882ea48768ec392ae43fa834e46e2d24eeb643a5dcf8d22aa2	blobstore-amber
httpkit-mica	0.9.13	42c3190765899bd30bd15ffc4328b3694229d7a273139eda2b91302e2b6196d5	queuelet-orchard
yamlish-linden	0.1.4	b81f8d5a7fcec504a9ee1af08e67ca265a4a3767f29f6bc279c4508dc2d5a15a	cipherbox
csvfast-glacier	0.10.12	e25a7f26aa4341369cae40b7307b9ac01c699f1587fe262eeb4737035837e228	retryable
blobstore-juniper	3.0.12	9e1c7b972a7b8c906751192ed676f278cf5abf419aaff5c604bf1b9a08d93b7c	queuelet-orchard
retryable-blaze	0.2.4	b08f0143f7e4137ffe91f93e71ef6d238f4ca111d46ba2cf738713a9cadfd0d3	csvfast-glacier
tracekit-iris	4.12.14	85333e87864371493923a9dd87b081723cb0816df60f69002198c36b678115cf	queuelet-orchard
colorize-ferric	4.9.9	4458e6b64b2ca6c54872f0095788a0b4c79ba196c683b282625eeb4a0266994c	tracekit-sterling
queuelet-bramble	4.0.18	543cc4db01c818fabe68c4a9bab26136f026a4442c467b31562f5826d39ce6ad	httpkit-mica
cipherbox-jasper	1.7.17	4448d53f68cb1a37942213c4e9e81a3eeff9b17918f7bd45085f6c054c4b11a8	fsync
blobstore-larch	3.12.14	0bac2e3ae07aa865b4b53714eb1d0c9d15e3775c0dc82d74466580dbb2126f64	ratelimit
tracekit-osprey	3.4.2	e2e8c81d92e24ac39cf2c7f025f8582672554178fc1fb45b8cd6337d39944ee5	yamlish-topaz
yamlish-anvil	1.6.0	319257c64611cc81bffaccb64f5f3385be33dd57ac8d5eb05c972eb2b2be65ce	blobstore-larch
httpkit-tundra	3.6.6	2f5b8905d40b5a8d0a45b62aec52ffc85cfa1bf87c5a1fb606fb0825d1906ebe	tracekit-sterling
hashfold-dapple	3.1.2	988f670122a4918e0740d45c55cdd7b00b3a855f4840d76a4a0f333632bc2e39	cipherbox-ashen
hashfold-juniper	1.7.18	75163cd442f643ec1d47d885d9e573997d8576ea94a4f95d4a125e2cdcf3be77	tracekit-osprey
tinyjson-cedar	2.12.1	6bd72c1dce443ab1967948b49277d69262ad8b8d2d515333ac1ae12321b1de22	cipherbox-jasper
metricsd-birch	0.12.11	0ccf4989a63e3db7f0eba22b08957825949f9a5f44fbb3ac0f2525d8fcc9de6f	yamlish-anvil
