# lock for exporter (hardened): name<TAB>version<TAB>digest<TAB>requested_by
retryable	3.12.9	c95624ba96fa62372eb9014e975550bf6ccc0ced3b0ee374e555681ce9757613	direct
tinyjson	2.5.12	2fe835df9bbacce49b364be11cf77aafa77a55090fe6453ad45db17ee204a246	direct
tabulate2	3.7.10	332276aedbd884b479a1136cdf4aa50c1e730d95cdd6287bb372bf056ffb2272	direct
blobstore	3.5.19	cff9c2251913fb55356154be9e5f6efd88f61ab4017031269b66047bb3aea4a3	direct
csvfast	0.1.18	acacab663008b2192f02b8b1c28c28833fab04f02e559c3eaca3c87884102479	direct
argsplit	0.10.4	52a42317314a30db949568e6f2cad814af4a4bef340c18ead2357d63538a79c6	direct
tracekit-hollow	3.8.13	6eee1c35bc1d1d959981e86b0794c9a8b03901497182ae341ce21e56853f088d	argsplit
hashfold-russet	1.6.5	1cc122c035f83d5bd09b9ca7edd7c3024d6d30e65abdbd07d2d39a443d19bdd0	tracekit-hollow
tomlet-bramble	1.0.1	98d7007268e37e3e3c82af20ae3baa86821c24212396e76962e736d81af76ccf	tinyjson
hashfold-rowan	2.7.15	a7d766ffa0084a51509a06a999179fabf953fb01633868e793d2532fc6326093	tabulate2
csvfast-linden	3.10.18	4de916e446f4238dfce54e799f791e9c358df8d8e1e741ffd3e929771278998c	argsplit
clockwork-amber	4.6.10	075cfe0a6404bb63412c5be21ea5d96e974fd0e6554763cf2ee0252be35acd05	csvfast
tracekit-bronze	2.8.13	7316a9e91cbbc9b6b54d0754717b6791f6fdb2ad43237a7ee69ef928cd34abce	tracekit-hollow
cipherbox-slate	1.4.9	b9670c2fbddba4ad0fb93e0e6a0bd1034e92713813a1edf22ed07a798dec8c86	argsplit
tabulate2-tundra	4.10.9	4dc531dc6d5a2b23f8496421927f502aad7232f8729053fb6b49c64c73686a9a	csvfast
pemparse-ashen	3.6.9	013f87195a07ee3fbfc25b24485e22ccd5886d560b8f771786143dece7e1d42d	tracekit-hollow
colorize-avon	4.5.7	204e607560d3469b47a539bfc06e92d60f54d92ba91a3477f4ccf74d615e2ea3	tinyjson
clockwork-rowan	0.6.4	076ef2ce705ba7cf9184caed818855966e6b922f7912c1390b06e324a911f059	retryable
httpkit-beacon	3.3.15	91218aa90501b528abe0f23acce356ab24c1ec7ecdae8f9e3a573c602647a480	tinyjson
blobstore-mica	4.4.11	3d63d3168bb2a43f40c0807c9d6ab78f64670bc23a6942c501620503381f3e10	tabulate2-tundra
blobstore-pine	2.2.8	8f6141a9fbc0dad18a7fa9d609c2281c8bdd31534d06bc3c083ffcd6d91961ec	blobstore-mica
ledgercore-ingot	4.10.2	ea8930a92132d019514433ed516c7617f6f80ad41e1a1477a9e93bd182de92cd	tabulate2
blobstore-walnut	3.2.4	846afa28e251e2e07285cf9f239874507920f1ed466d5dc8184edd6f433067c6	retryable
yamlish-quill	2.11.11	08dec2bca72d3f1a92b88e71b4b8d6fbf5d1ec184df7060bf9fbb6691dbd3dbe	csvfast-linden
cipherbox-pine	1.3.13	6fa357468dfab5921d9def437212c14ee58f2d7c78fb986fd499bda7e57e1e2d	tabulate2-tundra
tinyjson-sedge	2.9.16	379af5efb6bd56f2c0175ab595f67ee66eda390aa3083e862713f0e0048fd481	cipherbox-pine
argsplit-shale	1.8.7	4e89e7d7cd3ec77361573e5cdf457c6ec72fec108b463f2c14632208e9b56e22	pemparse-ashen
cipherbox-blaze	2.5.9	98a9a4f33d232c84c24dc8751841c7eb19dbd4dbf3f6b7095abe21e092ba846f	pemparse-ashen
colorize-beacon	0.7.0	343634766e1c4853c486aaa7f619bf66c4efc56d85e2058414ec62050996060d	blobstore-pine
ledgercore-kestrel	4.4.14	cc7a5f5dfc7ce994599be42eb77682a471fc25b9a2101041f1624970ccc13cbb	argsplit-shale
blobstore-thistle	3.0.5	0aee984462909680762a416317d6b7c88a3a1d3c0e0fbccfd255ad8b5ba358bc	colorize-avon
csvfast-comet	1.10.17	d18a58b8edd10ca69261e342ae70cb77f0cb4fe05619e6f5886d004bf4318188	tinyjson
ratelimit-jasper	1.11.7	4fe987ef26bc891f39baf989f8e8b60644c8ac8477ff7fecc6037394dd2944f6	clockwork-rowan
tinyjson-meadow	2.10.11	5a1163a4b56c77f78c78b8892f0765a3807560c2aa893b839d43c526902c4ecf	cipherbox-pine
tracekit-dapple	3.5.12	685cc00787104d5a852f4d4351b1a594c7a4c3e91e3b311a931c5b07ccdb462f	tabulate2
fsync-reed	1.6.20	92a7ce9111b32e8fd74c83a073593136e582970f9d7d128d61affcc2886b89ac	clockwork-amber
yamlish-cypress	3.5.15	8a72a36c3f4dc416461d7067f0ac965dc115edf2df04f91be7fd8a130d4ce2c8	ledgercore-ingot
