# lock for search (hardened): name<TAB>version<TAB>digest<TAB>requested_by
blobstore	1.4.1	d3c3f6ba6d71bbc481abbb1ded55cbb2812c3224a53996ea780e0f669af46e08	direct
argsplit	0.11.5	b72345b19b9be877e715f2421b4411a52c3a770df37be1436b28a74b75407cb6	direct
cipherbox	3.5.5	de147f45748e8a0f76844b19fa2984db983802f2cac1ccfccea835bded4a5c5f	direct
colorize	1.0.19	d9003c6320682bfcf834dd1a9c78cc6333d81fc30bd4d896f7289da82d3fd1b0	direct
httpkit	4.7.3	8123aa8ba2036dce4df8851dcfd08ad55d6261abc2b9b298d093eecb0b4fe5cb	direct
tomlet	2.9.7	d2ffd5f3fa41f0f2495138b1bb6091f901dde7f97887fdda28c1a92279dfbaac	direct
cipherbox-shale	4.9.19	295e5352ed61a094f43d8c7a5cda711acaf4a329d95529a35aa1524fba878e09	argsplit
tracekit-cobalt	0.4.15	fedb7a709b510eced214c9acc897e7961f21f146f69e5f61dc9db8fdfafc483c	httpkit
hashfold-gravel	4.2.14	21a71dd0012235b37d1d60a7e49a59f771a08fced5809b08f9eea9b603a581ea	httpkit
tracekit-ferric	1.6.17	4cb1a8b2e72f03fb8d9ffa498d13f5d39ba70245b84aad63196728af047737fc	tomlet
argsplit-onyx	0.10.17	a757394053dad09e840a6beeaee64d8ae29be83b0a71c6e1c3a9e248602663fa	argsplit
tomlet-lantern	4.11.15	e0cb7834c5fd755cbf2aa978a28694f11381c8aee7f56bf741795f865f005282	argsplit-onyx
tracekit-nettle	2.5.7	5e8b5f2743e8541535270e1bc46193970a18fc93f2a8cc2190496f1c572f3eec	argsplit-onyx
argsplit-beacon	2.10.2	aeafe00094ee74e6fcf315ec1cc86e88d848ddfba1605ebb1c8dbb964ac9176f	cipherbox
httpkit-lantern	3.10.6	d905f79558af112907ee2bff1ae73a6242c4443bb2e5880806fd1000a78fbbc7	argsplit
argsplit-ember	4.12.6	d523dbddd777dd97671a14b12844479b57364a0bc884e0df82b8c2fad2c24d94	cipherbox-shale
clockwork-willow	0.2.4	84276420ee21024d2395b45903af9675aca83aa34096f20143bf8b8ff3bee635	cipherbox-shale
argsplit-ochre	3.2.11	41e719fc56502fc3e15d7eea49be59ef80ce6e002756ca4547c86c1d9b0897f7	tracekit-cobalt
argsplit-vellum	3.8.19	15d97481f33a1446e57d13cfc5d959fa7f62f9bba7f85d38af8282bba77b68be	colorize
pemparse-blaze	1.8.7	339def2dad3054fbdf7d5bc19290eb27e513057b4c35001c2afcd4e9e48b96ac	tracekit-cobalt
tabulate2-cobalt	3.7.16	c42eda34766fd93d4f1d4b4e8f0c1e4398d035ce6ac2c8e701e4becd540e33f9	colorize
fsync-pebble	1.7.20	8a5ae8056400df01b399fd45b04a271b4d4a3ddcd84d8da89b7e27029188cd28	tabulate2-cobalt
cipherbox-quill	2.12.13	7bf5d2f1311cf30c0d45ea71c1f6e8a4c5216935c50340d67bc9d22d42e92b65	clockwork-willow
tracekit-plover	2.0.9	b7ce860013d6889cfd62387d418f08d81fefa929245f931de4bf0d85a7b008af	tomlet-lantern
blobstore-kelp	2.8.3	e7931d356ee0949eecadc9a848b8276a04ee871e22fa6561f0688ed4dcca488f	argsplit-onyx
hashfold-raven	4.7.15	d0127b51854f8ec5cd4995ad18404784bddb75016488fe3a8292588609ce90f0	argsplit-ember
fsync-sedge	3.0.7	dfc9d3c7c2e877833d813138e0ab0fe32e0a34ee275a9ca977c480349dbcbbcd	tracekit-ferric
pemparse-falcon	0.8.11	5d8e900ebbada3bd3ae9df9845aaa046bd1d16380b131af47917c4ac8560968f	argsplit-ember
hashfold-walnut	1.11.1	6ebff221a491d51d9a65ddb9ddcee10c93d73ef90ff98106c65fdf9e1084e492	argsplit-ochre
tomlet-nettle	3.0.0	31116a104a2804d6dde45030d73c54e28ca3b7681a575c7d2d9a12747678243a	cipherbox-quill
csvfast-raven	1.6.0	bda4a5498ec4d3ae8c65f8dd0f3aad3f42b87ed9ce7a4e169a4f553c67c1feed	fsync-pebble
cipherbox-russet	4.3.10	43be42d64e8f773a4e757d4d272159fe7320c8d385962b1f390d932056c0917a	tabulate2-cobalt
yamlish-lichen	0.9.5	29147a5940fe2ec008f8e353a0c497386cc7438889c47981081c3ad665b2a061	cipherbox-russet
hashfold-lantern	3.2.2	ed2a829ad4c51576902dd9ec41bff9af25b58d695ef7a64f69d3a2c58e5edc3c	fsync-sedge
pemparse-blaze	3.0.13	ef88359295a4953452f41113e4dcbe805e71a2585884ef2cf9d1d68ba66bd7ab	pemparse-falcon
queuelet-ember	4.6.12	2d87b05cb883d7bc8ca4382fc7d873df349d721992321f6f6423273df3c26aa0	cipherbox-shale
tinyjson-amber	3.6.1	9b48ca061820d324cb00c2198c6f1cba7759986d56327c90cfc4609d11cdd0f8	clockwork-willow
