# lock for api (dev): name<TAB>version<TAB>digest<TAB>requested_by
pemparse	0.11.2	ea7851d36d12247c674348fc9e5bba84596b051c405ab927072197c339a01d65	direct
ledgercore	1.8.19	990d2b087041f25dc7366fc3f9bcfd9898bfb72ee738428808f6f73baf200a70	direct
tomlet	4.2.16	55305bab3c08e45bc0d5aa4715ff716274e87134d5f148a70c6c0a706a559190	direct
ratelimit	4.1.9	8b5c1d27c6c2091adb13d14d942998e6bd60130533ef2ce1cc917d9458c34070	direct
tabulate2	1.2.18	023e8778c9db316b5021d4774d083d68d82c1dadddadd82eb9cd894735317c5e	direct
cipherbox	3.1.18	73fd647af6b5ce6380b6c351b6172901968fd9f2abd35d60d6d61b33676be365	direct
metricsd-mica	0.2.9	e50357cea81b75d7eadcf8ca6df64ac9e5d8041a3a76d358b4fb1330838bcd81	ratelimit
pemparse-sterling	1.1.14	8a0a93fa8b5b195353217944c9af07ccce0f4d900f9fbeaaca54cb4dfb19a739	ledgercore
httpkit-kestrel	3.5.2	ae332bb907233994b5d104e5d08dc17582d54ff6f27d205623b59cefb8aca82b	ledgercore
tracekit-bramble	1.4.12	0b3812c728b14d3ed7ee510e6b6d29592b968d4c7dee75fb412c186d2efdffb7	tabulate2
tinyjson-ferric	2.3.8	578b91f944d39e02dd9292fbe4743c66fb71677f40d241696ad0d0e11321b07c	tabulate2
cipherbox-amber	3.9.6	67d72ad97b5ef472447574171e16e6d600580d2ac6d11cf0e45b081978f27f3f	tomlet
blobstore-sedge	3.5.18	1bd63b9cf50c6d8f07409da7889b65c68e14b5e249413465ab1adea526f2971e	tinyjson-ferric
cipherbox-cairn	4.11.17	fab1d1970ad10d1ea3daf2d639cd5e7526ad78b0fde59c1ba4c70f11e5698d35	cipherbox
tomlet-aster	0.5.1	099a9dbe8d1a345a43a2b921c91066fcb1587679650a24a358e7931affcc46a0	tinyjson-ferric
csvfast-anvil	3.2.0	0de9c67dd8e37957eabe59c0c068bb2e70e689c53c0c7de6126fab9b111007d7	ledgercore
argsplit-iris	0.9.12	e2cffadbc75f07a1300afa7ed9cfcae70c3207673bebedb9926a5825e3a0592d	csvfast-anvil
yamlish-cobalt	1.7.7	b772fdc870bd3c59549c4fc8101155ae8a655a062cc92cc70d2bd99240348da4	httpkit-kestrel
pemparse-alder	1.9.20	bcdb1062fbfde0419bb44ee9496473caf1fbb9882150e53de92fcdee6bc12db2	blobstore-sedge
fsync-dune	3.10.13	aebb5376e7cb736389d1821d155a2a96532d0548e78945771e6c9e639742dce8	tomlet-aster
yamlish-spruce	4.8.15	edb851bbab563d0722ccd5a69c16f5a63a4f7b2ef4bc2cee1ae5e1bc50ff3f14	metricsd-mica
ratelimit-cobalt	3.6.7	0c7c3ef484877192cc1d5506a9c964648bf3333d1ee4346d90e638a96039d091	httpkit-kestrel
argsplit-citrine	3.9.18	9c96f1ba574b0ff0b79fd6b6de5cba1a0767d3f787ad715d1f150cc2a45c4da7	csvfast-anvil
ledgercore-russet	0.7.20	374b2f2435180517898398e140d18aa1120ac55783327b337627d70da5ad34b3	tracekit-bramble
yamlish-crag	1.12.17	8c1ef2bf1e134a9a06a5d4e85dd4832e35416abb8e5d6d1e45db11dc26d5fc31	pemparse-sterling
hashfold-iris	0.2.13	db3a438a46d20d365a84e260f86ccf4cee699d4f237d9ea410c3f11c7ec3b086	argsplit-iris
fsync-canvas	2.4.5	ee49005dff4020339edbf5f12ce46efa0fd26c96e165394a6e1cfb1682a531ea	cipherbox-cairn
colorize-willow	1.4.20	1b80eeb15cfe10d896c838649e14ccc4d029dd62ea4aa13227a376d543a131ed	ledgercore-russet
colorize-basalt	0.8.13	a9fcabfc0a97361bb6ef4820cd7d3dacc72885c3576d1635991a8c0b6637ba26	tomlet-aster
pemparse-comet	4.6.2	0d10686bcdab13cbab170cb0c362667c9295048abc3602c013ca28ad9465d466	yamlish-spruce
blobstore-bronze	3.12.12	12b36f0e1994ffe02856c8cf9912a04d3ec5d17aaa19868b7bec222e230bc85f	cipherbox-cairn
tabulate2-summit	0.4.17	55eb63558cb5d739cd59a7c41d80c953b3e852293a28a1023a89cbf27b9d49bb	tracekit-bramble
csvfast-birch	4.9.5	c17f05a359b2e44a10e309c6e4172ca47a2a7187a31868d9334cb96a3889bd16	yamlish-cobalt
argsplit-crag	1.1.20	8f3c8c92e0187d39dc3330d1c490a16ce1620418c82afdcca8cd24a388e7b304	yamlish-crag
tinyjson-wicker	1.4.9	5202594c8564d241764905d53ca7a2a093497d11b77e10ef9ce59fecc2ffabdc	tabulate2
clockwork-gravel	1.11.4	2736240f56a74e93b25596e3dd745660a1de5dfed32b5289026adb01c12459bc	tomlet
metricsd-pewter	4.1.5	39cd498083d41618e82bbe5db2cd7ef9deb96339acb85c27ac22c6de02185055	yamlish-cobalt
retryable-atlas	4.8.12	cc9ab37579844ea7827ce35f61a06df58b895f10865808bf3a8b441bba6c07fa	ledgercore
