# lock for exporter (p2): name<TAB>version<TAB>digest<TAB>requested_by
ledgercore	3.4.1	d2d799a04893dcdf93749c1ba4963efa54b30ae0c1ee366c07e27eb16b04069f	direct
blobstore	4.12.9	8f8aaca202a6541d85a7cc4e5ca1eec82b9b4fc1037067a0f29d0644afb6d094	direct
tracekit	0.10.7	d26375a131fa4aa416db7b0ced04e19b7c8306feab0085aad7900735065a55c2	direct
clockwork	2.4.11	17f15f1f43add203684f6423780d7aa645d62ba05a80a0cfe21babf88dc3565c	direct
argsplit	2.4.20	ac630e1cb347ded6a44934598981f91d446aca9584e31d0e8eee1ea8e39f3306	direct
yamlish	1.10.10	20d9c3cbb65c8e2e41561f9d0b88c7a3ac6344d74a60da161092f212f73b77ff	direct
clockwork-ingot	3.5.12	188206da0c356f3b8aad4ee3bc7695dbb0bdf03e3e336ddba19b676aea6dc6e4	argsplit
queuelet-vellum	2.8.9	12a61868a81b97af217fd91d56f0eaf10ea4144e56a7ca340430c358795d684a	tracekit
cipherbox-cypress	1.10.18	a108ac75422c8c52a6230a30c959984135bea0dd558e31ddde89d354a3cca0cf	clockwork
fsync-wicker	2.7.16	def3d96bf0b85ba7eba4a8d7f4191fe876280f2ce58a08c66d3ac1d879ab8fd0	yamlish
tinyjson-quartz	3.1.14	d0019b421946e225a90afd781164f4789ac68a7b03ee49b17563f64245904aa6	yamlish
metricsd-thistle	1.11.16	9079b211c3177ffacd46db342aa5c2f00506cbb116f4210670594c06b87a767b	tracekit
colorize-fjord	0.3.1	793ca72dbd069feb2b8d9982030dc98769d3a9ee8ac0526860e99e3ed828f611	tinyjson-quartz
tabulate2-thistle	4.4.10	5def06716dbb47d06c68794fb45c9be0c6bbe3298e7ccecb9b949beaa233c32f	ledgercore
tabulate2-coral	0.2.14	17462b18ed42d956bc5ce2f75751aeca7dbef271657b8c39b57290a00d1219f6	tinyjson-quartz
metricsd-sterling	4.8.2	8290765b8b0d41642d73c4dd564bfe4577ed30475b0f505c270de9e0522b3bef	tinyjson-quartz
blobstore-quartz	4.5.4	b0db2d228cb03997cd9e46042052a332c1a24a4e0c4cb93b56c302ce799cec06	fsync-wicker
argsplit-ember	2.4.3	6f18e305d5be0aab4194eb83fe5974d8a18fd670fe06eca400812a0acd107b8c	tracekit
argsplit-linden	4.9.20	dc3d2472ef07dab164b641e127c65f6a568873f6f4ae684aa1cf1b6b9340f610	argsplit-ember
retryable-orchard	4.11.11	e2e60c69101c43d9d63bd94bbddf96db2e6ce11a93021e4c1421092070d7f8af	ledgercore
fsync-coral	1.6.20	568266ed14999b736af276f96679f1bfba25b89ddb09340b1a2f28914068df5b	colorize-fjord
tabulate2-heron	1.9.4	58edb9990edf1898a74e10a21b5a9b5f0277aec1926434dfded09d51aa1def5a	retryable-orchard
blobstore-ochre	2.9.18	2cf1d06e86237ec26993dffca19f42261518b96f72c49ce0ced7a43c25668e11	metricsd-thistle
tabulate2-fathom	1.6.11	e748ee4904a29ebee2cc020790b7360addd49ec674853e089a449ea3178b87d1	argsplit-ember
pemparse-onyx	0.1.5	6266c47e5a9d2604bbe793017cc8d9f854df7e587bd4ea7342dd7b602230998c	metricsd-sterling
blobstore-fathom	1.12.11	c69e8163d13937331d2a86673ef089fc2887a2c270e3a50dd331d75f1861da4b	tabulate2-coral
cipherbox-linden	1.11.20	d95d0558b73f52b3865b3975eddee7c66b3153639169f32e3e81058cf3d300b1	queuelet-vellum
cipherbox-dune	2.7.1	46f8072df17b7c11fcce600acf8e5c6be785db28cf525d835d6815642f8b7caa	colorize-fjord
fsync-moss	2.3.6	f82242ef5724212e98d7871c33cd2047c6ff9e200a51e2a3879fa71035dec0df	clockwork
queuelet-pine	2.3.8	a9347f9ed0ea391a6e0fb9ed45a12167f71e0d71e498c4e43497c2da8b96a4c2	clockwork
tracekit-cinder	2.4.14	8c2170400f555961685d11842ac55c824ec88f92e02e9b9e1df2d6cb31e7ac7c	argsplit
retryable-tallow	4.3.11	acdf005e009301af0e77c04348f647ae4c2a19ae36ca1434b171cd47054932f6	cipherbox-cypress
cipherbox-onyx	4.5.8	60345ad18eda9eeec0eea43ed273b6ab8218d4f639a05ab7440cb6071d127419	blobstore-fathom
cipherbox-spruce	3.7.6	a08fb662f3b819ad7a15dfdc78555d099ef350cb486083c44e43f5561106cf92	metricsd-thistle
clockwork-gravel	0.0.8	fa8d08b29db58de729a2550d5b3dfb02c24ca8327a45b344d885da1c8b33300a	colorize-fjord
blobstore-verdant	0.3.17	6145f32d367cffd163242be5f6215d167b68378f4a68e02f79f7983e253b58d5	tabulate2-fathom
httpkit-blaze	4.1.11	bd49d5af02d7eab008b9c22ab0b353c2144b66724faf429851665b938c49a8f1	argsplit-ember
yamlish-spruce	3.0.6	99e622b7cf75ccf8507192ab93915cd613c94d5f6f3066f2633a86a37c570a11	tabulate2-heron
pemparse-walnut	1.9.7	7858b22d31a3cca349a32eefe7893869c98993e14f344eec8e1b029e518cb36d	argsplit
yamlish-comet	0.11.2	f4995c1eeab98e35834ce52ac575d3b023f2d90b883a55e44739355030bc1450	tracekit
tomlet-pebble	2.10.20	da84d07979ba555474a5d40da9be4b92121873f0deafdc9487c72306568b2d18	blobstore-verdant
ratelimit-avon	1.8.1	829e783a3cd702494182fd1a5a3aa2d699f8364e18f9d70274186f4c7f7ff868	httpkit-blaze
colorize-fennel	3.12.4	299c9a22992a80f74ce8ca63e1b32480f689aa3431c65df329cae9d997096ba4	queuelet-pine
colorize-glacier	1.4.17	3d74700cea114e71597ebc9cc5d511d2b08ebd41c44e0eae6cfb845c4e9871c7	argsplit
fsync-kelp	0.4.10	8f34755932fcccbae5363cc050ab742ce76c27f42d5f7ddc6068183f7cae1dd8	argsplit-linden
tinyjson-ochre	0.4.11	064880b46a52ef42837c9449c5d579082df70ce9cf6c1f6037c34dfa9c58e968	pemparse-onyx
