# lock for gateway (p2): name<TAB>version<TAB>digest<TAB>requested_by
ratelimit	0.0.8	dd44075f84d7817cc3b46d3999526e5ffc10b475fd85c867d7207db44a7928af	direct
colorize	1.10.16	30291d66b663bd62566fbe5ab6a0b2dade3dedaf8cb0ff8dccb48839ff718086	direct
tabulate2	1.10.4	54b63229f257c20675cf800a447fdc47f4769bfb0628e253eff34eeca349a637	direct
tinyjson	4.0.14	f210dce14174024fe5529bb8da2aba5ade629a2f5f3cfc5cae6a174904549102	direct
retryable	0.7.0	f8998500f7d094df54dc7b60b8b7c1ca334c6873216a3b7c80eaf86591cc1218	direct
tracekit	0.12.12	6d2014cef761af332f2b316ad563282f90ef44833788ccec66afa277e63f7e35	direct
retryable-brine	4.9.10	8aeb2fcc6427d39a4a2bef43ded5e435704b3d07f62152ae386fe8ddf1395984	tabulate2
cipherbox-amber	3.5.12	4d98e494b5525815e9f1fda56c158147ae1e61fc3055167f5d8e2f70cd052cb8	tinyjson
tabulate2-meadow	3.0.3	b89f35928fc566a61f9aa7b268a8ff25fe42b53e0eb21b10296de4e001b85bf2	ratelimit
colorize-heron	2.7.18	bd9490686c3b8e22ed6ce627faa2547f6af9ef6ba3779453510fca6432ee462a	tabulate2
retryable-basalt	0.9.11	4a02d7d0a0c39e8cc68a24af029d4c5fd0ccba0452de57229eeaf1dc390cfa63	cipherbox-amber
argsplit-garnet	2.10.15	44ee4ca365f3a97a3cb67aa43a950795c35666c637110fb1291b9eaa95f9378b	tinyjson
ledgercore-hollow	4.5.8	d74b83a6d64279ed994ab9af34e2ba08cf593c36d837e04d96aa9d6371a5870b	retryable
ledgercore-fjord	2.1.2	712a93e5cd981263cd5f279e516051b05c08a91d8b35887e004bb81a570259f9	retryable
tracekit-shale	4.8.16	6c81b69e6a210543b9382d28bc35b2b8b0ff5ffdb76cb91231410b0aa181bf0e	tabulate2-meadow
clockwork-hazel	0.5.8	6c16d6cb285df45c1eaa64afdcb61f6ec620d745a0236ab6c18575e71fa9f086	tabulate2-meadow
tracekit-sterling	0.1.10	419b625d50dfa54ea714abf2c027889083123d695fa902aff1e61986cc23ca0e	argsplit-garnet
tabulate2-quartz	1.2.16	af0c38994dc4983413e73e06390cff376ee66409c25346abc5ce667cd757549d	retryable-brine
pemparse-juniper	0.11.8	ddfa1f43efb5a6ead2eac683f3413939e50c6170cd38fbb962ec4fdc5e77cdff	retryable
colorize-heron	4.5.9	544e85b19c9fa93b321621bac8edb4062c70fe824b53078598776516dc643ead	tabulate2-quartz
csvfast-granite	1.5.10	06dae250956d1fbcefb8af6949f8a6b7c1909012e81ad40c65c35c10b75ad297	ratelimit
colorize-ferric	3.12.14	80ac7169b0820afdcb2c87c0a0251eb902e35beb4b671b796aa7a93558c31ea9	tabulate2-quartz
pemparse-glacier	3.12.1	3a4537b1e351ef0be57d928842d0d8f05ccd612671ddf21aee68540a159bb6b5	colorize-heron
tracekit-thistle	1.8.12	fd3c7ad3bb968ec6550f8d855b7c83d8c90578910077f23a4faa46afbae117ea	colorize-heron
httpkit-topaz	2.11.18	b786ef0f58488346363d29842d226495f9b4762c95c41b6cf21bb4d9d84dd967	retryable
tomlet-garnet	1.6.20	35aea6154977950868291bf86c06745688a524de3ed539df00a8c2f99b280ca7	httpkit-topaz
queuelet-canvas	0.5.7	67411028f194d70218ef31be2d0ca9fb4a9489d06f0932ffa557998c4a80ff3c	pemparse-glacier
ratelimit-atlas	2.8.20	c57da2272a82cf9f17a36079d8b8545507f2ad6aff30eb71d7e068a689cd2b67	ledgercore-hollow
retryable-jasper	2.1.6	feab7c49fc288aea94cd3038839c54f02ae41089a5dc6029d82d961de35706d4	tinyjson
retryable-thistle	1.8.0	0f65f8bcf2fa01422378cb8102b9d5a83e276e02cd8a1c475d8d2a40b9a24e8e	retryable-jasper
fsync-tallow	2.10.11	8bb97740bd2c837ecf791a98bb9b4c58beba62b3f5907acc9148fe03a570d3e7	tabulate2
httpkit-blaze	0.8.13	d1d6895fc34461e621803e528dd41731b6a18580415a372a350cdcc85c2fd174	tabulate2-meadow
tomlet-orchard	4.2.7	b4bc8759ebd7ac41277222b8b66dc5148cdd1a0a6a536daec9af6f8aa6d2b92d	ledgercore-hollow
blobstore-gravel	0.12.20	388e225ec2e4a9270df57b7c939f508fcaa6778f60bb507c21e8088c2d843113	tinyjson
clockwork-ingot	2.4.10	c6a83b668570e2724ef6a80a9ce39b0d7c0af2e5626768b16b053797f43ba155	csvfast-granite
pemparse-amber	0.8.1	f7a16fcc2d1d8930e3ce7af8d478db726c95c5a6a9406f2a3ecf7215a2c7a989	retryable-basalt
tabulate2-amber	4.12.6	1ce3561676df3265411c6b45c0f9daae874025147701db284c626db56c3a7a69	tabulate2-meadow
colorize-balsa	3.8.16	1d8fcaa20d3401175c6f236dffe45ac21be179a1582177fb46637a75375a8f30	tinyjson
