# lock for worker (p2): name<TAB>version<TAB>digest<TAB>requested_by
ledgercore	1.1.5	87eb468481393ca989c4574ed630d38822586c569d2164126dd78bcd43931d1d	direct
csvfast	4.1.0	6ca7ae9bd6cea5e6b49c2b215f2967403652f493528e3cffd35c4b7bcb0e3cf7	direct
tabulate2	4.7.9	26342d82d4640e07e2caf7e5beef1cd46129ff6c86f4b7c53cce6ab49bd663bd	direct
argsplit	3.5.7	dbf421753f2741c4354ace90e7e8a1c9ff3aa2d2fd97191247ac3dd254d961fa	direct
colorize	1.6.1	a67fe1846289c8ecdf3ff5cbb7b6357a3e8edc01804634bf8de5909a6fe40ecd	direct
hashfold	2.12.0	75c8e5bbe08a90cb0c99c77ddd46707919acdcb09f33e704854bd6b9d0ee0cce	direct
ledgercore-pebble	2.7.4	5c84460855cb6419590a345867aa525d95ea02dbf520f211e362eef118b4a303	tabulate2
tinyjson-wicker	0.8.4	db98e9b976c4fe4f3e4e66359a9e7ef9e906acbf9dfc117227191bdc1ab312db	csvfast
ledgercore-jasper	1.8.7	83768f91155b73c14e906ece5d49fc114989818a71db31e7855c9c05b8372112	tinyjson-wicker
metricsd-heron	2.7.19	88f55b275784d3165e2b71f07401afa86f8d14202a7be0dd64a71c3924c1034c	tabulate2
queuelet-iris	3.10.9	95e10f3dca38f197b809f2031457bf59ad4e2d3c67fcce62f57969b36573f133	tinyjson-wicker
tomlet-juniper	3.4.15	02bbbf0814abebc3abbfd5ca0eb3d36348e1203633ce552482864e6a670e5767	tabulate2
pemparse-cairn	3.8.18	fc9f850305eeabc9737fc5029272f291569651d9d53a114cc398cf894878aa3a	colorize
argsplit-jasper	3.3.14	37678cdb6a3f70b24c71ac7ebbbd7ccb3ff9c2e25364957e846acef4c0678be0	tomlet-juniper
hashfold-falcon	0.7.12	249d3d0d9b8ad5ec5ed088f6bcc6cfa065dbe0531f0eb6cfe4ff07fe399dbfca	argsplit-jasper
tinyjson-atlas	3.0.18	12c2c626f2a6b759be9fa1f19a0de0ac5d685baf5708c08c23c3d5a102c02add	tabulate2
httpkit-reed	4.9.6	7ae4403c3c299fd66f4064857394eb2888508026ce02646b27926e4d9c3e2bb6	ledgercore-pebble
ledgercore-linden	3.12.12	405807c5b6212fe75968f00ff9b0ed44c1e5c93bae6426d89935f6e125dba332	pemparse-cairn
pemparse-linden	0.0.2	844476707c9caeddf9e3bec66b0d8b586ed17134a1e5d48deb48dd513dedc97a	hashfold-falcon
tomlet-dapple	4.9.11	890aa2a04725601be5f44ed5c35433d769b9fbdbc1608692ad0286e4eea2a6cd	hashfold-falcon
tomlet-ember	4.5.14	f361ad583408a04d5cf56d1866922e99b341bb9074d5cba02279e7de7a97c68f	ledgercore-pebble
hashfold-arbor	3.9.0	19cd2282eb5d09096074980a07f9df562686a9788c5682d3040f6d7b929211e7	csvfast
ledgercore-fjord	0.6.19	8bbcb26994ff0e941544fa3c52727cfb12670e2ce96a62a29dc50879a2ed98ed	tabulate2
argsplit-spruce	0.5.7	00cd4c16359ca8f218a356064c289423cee527bc472acae307df11b76a815323	hashfold-arbor
httpkit-fjord	4.6.15	17b48398096a2498af115cb592f818da98e18dbce544235f267fbeb235e41203	hashfold-falcon
retryable-copper	4.4.2	c9726f240304b4e54188f1ec7d2c41997a1ea8eda2c4417e864e02069ba2409a	ledgercore-jasper
httpkit-onyx	1.8.20	b7a634d66da930a210059cb56ebbb0d21c6501cafa02b7b48fcf88291fe880cb	pemparse-linden
yamlish-shale	0.3.5	69434fa7c639e7d862097389011fcee4d03f1f0aaf4b433ac834afa89519a822	ledgercore-pebble
blobstore-comet	4.11.17	e0ab63685cb0dbf602a1de7e734e85402e659673d6afdc07d2a59f8e99e3f210	httpkit-onyx
csvfast-amber	0.5.3	fbd4b55740da9d5535ef6ae796b8a3dba65b071da5f27b04c9ee636eb5a30d77	metricsd-heron
tomlet-gravel	0.7.4	39ecde9a2e39acfd0653e690523039b56bdc63557492fdb8c72c2e4b8d73f46e	httpkit-fjord
pemparse-sedge	1.8.12	08e0d9c38547019c4832d9966b10ff76162741aea7caf2a9c758c2b4dcfac7e6	yamlish-shale
ledgercore-sorrel	3.5.11	2e1ec47df24c8564411bfcaa13c623a149121b2ec42f401a8d8ba70641057ae0	ledgercore
ratelimit-anvil	1.5.9	e91faa6585489e9044bd8748e793adfb193c884100525b3fcb6be99f0905f70d	tomlet-juniper
clockwork-osprey	4.9.2	7c941a3b589a09af1e609b920fce95964480a1699becfaf9e9f6d0d31627008a	tomlet-dapple
tabulate2-birch	3.5.13	4c9674176922528ebdb58f8704bbb41f79ccd10a57b8f3bfa7133c04cb167640	ledgercore
ratelimit-cinder	0.7.10	bdab3169a460bd16366c8473771a50003aa5621feec9eb66f94ebf166ddb0434	ledgercore-sorrel
queuelet-bison	2.3.16	3437ce78d92f113cbf87716fc4999e0fc3c03a4a471f9da34f5a1c526bd41b94	tomlet-juniper
colorize-slate	1.11.11	f9ec4daa246c47ba57bc5edcbf796cd0132a7bbcb51d144fa28c97537c098629	clockwork-osprey
queuelet-birch	4.9.15	45bbd602f5191993ed6781980eda996ff7d1f08f890fccefe56700a8c6dc59c9	tabulate2-birch
ratelimit-kestrel	4.7.5	a61a154cc3b09c72a8d366fdd892a549d9e0e51e1e120114076a4c4b1a401673	pemparse-cairn
