# lock for api (prod): name<TAB>version<TAB>digest<TAB>requested_by
pemparse	1.3.20	c793789eaede0f5d6da2bef800b855eec2448e83d27f08d1a5cdaa7b0dd2bf33	direct
ledgercore	3.5.11	473ac23b1b88c28c2bec81d8693ba95003d56ed7b12e5130d2f296b0e03a8434	direct
tomlet	4.9.5	09ce7226bdf6539a6ae60627a33ac6ceb2f2717301ae5e0b42c747cf0c5991f5	direct
ratelimit	2.9.5	db8dc10e1afc753b386c580de9c1d4b968a736402dece2a8a36229419aa7d63b	direct
tabulate2	2.1.16	7df3ccd8fc0d8ac9e7e9b6d514d0f135e11b961e27f3d961017a3b9f1e48fd80	direct
cipherbox	4.4.7	d1c8ea4c6f2975b7062eb8223aa20bdc7deb1f70482805e057efab9e68d56130	direct
blobstore-garnet	2.7.9	75d92cb28e96dd2ed3d9cec12057dc817c25a08b92eabfa66f565dedca615c6b	cipherbox
ratelimit-sterling	3.2.20	1cb6af067b9fedf84dc059296e2891e447034764afa5312303df6c626ead483d	pemparse
retryable-avon	3.4.16	511f713d13e69ac5507e2d0a53c4570718bb5d4313a03618f4f2a9afa53b52e4	pemparse
fsync-bramble	4.0.8	950349453efef4d63a5f77121324b86279b658d9dec7f4c4b62a7fede56b1313	cipherbox
blobstore-rowan	0.7.18	25d21e4e15139bbff8efce3d18c26aa480b9654f5f08b11d89468d79b0c049ba	ratelimit
fsync-bison	3.0.19	7cd87aa173d24a454d0025b14178477d36614cd4a37ebd54c5a140a690b344a7	ledgercore
clockwork-amber	0.2.7	5b0ce4ed559e77211f6b07d6d474d423917f5c8c613c7c246015170688a7d823	ratelimit
hashfold-quartz	0.3.4	5297f7d43b4457ac91b95748507fd5de93a7471160c822883ce029956e556939	fsync-bison
tomlet-osprey	1.10.1	69790b04c7f0073824af2eab8d6e334a7ae27a864b03847e42fc44a639233ed5	tomlet
httpkit-kestrel	0.8.12	2c88ecb70654d0e647266e87aec6ce8344e851d346677e1dc4ba7d43c2dfe354	hashfold-quartz
csvfast-raven	0.3.9	3addc9ef506dcc35ef74ecc16ec0afafc1712a6815511fdedc2e4e50f17aa756	blobstore-garnet
tinyjson-fennel	2.5.11	4d8f9e875dbb6ed7586898157a436d5a259b1c03d7922555c4ddc4eb3881e968	csvfast-raven
tinyjson-citrine	4.11.2	f0ae04946b940d71d4d1606b07e4e5ef54a6f328cdfaf94d6ca072ad0a2434b9	tomlet
clockwork-pebble	2.0.7	738014642588a064527e0991d4a86a7a0fb4eb75861b23737efe2e1e347a9bfb	csvfast-raven
ratelimit-tundra	1.4.2	e8898d435b95dac135927de37daa8560174f35e94fc47d9e72eb67215329504e	ledgercore
httpkit-shale	3.8.5	31998708a3d43cab7d9f70b753f06dde2b8ddd990efab42e671b5587f1e81d67	clockwork-amber
tracekit-aster	1.8.12	8ef657879966581accc0ad79c5fd7455122b1667075643965dee750e19003e46	tabulate2
tomlet-heron	0.2.10	26a684230da09410cb252f65954affa37bff6687fb048dd0487e449a7a39b4c1	httpkit-kestrel
cipherbox-ember	3.5.9	bfea7649fba2a0093e65b8c762f4bd9d6bc8fa22623dea01b89a595cda6149b0	ratelimit-tundra
tracekit-hazel	1.11.5	9903aa6212e26d3fc5719b864bfa65620b980fd837d14c9b7d0b8474e2b6699e	retryable-avon
yamlish-ember	4.5.13	bfaef9fac373efd994a1e4b5ff0856dc1f56adc900dc0345da7a9e0d2490b50a	csvfast-raven
metricsd-bramble	1.12.14	b7b7dae70170c0c44598a6b9bdbd527a31aa3a4dc107d5cdf23b5bbc55e8bbb9	yamlish-ember
queuelet-nettle	1.0.15	a50ffde7c9188b9a427018a8d2eaeb97bfe0b16a8003e655ea951caf86cf2534	httpkit-shale
csvfast-anvil	3.1.16	dac226e367c47540b498d4f916ee8d6299f224796b6e267e649454af4e23ed79	ratelimit-tundra
blobstore-umber	0.6.17	9552be113b9561f2a8dfa2da06522774a69446f5672565d64feaa8adb6a6aa40	ratelimit
queuelet-garnet	4.1.4	0af1b8c78bdaba7d77ed7d2bddbde049fac3447cb12e3108c7fa6d8086abdf2e	tomlet-osprey
argsplit-lichen	4.5.17	de503496abbd7c291e20a7bdc3d39f63b059a9e68bc8e58e8cb4d55c57a0e73a	tracekit-aster
csvfast-osprey	0.0.5	addc92052adf5c048d5d2ea01dd7122d89045a6904bf835105a5e52a03cacb2b	tracekit-hazel
tabulate2-delta	2.10.1	48b78c70811c94db51187e2fb868656660875025ffc6ebb37e02c006dca08ac6	ratelimit-tundra
cipherbox-willow	4.5.4	eee623b0ec0dfe0d35bf5ea4d9c3d0696876602758fb4c59cb602bf1e2c929a8	ratelimit-sterling
blobstore-summit	2.2.2	4b28358b584e2d8787d4b214a5890849090316b4b2ce11ff601df43089bff044	yamlish-ember
pemparse-quartz	1.2.1	277cec6dc7960fc36a0e2c64ad095845624607943fc2fd46e48613dae9e109c0	ledgercore
argsplit-quartz	0.9.17	5d7d41fb81d28f029e4e7664f2b3b76d4991650dba2eb6de9eee625516c6ab08	ratelimit-sterling
clockwork-ferric	3.10.14	2c2a79ef954b85173bb1fd801d988759465079eb01252c41fb0b1c1f70da5244	cipherbox-ember
pemparse-amber	1.1.5	c7062bc267a1c27415b722948579dbcc17ef70d297de55c83dbf63f8526dd9c9	queuelet-nettle
