# lock for cli (prod): name<TAB>version<TAB>digest<TAB>requested_by
tinyjson	4.0.14	6fe68c5f2c668e1c171e57fcbf38719e4aa08d536099c89b1197908deb03907c	direct
retryable	2.3.12	05d48ed22b626cf800ca5e75b52de4e6bbf73d7719c39167afad6c9d396c8e63	direct
metricsd	0.9.3	cb73f1eb97103bf2f231be70e751a540e6a5ea7402d660ec7872c7f204745733	direct
tracekit	0.12.5	989a021e7acfd9640e1139b17932beba253476890349b5d3a9b558045fa72ee1	direct
tomlet	2.0.3	1aab14bc291e764a53a6db5b13831cb20dd91d13dc8a44cb203954280febc76e	direct
ledgercore	2.8.1	7e40c31171990b3438c10c99973a8df5d8f8fe0fefa64c47f2c3d7dbe7c45887	direct
tracekit-umber	4.9.5	4c097621520bc39dc2d7d642f3c0be14063f4c79b84e0a748a462e9367e62acb	ledgercore
httpkit-auger	4.8.10	8b37b0b3058ef6e9962163343cc5b854057cd7c40f8739446c2abbe9c820001e	tracekit
pemparse-reed	2.9.17	518419c7dab8c41f7372943eb371ff29ab8c99c0ba0dedcaae6b36405f512c23	tracekit
colorize-kelp	1.9.20	6ea82891b5c35a34a7a0c0efc553abe820fea005559ec737496cee9802a13699	tracekit-umber
httpkit-spruce	4.4.3	8f662563e65a7e405a40f4a3df054e9715ba3ff47ff69f14638b2695f963b45c	tomlet
ratelimit-lantern	0.9.7	cb115bc5548323486fe79b376bc2ff0cbd0fcf4aa9d30c07e281d3e3d0b08c78	retryable
metricsd-pewter	1.7.12	3db2ecb275d895e63eb32d77d4cc5d1931063f5449b03d475a8c6b702ae11e7e	retryable
pemparse-harbor	0.10.20	875c30c67a87017cb2e4226d6bf832895e2de802328ef79472e49a23ec076e5f	colorize-kelp
queuelet-comet	0.1.4	93c2ca945712aa9a13e05fbe4ae161c4ddbc8f80f8a16d6a87c26b7190878455	pemparse-reed
blobstore-lantern	0.2.19	e12b00293acd5a70a233f9d59c1ac5b5e093527bf83a3cf6491b41aabbb621e7	queuelet-comet
tinyjson-summit	4.12.4	d78e85364f1359fb02c57b06488b98a0e7aaea704e4c0e62cb080342b7118213	httpkit-auger
cipherbox-meadow	4.7.14	843d949d4d4bc04afecdd32281284b4418581b4846fc36c7495d2c6cb6b3ced9	queuelet-comet
tracekit-willow	4.4.18	ca162a9928b1d1aa0b4b57de0ff3453ee9b511536cf0f912f85149992ccd3db8	blobstore-lantern
hashfold-yarrow	3.8.5	d982d297ceb08cd6e8a7d4071bc032b2eca6a21ed46b3ec0ac3aee0619f3acb9	metricsd
blobstore-fennel	1.5.0	58dfa8cfd36fbc9adf75f2fd8e047838b12fd837c8c13beecd9e1969c3e9a0bc	ledgercore
tomlet-flint	0.1.3	8db02db6edd7b8364b11176efe4b0beb56c9a07d1ecbf86808655e63965b6ab4	retryable
blobstore-nettle	4.10.1	e4be8c1590c7cdbf01f4292f263cdfa0142cec2bf6237994969145f15f3b2fcd	hashfold-yarrow
queuelet-kestrel	0.9.19	d813c5488019f24224fb98b5cddcc81735f3f58422cebbc89235b516d966d1fe	blobstore-lantern
ledgercore-sterling	1.11.0	31957f4cc19bbecb8934225d2fa33d0077ed6837bbc4fd2a5773d74d90e59995	ledgercore
tracekit-atlas	0.8.8	f31432438b9f632c2a923e115a0dd3a36ac2e007006c11d1e282548ef289aba5	httpkit-auger
tabulate2-auger	2.2.20	2f1107960a707fdbabb0c194eb44f40737962af368082ddac5c3b44dd71a563b	ledgercore-sterling
blobstore-auger	1.7.16	7e39db0986b9744d55de87188df087727b772bf84853b75d44b5a9a1d3d8a862	metricsd-pewter
metricsd-verdant	0.2.16	093286b0b00bd1410602abfee26d504f55926642625fa7617b60641a2f4adcfb	pemparse-harbor
csvfast-juniper	0.4.3	24d906930c3fd7e196954d3ed5a72524f1bc56ea70c166c3c240d7fc2356f620	blobstore-nettle
clockwork-vellum	2.5.11	75cef6b8ee10704f845b33c61cf6748baf91c88a7e4bef066d690356a9ca1471	metricsd-verdant
queuelet-pebble	3.12.11	3e0adec878044149c8835691ef4cc5824bb35cfbaf7344aa974b9b51c01f076d	queuelet-kestrel
clockwork-badger	1.3.1	606bb426b98d55c5d68554779655259aa15f539f1c723784525959b9b3d54aca	metricsd-pewter
csvfast-sterling	4.9.18	507a5c1badc4d12780a2ce04b17fc7f4644481308ce4297b6dffe87fd8df1dc4	queuelet-pebble
ledgercore-russet	0.3.14	0a255536c72c73576c5394f6ba6534bc9e495caf076a440a3e83647ae6767cf0	queuelet-pebble
tomlet-cairn	4.5.0	2725e2e9e150e9dc9f9379a99d78241db2c8a3767a64d6acc33adff3f8bc39e9	pemparse-reed
tinyjson-marrow	4.9.17	880a15827bd699a55402e6b49bedca7f03c32d790d295335f70ad7842421d080	blobstore-fennel
argsplit-cedar	4.10.16	79844f5ba3cc83796c59181199f643e0ef8efa6f515b2cbad764646e1dafe795	tomlet
tinyjson-fjord	0.6.9	8927280924275a43de9bbe9ba02f90374b785389d8ec6c1f531191e98638fd3f	tracekit-willow
metricsd-canvas	3.0.1	7e15ec0833f01272e776ccd03bca4d77cf926484ced91f916768256b14685ef9	hashfold-yarrow
cipherbox-cypress	4.6.3	f56240e9e5c1014cff9bf7c490a1a520e5d58f7807d760da67b467ea6437123d	tracekit
tomlet-auger	4.6.1	58323e465a3738c255ba313100c87ae2efc8d3988116e57226d134af1fb89f8b	tabulate2-auger
