# lock for cli (dev): name<TAB>version<TAB>digest<TAB>requested_by
tomlet	0.6.12	545477032d16ffdbdc8889ec1c2a42c9d2a7afb24c4ba860f5b96c9527074801	direct
blobstore	0.9.12	8a51faec0dea3ea2e1a9bf1ebf9295e14130f8f5b4410294c550fbfad6f92aea	direct
colorize	0.0.9	6de6fc31b88ce804e084fe3938c7251c6b6f89db60ac0e6d0177e1e4b86e5db9	direct
hashfold	0.4.16	628ed2f3a41eca5ecbbc1a8934dfd6b06b392ccf4c50f2c57e0771db86089056	direct
argsplit	2.2.0	1777e0d92abd90375958e14f883704e88cc06a165f777c0ea34ee2865ee116cb	direct
cipherbox	2.2.2	6ed117fd73a693487c8d16288a2991410adfa60759672012dfd36529a1736bf2	direct
retryable-alder	0.4.5	bc259f4c4cff705743a256a2dd69e9233411bd1a09ac2958bf5bef4e932144ad	argsplit
tomlet-marrow	1.5.16	759af500ba6cb73addf1a8a160b6269348c468fe327100be55ffd96e88fae873	blobstore
metricsd-mica	4.11.20	b5190e78ff69eff1cc3989f78365444212156034d2142f96f7b2d1fd2d1024f3	argsplit
queuelet-aurora	0.2.16	fbfa079f32554791440253045c21944ad9730be77c9d6d1eb791caf74c016403	retryable-alder
httpkit-vale	0.4.14	a79a13f6781a348321fc197e7ff6797ab0cb9fe959d7759cd9d5ab127dad3cdf	retryable-alder
tinyjson-bronze	1.11.4	be7d04c66465aa6bd84d6d94115a2238d1b6933035cb42163f641a117884fb42	cipherbox
hashfold-copper	3.3.18	f42ba998724da1d599d1e22571d3b1548ac9cdd70e2b71a1b915e17b0ec23305	retryable-alder
tinyjson-plover	3.12.8	cb1510c343239f33da3daf9f8bf79bf44556ec20900cf37bbce79cd76d9c47e3	tomlet-marrow
yamlish-pebble	0.9.14	dbdd1dc89c4a930927730f684949cbdc7f2087c48359f032528f97ae1a770fb4	tomlet-marrow
httpkit-granite	2.7.14	b65a16dc10e26500dc79a28d19a5ca81fd41fbff25a037b387b1f81b465cb921	argsplit
ratelimit-copper	1.12.6	c95a7b890eec806c79997e76685afe89546807e0b67a4e3a7f8e2f00f7a075ec	hashfold
fsync-bramble	0.10.6	dcea1b0cc3a45636bc08941ebcc75f77f62aa96cf37f0c2ec12a0ed0d5465417	tinyjson-plover
ledgercore-fathom	2.0.9	61c49d4817eb761c266ff999d964fd1066465f9829433015019deb248b72a92f	fsync-bramble
fsync-ingot	2.11.12	3b325deddf9567b2eb55aaa3ba824678620ff307e50f9a30acb594804413a2e7	tomlet-marrow
hashfold-raven	0.3.0	96528e7f709a7102bf3aa8f66a0ca7c824fac381750e121003b225f120267316	colorize
csvfast-vale	2.3.7	fff74b084eead9e4f25e2b416d5e2272eb14edde3e789a0ce3dda0ef97c97406	httpkit-granite
httpkit-fjord	2.10.5	14e027deb11f6bb76b5f788b7501ac376270e6c0c403067f9c7b137fcf7e59cf	tomlet
clockwork-crag	0.3.9	6f2266ebc7069d46484fb3586a6c12850df7c59a8f9a02ddeee9fabfeb695cf4	cipherbox
pemparse-flint	2.10.13	8ef3d7d55d31e0f93f98e7b511fa96dc40a0bf5a68cf3e81ccac1e6f4b3fb6ae	tinyjson-plover
colorize-raven	4.1.9	cee430941c3151edab7492ffac882e1bdfeec99e1e824316317be7546ee15a11	metricsd-mica
yamlish-fennel	2.1.11	c7434a3036f17f22c4033c8d704eb96e05a1e397d6c5e921797d963fc1ed21c2	metricsd-mica
queuelet-aster	1.4.14	13908a753b208a0fa6ece108abac0132ba2e9eeb8f3fbfc6aa1a2fd7630461cb	hashfold-raven
colorize-falcon	2.9.19	43d5dfe10622b4e02106e125a5bd462404b2c947cfc9bc527782b6743adff0d4	blobstore
blobstore-orchard	4.12.0	54479f2d5de4b857c8f3da7a72be29537bae4769951388e826a90445831bc9af	blobstore
csvfast-anvil	4.12.5	7038d1f7ae3820105af48383dd992c3fd9bd1269302a5ff100c03fe9c715a6b8	queuelet-aurora
csvfast-lichen	0.1.18	2ba295b2dbdedc7c2c9566ea449fa0a6a6359ec07181c3f1b41a3b134fa58143	retryable-alder
argsplit-wicker	4.0.1	2fcb4823ac840cfd7556207cac170298cc477188e71e12b80dc3ae7ce956fea1	argsplit
clockwork-mica	3.5.15	6b4e6db0fdcbbdf72c685cd697c89c4eb08f66489f938d913863e4c65e15e5cd	hashfold-raven
csvfast-cinder	2.11.11	98f54308d1a8c80b2fd35af5306c3e948ffa494cad01b816514ff92e353fc94b	argsplit-wicker
ratelimit-cypress	4.5.3	d058ec05d51dfd2667f4a0b90cc6f74a5fc0d1711789f4e5fc67ac25a0548cfd	tinyjson-bronze
blobstore-slate	3.6.2	f8e137177799bf751fb8e55d24164b86915acbf800c1fde76cb4b95932f52c0f	clockwork-mica
fsync-spruce	1.3.7	195003fa08cfe85807f2c49136f41deae9f6e48307de689232018268b4d58654	fsync-bramble
blobstore-juniper	1.1.19	0e5f7ca8140eabd0280a9ab946c0674bbacea7d7a0f63793f2ea3082a5dadccf	blobstore-slate
fsync-pine	2.1.2	02f4b8e151edbf6560b8695265ea3d968fe50c57aef714692c6c046aef7f6ee6	fsync-spruce
argsplit-wicker	4.4.10	8eb498748fd0ae369ab7ada487cdbeca1558978aab14607f883007c6d4476d4e	tinyjson-bronze
csvfast-anvil	2.11.9	85db67be9a07ca8a2ff02514adff77e5aebbfeb7b93becf0296b13f15bcaf8c6	blobstore-juniper
colorize-tallow	0.3.11	c553be57839e3a85754306aae1f8df935cd1ee63ebf936ff688f32c8064c527a	colorize-falcon
yamlish-sedge	4.5.18	26767e15d866c369b4afa03d47142b879f3c0e4c6fb227a8d004be547348d6e7	blobstore
pemparse-moss	2.10.3	79982e25cf4b98c5dbb6b1b82355e20f35b0e3a094f677ca76e9d765f73bb827	clockwork-mica
tinyjson-cedar	3.3.1	d7a6c2b015b8c6031847723e1356f945c4998817d3a9b43a7d4437aeb1d96efa	clockwork-mica
