# lock for gateway (dev): name<TAB>version<TAB>digest<TAB>requested_by
argsplit	2.2.1	bac673ac750b5f52efc0cb1ba9e9e314ed3ea34eac3d02dc6bd0427668de4ed3	direct
colorize	3.5.17	cc3114ac217285da5b4911c8d8ebaa646189ce86b0c45d8f0147878762a8c500	direct
tracekit	2.0.7	2d07cb7d7f4e173d872a6338bcc83ef051ed39493a2d9d989ccfd73754dcc8ed	direct
tinyjson	3.12.20	15fde631f4887a8e7e048d721e8c02e090761863defb859ef530016836113299	direct
clockwork	2.6.17	16f62f2204d33df6680d4c337b10f080417cae08183cd4100b52fe40203b2963	direct
tomlet	0.5.18	607a92fc96c85b85996129dd9df09512f851336912cbd51b07cd2e8a373a2a69	direct
fsync-crag	3.3.13	7170e6c828b742d0e6f8187128552fdfd43eb7bb8f1a805dfb4df3ba7453b27c	tinyjson
tomlet-lumen	1.8.5	c14599f9c9634e6f75676ef82f2c2ddf985c67b110970dfac1ce052d79af01b3	colorize
tinyjson-badger	3.10.2	0c02cf94f1956fae502f633d8f0e26b6297451720458130eb3b2fbb090225d9e	tracekit
queuelet-lumen	4.8.8	3b9d5e3de78326e7c3afb8b27872ae1792e4b2bec8a1cafcaaf121786718b775	tomlet
tabulate2-canvas	1.10.12	63900f319c5ee5dbd91c5e787a24030e00378987a8d4f76d5c55fda7c0534054	argsplit
csvfast-moss	2.2.15	40b3edfc09a558787e3bddb4a61a56e1024d0892c18857e60595e0afa1e6a015	tinyjson
colorize-kelp	1.10.5	ce668f9f045926699bd29094845cc7ce17e5d8a4b5869a6cf874122f3901587b	tomlet-lumen
argsplit-willow	0.12.11	4a42e8de2e29c7c55d67618638dab7ce6f3d1d07858a4609be5eab86920846ff	tinyjson
queuelet-balsa	4.7.2	f9f26d3649363077bc9e92be260ab67176a6cbb1f4dcf01debae76dc2de52d50	tracekit
tracekit-falcon	2.9.1	382294cc2e752d3f399ab3e7f20109b963373954aad42fc37b460a9eae256f07	clockwork
tomlet-avon	0.1.8	6a72edeaf5c1c9fccb8647b33e7d4f23ab4a8dfe7a268b328a42152b6aee0233	fsync-crag
cipherbox-blaze	0.0.12	34961ef0d0112d870421e03bce4cb895ae9f18c140772d251169f83a21a4fd31	colorize
tracekit-saffron	0.7.2	feaefdb7d84665f587f70355ecf55514a865c38900ef7f365516344ea568177c	tracekit
tomlet-onyx	1.9.5	745721e8142c478e440943043cce0d45a795edc9560bf4ecbe110f1118cbafbe	colorize-kelp
ratelimit-copper	0.2.4	481aea0826a8a4e221c01dfe2bc92bc23b448690cbf34e6d7f23919a63347d82	cipherbox-blaze
tinyjson-aurora	3.3.16	a7afa04bc589fd34daaf099e361277d4d384827385235a4c26f3284bafa44b1c	cipherbox-blaze
ledgercore-sterling	2.7.14	9288c6956b3fba34d506107d62ebf0e5b369ee6b1ecc416e24333a56045c0ae1	fsync-crag
ledgercore-iris	4.7.12	90a4cfead48defc40f4ff30eb441b46148eab3f2f90b1efca9746391ec0f0a31	tracekit-saffron
colorize-yarrow	1.10.7	97fc35effb6b96b60462df9628e29daffb185faca1ce1cd962b168924c7e18e0	tomlet-avon
tabulate2-lantern	4.1.11	8a4ad799e5f7855ae1e3fa04a77ed7460b6f87138223e7d35fc19b4fb487837e	clockwork
argsplit-brine	0.5.12	e687ee4bff4e964dd2d93c571d69fb8b5090cd1e8300638f078955134e400964	ledgercore-iris
cipherbox-vale	0.10.8	bf7fd07e71fb5b720887cd8b6619c7ddf7da5570a9636c3bb11eaa704f0ca979	tracekit-saffron
tabulate2-fjord	2.12.6	64930260dd33a4d8224a49fcf500c2e159e6bae3619b81daed9d8f0d3972f286	tracekit-saffron
retryable-ashen	3.11.13	a7b533b383e1bf7e789ec404a21c430bf7ab49a7bae41df5d0fc5c7a7543f64a	argsplit-willow
colorize-sterling	1.7.18	7f7cc72d723b80121cc4668368b1abac22108448865da80596a5e6b3bc5df9d3	tinyjson
csvfast-auger	0.12.5	1e0ec1f48090979c563a2c731ded6fca8eaca8caa595576a82f194cc6c1ae754	ratelimit-copper
metricsd-brine	1.5.5	b3e45bedc33548229b398826f392ff01d5b2c9c3beaec2b57d2118e2a185d3cb	tinyjson
csvfast-arbor	1.8.2	23edaee0a21aa5c8421a8896e774b62b8e4ec1216dee8af7861edbc7c38a12e8	tomlet-onyx
cipherbox-moss	0.2.8	ac8f244533d3cb2a4f9f9a625d7e787f60853213531fbdf88851f448bf681f7c	retryable-ashen
httpkit-atlas	4.6.6	624f8cde6b0f368d882eec6b52c2201ff8afc0ef68ca2a1d716764f217a3032f	metricsd-brine
fsync-zephyr	3.2.1	318d887cefa60c79b79474833abc9148fef2e39a51a63ace80f04c964d0a5f65	colorize-kelp
