# lock for ledger (dev): name<TAB>version<TAB>digest<TAB>requested_by
ledgercore	2.4.0	7da5b7031042b3645580220fe021c2e01837ebe4d28a266a41c565da9667d22a	direct
metricsd	0.8.1	ecdcbeac5b06eccbf574c1b36ce9442cbebafabfa27ac89cbd83f8e2012e5720	direct
tinyjson	1.0.0	cd5643793a53b15c87d4e0f6246582294cd72829e80e3f60016e04aa80476424	metricsd
tabulate2	2.6.13	d9928efdd6ba488c2c738d66afa0fe6d3c639cb122b33b09ee0ab9c2a067aa3b	direct
queuelet	2.7.0	13dd84d634743cb53ddfd1a4ca6f2a76bcec130b0452f52e71e83836a9dd09b2	direct
clockwork	0.6.19	b13f94bb2a55a67560e83228bdf79f6e7bf33e650166a38259bebd38a08264f2	direct
fsync-orchard	3.9.12	4765f13993b7fe6d6bd82285c46d314498113cbc493dbd4ec9ee96149b2614b6	queuelet
csvfast-dapple	1.1.17	8f9c10c3d3c5769e101a43f5a26ca6d7e55d36f7d6d6af826d3c92354fc065c5	metricsd
tomlet-balsa	3.5.18	c5d8ffbdc0b36c26d6b75185b9b2dbf57cecf7bd2ac4e94c45f4752e98206dff	fsync-orchard
cipherbox-raven	2.0.3	1bc672606505991b8975ee01e6fb2a83d7148fe59fd6b7600cff61a31e60c284	ledgercore
blobstore-pebble	1.4.11	3075cf549b3ec670c9b38d9b8e2c2310fa9cdc0e240f51c88a278c923fdc5816	tabulate2
queuelet-sterling	2.8.5	89aecc98b64efa8842700ec1d8314a0b2b9cd6e1b73be047dbcf5fc7e1a490b3	cipherbox-raven
tinyjson-atlas	0.11.5	1535d572809fa2864e24189d5f4c18d0418ab8c27767f361966abf89dbd21655	ledgercore
ratelimit-orchard	1.10.19	bd305425b2cd3fd65a554e8ed039e4ac2e8360d374785438747726b12116ea74	queuelet
tomlet-quill	0.0.12	c54e6762212a15e4a1b8c6ecd84599d0f31dd7d19249027e1bb7e691c5905f66	fsync-orchard
csvfast-osprey	0.4.16	71a724248a2c9b79836d25cd686aecd93c5aac28a7af00d3c5ce009f5a846646	cipherbox-raven
tomlet-dune	4.4.12	f84229c916d385fd6947d37e75ac0b0d2c0011b5a7301be04319c324ae81db95	fsync-orchard
tomlet-kelp	3.9.7	19c7fc42fe964711007d0eec64335ee73c441cda2c2dddd87d69abcbfc8b7927	tabulate2
hashfold-orchard	1.0.18	68a60fbf1237950437db6c54d8474353c1a1910a9995552dfe4dd8feffba5efa	metricsd
tinyjson-zephyr	0.4.5	a6f4d11072be4a4b8bc48670b679ae4134a68740d47c8b34419c0c887248c563	tomlet-kelp
ratelimit-hollow	0.12.10	fc47588c64c74923e7b168daa7a7bda968cfebabf566e5b58326c158e968cd19	csvfast-dapple
httpkit-zephyr	1.8.9	976120e8d1c8a5c00e4b3c52269d587ee7f50a540f72e36f3b37cb7d70b9855a	clockwork
tomlet-dune	4.12.0	3c58204f351fee7da897b29f85722c0092efcea31cda8f8f893ae7d79d966ec9	tomlet-dune
tomlet-cobalt	1.1.4	0de3371fceefc68fe76ef478224bb6cfec8df919a5cee1afd28dc9c22533fd95	tabulate2
argsplit-lantern	3.0.0	acd3dc7b5f0059dba1002df813d88ea318df06636242001ab5bfbd8061542384	hashfold-orchard
ratelimit-yarrow	3.9.9	b4486722b1f82b9a8b0066f4eb8b3cdd72b0debf3bcacf7070fbaf79cc9e96a3	tinyjson-atlas
ledgercore-linden	2.5.8	0a7c9cbc93675b26dcac76a927ae16ad4ce4605dc983c84b1c48ed432dcd7cb5	cipherbox-raven
csvfast-fennel	0.12.5	194f434d8c21d65e6ca5a691e482124fe74dd7a95a71cda3bf835d8abcf46e30	csvfast-dapple
csvfast-willow	2.2.4	6374a0271d7fa091faf8da122eade6d4d24373635649377fd622749a30a2027f	tomlet-dune
retryable-canvas	3.4.14	dcd5b4887932abe3424d50ccede69ed0e8b76d3f51351b3cd6867bb2dda465ac	ledgercore-linden
yamlish-orchard	1.4.17	de92492ff46eb8512228026fe7a50db6fef228a55222247249693bf534cf845b	retryable-canvas
tinyjson-quill	3.4.12	483f62716213516c1961f4a0d743889af7fff29a67e53b40c28f1c5d43577d1b	tomlet-quill
fsync-lumen	4.0.1	5816ef1d2af51beb49be6b78bc5872cf3c6860e80f3a3d6190369f3a336248d3	httpkit-zephyr
fsync-thistle	2.3.6	f181a978618ffcd960085ba0eae307ea349b77ef748abded1dd55cf02a458c9e	tomlet-cobalt
hashfold-sedge	1.10.4	5a5c6e9b1472f8aed9c1194a0ce44a855dab30f57f91ced85c33017adb902f4e	csvfast-dapple
queuelet-sedge	3.12.8	65cfdfb637cc25bb8363e3b276e375d0cb4926b625a69d6782bf5c9ab867fad6	httpkit-zephyr
clockwork-comet	2.6.9	495917a8d88cc54199ba83f15b01bfdce230fe77457faf31f6a20aad6233a702	queuelet-sterling
ratelimit-kestrel	3.1.10	2d678e9d2882d4db03bb0a130ada7a5ea81845b96502b44726733f6aae7d66c7	ratelimit-yarrow
ratelimit-tallow	1.7.9	bdb1b887c3bcefbb13b375f4ecc3ca54dad0035b3b438452690f6808c20df520	fsync-lumen
pemparse-kestrel	4.7.1	0d11f8ca23aff35f5eea0ddb7ecf6173e0aa9f2d210e1deb8bb023b96778760f	tomlet-quill
ledgercore-meadow	2.10.17	c96837816ad6e2642c791c28f56abdddea5f4f686cc71ac05ff395f07ee49efd	pemparse-kestrel
argsplit-mica	0.9.11	7f1eb5629ed675d053ce64d6f531f8db2c6676b3c26254c5de7add718a74cfbc	httpkit
blobstore-shale	1.9.20	94bae33dabd9c21f416bdac20a3c45178b7055668379f6683961c94473efe7d8	clockwork
yamlish-moss	3.12.8	a7ff0c27b669101e7ef4ff80637488fedc1ad0f5ef8654411a988e42095067d1	clockwork-comet
retryable-bison	2.10.15	a394b844f4c20a5d2689f60f938c15772a9fe5551c778928bf3628debcb21292	csvfast-fennel
yamlish-beacon	0.6.19	011816eaf61a3877af530049bf5124009b46e1dbd392d31813fe1f47d171da67	blobstore-pebble
