# lock for search (p2): name<TAB>version<TAB>digest<TAB>requested_by
cipherbox	3.5.19	61d3ff891f5ee99e6b79d3210f3b80173fafc1b116b6f6402a0e44f38bed3b2c	direct
pemparse	0.2.20	756ad7a917daef5e31d44e17fc5d3204e65f0fa0a156e5620a88b3cf8ae298e5	direct
colorize	0.2.5	8c1f6875f30d58ebd6703b2be598e4799c3c8160182d578ab55c4bf27d6da4e0	direct
httpkit	3.9.3	c72f1eef61898a247d90d3466c4723698cd47756664fdb8bd10c17bf14737c5d	direct
csvfast	2.11.16	036c8433e4e8fba45de558bc6e8046ebe5d090cb12c3cb9dd01f0c9fe8ff98b9	direct
metricsd	0.7.7	d426a7aedae92cfd6dc4638362e421fa991569c31e94fd038f86de9b9cf39226	direct
httpkit-pine	4.0.10	31186ef1ec03fd353a54d300cc1745987bb3bf389a0027939440203fa7a94588	metricsd
argsplit-anvil	3.6.14	8cd5a1bccbe0b082b16e8878dc28dcb057d6cc1a18c5ed973bdc5a88fa2dc236	csvfast
queuelet-osprey	0.5.4	e9087f5f38a55c8311f4c72a35fa909e5b6b47378fd7d5061441c7565188943c	colorize
ledgercore-larch	3.12.2	62da9d93e2cccb352dd0b7fe3c5a22c6b0af5d27be848ceb507aaed0d0d7d421	queuelet-osprey
ledgercore-dapple	0.6.20	f3ae322657dea4eb4eadb3d3f965366193f556934f0677f3a9f556db0e9ec6a5	pemparse
cipherbox-ashen	0.10.4	41a8f9a001e841873f2b0d1c05e4cee109c09ce8e736a5df4f1420cf4202542d	colorize
metricsd-cairn	1.5.7	d4074aa082c5d3b6c64b022b4c75d02e9edae7bddb92bd6eee86ef0169d85da8	cipherbox
tracekit-balsa	4.0.13	f6c1a552a2704a28f138b144c2bfdd71ebc97ca7ee8bd5b1dcf81adbbcf7bac3	ledgercore-dapple
yamlish-aurora	1.4.2	8a2503ee195973a5e3759849c3d6d3dc6a62bd72c408028d181e9e1f592950d9	httpkit-pine
tracekit-moss	1.5.18	4bf23a4af6acd2c4a502ba7d270227bea02419e0b8519b9dd5285d0ef1431c2e	queuelet-osprey
hashfold-ferric	0.11.6	e870d4d707c13efc07c0cc19870901e71ffe6e9861738f61be34000ad4568be4	argsplit-anvil
httpkit-hollow	3.8.9	9b29a95a9039694d8a0e32c3382f9e6cba8271c0b0ea429c2df157240d4773c4	yamlish-aurora
csvfast-aurora	4.8.0	6d20674e37f3119f0c6c09b00f4ed7bde44d07b8e6cd6665ab66a42f0484fc72	argsplit-anvil
hashfold-bison	4.4.12	53b5491009d08f5f92ba402c73911ad313a9877e62754dd31e12edb5ac792041	queuelet-osprey
ledgercore-lichen	4.11.8	912f7742c3725a72f1d855934ced0d64e8d7d74fb935de38d68620428f0a3f13	hashfold-bison
clockwork-plover	1.11.14	00a5996609f25a56eea741670b23164615bf8b54bd9c73f6ba39445a516b31cc	metricsd
fsync-orchard	0.6.0	ec9f9b6ef8c6074fb7bd05eb85d735d825c893f242d4a97c4ce6c98243a49849	argsplit-anvil
retryable-umber	2.0.8	e4b1bdf21cbcb44dbd3150766bfb8af9a6b17c01e19a99e0e11b114d5702f5a4	fsync-orchard
tabulate2-blaze	4.9.14	1890b0e72c42d43ba26e0aa968a286ca30b139447946fb278b473979c249a179	csvfast
ratelimit-dune	0.10.12	f95b1a83aca8d79b5f88e3a53ab8fa7004e4a24b7e979d17461e143dfbfa1e61	httpkit
ledgercore-sedge	2.3.12	f85542efd8b54f276a62892f768449947a9d7d0a3e080f8ddfa2d3dca98c964a	colorize
metricsd-nettle	1.10.8	5550ddf41c499db6f03b7e1ea7efea3befe02e41b8d9c0fe8deb8554c5d4205b	ratelimit-dune
hashfold-tarn	1.8.17	39fcef20332f60848b9415aca797ca0c60c4712b50f568e8220ae50d8c570273	yamlish-aurora
tabulate2-marrow	4.7.17	cef2b52cdb28c81afbea19dd557e39d5c1c3ea1d5c6ea7a0a3dee2c7639c4977	clockwork-plover
queuelet-lichen	1.7.13	1a7f588279976bbdf4fec89e9da2646b84d7fceb6b016fc0df1085442a012b7d	ledgercore-dapple
ledgercore-birch	2.6.8	376e0607b1d8d9444fd97dbbe8544481a67483555e36406ed32a99a7fef099c9	tabulate2-marrow
cipherbox-topaz	0.9.6	9395ad89dde9ace6814cf1af52d815b8c12674a69b5f71cf13defff8a43d4d0f	fsync-orchard
csvfast-verdant	4.11.7	624e9033f80c3a6881ef50c24a0c76ba0ece22edec1689220d39d4d49aff906e	cipherbox-topaz
pemparse-topaz	2.1.0	20fe07338a8b000729fabc09904c5c3491c216f6a000c92275b60fdd7c7e8e78	csvfast-verdant
metricsd-tarn	0.9.13	2daf35454ef257ab46f85c6467d0b00e21c278ea0d23c2d08e5715264e88cade	ratelimit-dune
httpkit-aurora	0.11.9	cbc5356588f75db18a3af99bd7e8aace568b7d470c0178be111bb48c8e2be12d	cipherbox-topaz
hashfold-verdant	1.8.13	1100891972a27e6bdc855017f1f3ba232aabd4519fa7a7510226cc21ad152874	cipherbox-ashen
