# lock for worker (p2): name<TAB>version<TAB>digest<TAB>requested_by
cipherbox	3.1.0	9f3aac10e57ea4df071974e713bd82863fa24ebf79df4812d3b8ea7ad73f5a9f	direct
blobstore	3.3.6	16ed51096e1e49245782fba3176172763760c4acb21608d7128d3a347e80e769	direct
colorize	0.4.2	0e383c22f04aa635c91644e24842f9895e284c63625d64789c02b4fc454deb28	direct
queuelet	0.12.4	7419dae5b0024cde09d31f8ef9364de6bd170e8048e9264a6ee946e947d27e06	direct
fsync	4.12.2	980bba4e11145ab8b06d2d2198729d9c2ce576b9b58cdc5bc935ebb82d9e359f	direct
csvfast	0.12.8	0320d291c7abbb20f91569b72ed0f773c8b1a9f8aed1e9f672690c088783510c	direct
ledgercore	3.12.11	a0d2640d35cd260845893bd5ce2aaf2373e5e8fb940c0728fc6411931793c6c8	direct
ratelimit-ember	0.6.13	7ce81930723c29056b4f12318cc464bf6ffa12404d29d632f8038e2dbc00c7e6	blobstore
yamlish-basalt	1.12.13	e8ee65b4abe192b8a4b49733d5a7575216b9c3fd28bc448015cff2d2e1e2e348	blobstore
yamlish-kestrel	1.0.4	37f5018db236f90c1a3f9d42f4dd85e34e9c0686f76c6e52e04352ed48477fe7	colorize
clockwork-atlas	0.2.0	c61f978dae5113cff0ed628cf2757d6adc287ca3fbbb2ee336310824c69bf81b	ratelimit-ember
yamlish-anvil	2.4.15	e7d27b906d5f1def108ef03653ce4c7cae917ff410354b6561f8d83e0a41277a	ratelimit-ember
tabulate2-nettle	3.2.7	20ce2676ec592da8bcb93f04f7c7a10a701c391e9d50da1179036c6850eadf51	ratelimit-ember
csvfast-hazel	2.1.16	6b2dfe35e9356d809ea76c118a87e87fdee8cdd4df82ea69cfa5f0ef66d6eb4d	csvfast
queuelet-umber	0.3.0	23eeaabd96c2c497e62d90ee4b102518edf7035314d2ed91bc4db1324a03896e	queuelet
clockwork-flint	2.9.4	97bca50b1fd2627da98b38bd972e7e1c2126bd3c3eb296c480560506b89257bc	csvfast-hazel
argsplit-lumen	1.5.17	51f9edb88c07c693e6097141698c094fdb1d26c92cf6bfc205eff19e75149b86	queuelet
retryable-flint	3.9.8	42b411ed3c2bf4c6b25ed96943bbd3726dce93b8480c33c80a1be9d54eee24c7	queuelet-umber
tracekit-bramble	1.6.15	82d9194d95bb64176f56ad603b6eb6be10ba4d31d88f827e3d038d6d7c8dd757	retryable-flint
yamlish-linden	4.6.13	e00c0614523c2a40edcb1c4dbeb9b428149bd94acc739d3847c76a2657a1cd4b	tabulate2-nettle
httpkit-cinder	4.0.16	d00f69a7509d8a06d1a5c682dc048bcbeef58e41d7387271a62f1f4895adbe0a	tracekit-bramble
colorize-copper	0.7.1	ad1cf705ab11917c97f67c9f1bea5107364c2a39c476313ef5d0fe51134df98c	yamlish-kestrel
tinyjson-tallow	1.0.0	0877f47a4d1de60b730a2472bc520e4f44af491653c5173dcb290b02f18879ec	retryable-flint
httpkit-rowan	3.1.17	8b58a52d57aa74bb19323e2ae461969e4a65aee9a051240df6bcec437c1333a0	yamlish-linden
queuelet-verdant	0.4.5	94b7f96fa2ec741d3ca44562f76f4f4332818d54a458cf29dfa330cd922a6df1	colorize-copper
fsync-saffron	3.7.6	77a6bb9805aab906d0f9e336c36c498fe1862592c7973fbd4b1669b49eb65bf2	clockwork-flint
fsync-citrine	4.12.13	7e6ad601a665c2a2813c4cd7bf21d2e96f7a0f3cc3bf942fb9b3c90ba21ef90e	argsplit-lumen
yamlish-hazel	4.5.18	9a53835fc79ad7dee505670860c48a287f31ffbe3764466648d5a2b0a2a794d6	queuelet-verdant
clockwork-granite	4.10.18	994d7bb4e2cf74c32b4aab839b69d5aa718225a97af46d65c16b207fbeecb8b4	yamlish-linden
pemparse-hollow	3.9.17	9df08f4f0f2fa628ff809444e7e09e23f47e64e9f9dce9c3dcbe5c26a7b6e5cb	clockwork-flint
cipherbox-moss	3.4.20	0ca695d0ee166a0300578414519a2b6e88584edda5d2695e736388e79706e7e5	tracekit-bramble
clockwork-tarn	1.10.14	e172b870143a4a6f4aa2d13bc40fd00a95731c6586e23fd05a579fde1072a0ac	tabulate2-nettle
clockwork-avon	3.0.9	3895d24280c9987425fc581733bec40dbdbaa64aa617ed3decf187592f596e24	httpkit-cinder
cipherbox-juniper	3.4.20	d9f13db91f9394f9494bb71087f2af16cf702cdc0f179101b6ea85a20ee3ea65	yamlish-hazel
clockwork-aster	1.10.0	6f9ea53cdb01be7cf2cee11cef02b10227db1d14df0367f3d8baa228280b6849	csvfast-hazel
blobstore-rowan	2.12.16	007ffe8958370b409980ab2b3c800a69e9807ef5eedbd24bd042831c9ddff219	httpkit-rowan
clockwork-basalt	1.1.2	1791b19c46b9fbe2977e4321f99fa1c4ee98eb9585838ca50ad53a38fa2c0472	fsync
tomlet-verdant	4.4.4	4288d5e50078e16adde5ab75ce105c9db347ea9b1038e68d363349802826fa1d	queuelet
blobstore-plover	4.6.20	586f72e1ec22d4acf8c55924ab1db7a29696b3d597016e15186750b4ef86f09b	tracekit-bramble
tomlet-onyx	1.7.1	261206aea4c6cba5fc2e727d664ea0b43a196e128db1781f2ae1fbb4f0f216ae	queuelet-verdant
