# lock for gateway (hardened): name<TAB>version<TAB>digest<TAB>requested_by
tabulate2	2.9.11	4b2241150ab24dde75407c457a7fa46891aa838c31ca474bac6589956f888e0c	direct
hashfold	1.2.2	aa0dc5aff25de6d4e190f00305a82fbcc5f13d665cf68d448b3eee087850af91	direct
metricsd	4.4.2	85b51ab4a330423f7011ee760887b2e06b3c5ab9b38a916f23c5ad38863b98ee	direct
colorize	0.10.3	27b63239e376660f0f9f101f49f825538ce80a7181bec3ad41fce4627f383359	direct
tinyjson	4.12.9	562dd2066fb981251cbd1ad5d6243d54c7b1767b9acb14d309884326c84a9256	direct
ratelimit	2.6.10	2987144e22c19e542284a7df351e618bf26e3bbd9739778459205b7c34e6cb94	direct
csvfast-sterling	3.4.5	16e5102d401e462178c6e8b9a9ac76340475746e34fa574846062a8ae63bd1f4	ratelimit
tabulate2-avon	4.9.12	50bd616330b446dbd0b5e6afe4dc6dcbb6874b8acee7d2c23cd68172f45e9fa0	tinyjson
clockwork-slate	4.4.13	4395244d633a451d83c24b89dd7cd2b3d85f9f210494b70fcf038157dada0dcc	hashfold
retryable-fjord	3.4.15	0b03aa8944deaa29b75774681d9a9b0fde6c075079c6bb17c4e29a33d23cbc71	hashfold
yamlish-aster	4.3.18	c31084317c3fc0e29009dda2b546012017e6458745b28a5021c218b259888f68	metricsd
colorize-bison	3.8.19	b86cca51a3548d2d4d9508609f7a537b47bd6caf850500ab0b637959d695f8f3	tinyjson
blobstore-granite	3.10.20	e8dbabcb8645e25786c238d0ce147661f2cc0ad937f0ab4f82cccbd3d208640d	yamlish-aster
argsplit-ochre	1.1.1	c279acbde8f7df2f10261e667cb7441607f5fcab8c3da916f348f05898587e93	ratelimit
tabulate2-falcon	2.9.11	89416923e89d0374a8326c1c46e8c008bdb128945fe79d8c32503aeb52ceb70c	blobstore-granite
ratelimit-quill	1.11.16	a98663f49b5f4b17ff71e70dc32e6ceea4d0dd83121b62a1ed1ed374ac1cd0e8	clockwork-slate
hashfold-tarn	0.12.6	855c70fee29d0d6834d9fb67ac40c8d634511364798a9a8425609f7bc771b20f	ratelimit-quill
pemparse-vale	0.7.8	fb47bdb12b2c1cf597bf05195773a9eaf14abdc5221ff4b799b80f69f85ac57d	ratelimit
csvfast-ferric	1.0.2	e84d1c37cbc99c420d0524cab9980f5b1188cab0d2aa7b5b17c21a7b8c543a9a	tabulate2
ratelimit-sedge	1.1.1	6e6e542eebc01ba7c5c5d04764c8d293c14c4f86a409890e72aa8cc5dd8d351a	clockwork-slate
cipherbox-vale	2.12.4	bd54f6406f35d80b7f709d25bc5eac7f707432e74927785898db621819633b45	retryable-fjord
queuelet-pewter	1.8.1	6d5b72b934f2258a2f46041272d95244abf05dff63a4b441ad1b4919249c27bb	hashfold-tarn
tracekit-moss	4.3.20	7e10c321a6156281f41ed2a5a1cf6ab4173fc38975fd1ebc0e965cd9a4a99d4f	colorize
colorize-ferric	0.9.5	d02fde76508e8aa788c9841e80bffd1fa5ef6385a42b6da30e636d0b4e9d04a0	csvfast-ferric
cipherbox-flint	3.10.8	2182dea51028bb835a1437219e5bc5013b35b2696139f4034a0dcd4d67a707d6	tabulate2-falcon
pemparse-sedge	4.2.1	04bd8f18e81bab7a706f433916d9caa774a35874a1657524e804c5c667c94e5e	retryable-fjord
pemparse-garnet	2.10.4	e20bad4f820f1146a287e8ef3be56ca1dc1296d1249c987a9dac0c16cc8830d5	csvfast-sterling
colorize-fennel	1.12.8	19626b7df0ca6c753f8edb1bd461891b59aa6d9f5e802c2ee7c7938b1c94e847	yamlish-aster
fsync-zephyr	3.1.20	2dcd32319dc1199ab2982c7772fa4fb4f85332dcd3dfdc2d987e290e1aa0a57f	tinyjson
queuelet-beacon	0.7.6	910f1d36a29a6ce75da76dac87660462d6187dbe1870b63e578f6ead3f700f2f	csvfast-sterling
colorize-brine	2.3.0	4e15ea83a203718a721e9890fb555a3fb0fe7a1763786eeabd532e98e3bfe4b4	yamlish-aster
tomlet-cypress	2.10.10	accf68f760514a372e2ab595ca94d9fec9bef5680260bcf3ad9f1edbe5ccba1d	pemparse-sedge
tabulate2-osprey	0.4.18	bd5691cfe182a9c709cae308a34c679f7d3180513a15ef5f66008124416a66fa	colorize
yamlish-crag	0.1.11	fd1c6f516eb6df9d67c167371a3a0ee50f52fbdc35d5a7a791bfd2235fddb135	csvfast-sterling
blobstore-bronze	1.4.18	469389d811a7e251a91754d713923c8bc6461c4b4751cd9771db8f5daf1b7145	pemparse-sedge
httpkit-aurora	4.6.18	b05b330d02bff4dcf9e6bf501208242648807765a38b6877f120f4e6229ca986	queuelet-pewter
cipherbox-glacier	4.11.18	287f9190af9128e28f5da61d13e538154875c2cbf560315f85545ec596dfa349	csvfast-sterling
ratelimit-moss	3.4.0	0d35447de0255116822d224f7cdcdaadd16d9ec7bfe6b82d0898698319ba6402	retryable-fjord
ratelimit-verdant	4.4.16	9d71d84f46517a75c88cbdc32deb629e63ede16bc573e70c8f3d1b20d6b3ae02	hashfold
blobstore-topaz	4.3.7	25c6b939a98fcf4ee5e699a00592686df1379a92b5365d66cef2fde5126e3a4e	colorize-fennel
retryable-tallow	4.0.9	84496f23a9d6fccac823dd4dcd5ff4a5a1cbd4053788e450a3e4187a0b10c80c	yamlish-aster
tinyjson-cypress	1.12.16	aa1d48415de1856f27b40330c1ce762ce06c585fad01bccc66e4c5d723f9d678	ratelimit-sedge
retryable-ochre	1.3.7	bf8db14a14e8c849e04f1367e0c458f7b76080e1791a0d4fcac2c6ae46e3ce1c	ratelimit-verdant
