# lock for api (prod): name<TAB>version<TAB>digest<TAB>requested_by
colorize	1.11.6	67b9355c1e792554e8e3b9f03e02017d12be1ce19b7a805c299141d8ff381cdf	direct
cipherbox	0.1.12	1629e8efb1e4930969e59d21f47c246f0ba8272904bbc4cb63740da647080123	direct
ledgercore	0.8.5	1e155ca99f6d3c2cc2080caaea3f5ba0457066cb0397cb62e1a14b55d1c14691	direct
argsplit	1.4.6	3ae4ccee877ae26b6ae7bd20b848b487d21c3700c0c3541094db54a5883592b6	direct
blobstore	2.3.2	6dc898557146924c68e40d82c6505d6261b89a88a4e8580ff145e451a3cd194e	direct
queuelet	0.4.18	35735d4deda35ad8ebaa691c4f10b5503d65250a36b87e0106acfcd4a0f518eb	direct
hashfold-fathom	0.3.7	079b580bcfdf50e9f7f3f34befae3dbab9331f6e332198b06cdbeade8709fc14	queuelet
tracekit-larch	3.5.2	bde6fc2de994644ffe3c8d583a88bf4cad1c0259406384d658b53edc11322c40	queuelet
csvfast-crag	0.11.20	91ed060de9587b7a75bbc2ff7da03411207375baef63a314501ec787716ca3ed	tracekit-larch
httpkit-sedge	4.1.17	234327bc27b0473bd9ddf3672e7afa376664dfe303116c1b878ab1bf7cd5e918	queuelet
clockwork-sterling	2.6.7	936566e8a4e83f990f582bff601236137546af8b3983202a72a8e5e8f252244d	queuelet
ratelimit-comet	1.2.12	805fbb9642fb83fae24387b7d76dca91afd55fb5aa678d44100976d8bdf139a8	ledgercore
fsync-hollow	2.8.11	82c4f761383bf44f2fd10755c7a62bcba307d5c6a1e5f53a226564b32df3c443	ratelimit-comet
yamlish-cypress	0.8.2	1696f82668e62f8ff2b5f981f320f3a95e8f545d9f603783423db750119efb4c	queuelet
tinyjson-saffron	1.10.8	5fb7623530c7015902f741e996e28c743d110f87122340984675745a4cd4637c	hashfold-fathom
yamlish-moss	1.3.18	ded039e4f01eee29ad5a74922bee5ea42308aaa1a44bf61e06452dee193d3c67	queuelet
argsplit-orchard	1.1.15	f2c5ccc29cfac960a005af965b5f9b5975f43a4cf26fa6e9ca1d1d680c397540	hashfold-fathom
clockwork-sorrel	3.10.13	be9614f7ba0cb04d46d11e9609bd3d2e6e9e994bf7efb7f34cfe666c39ca84cc	csvfast-crag
tomlet-rowan	4.1.4	da911bf1528d7390f71413e21ecbce4c91f1e4461ee304d396f053f5c19cbc63	yamlish-cypress
tinyjson-plover	0.2.17	7b7d8c4eaa6ab4bbdb175ad664a90e9f96fc9919f244bbdb7190fea026ad8748	tomlet-rowan
ratelimit-brine	2.5.10	cd9606599d13f1d8b389e1b16e8beb4456e7eb758a1e8600433c123b76609f83	argsplit-orchard
httpkit-walnut	4.6.12	7bb90d4bb17b2337bc1418daae289c557d1de9690734d20c1981480d5adb92e6	tomlet-rowan
tabulate2-spruce	4.9.1	aa49fe0771644389dcbcb63b11ff3e821c8f327dec15016adad02c4cd7e29132	cipherbox
yamlish-thistle	2.1.17	b3d1a99e696ebc68408d1de377cf4453a5ebfbb2f6986c2cb10ed38fca7935a3	queuelet
tabulate2-walnut	4.1.3	2e0a97550228c8dd65fef92c10400ea7158cf4763159879041ae2207775d8e5c	clockwork-sorrel
tomlet-pewter	3.2.8	117c28716bae1251d5da775ba3adb0500909de232b55670d8779d4473bc7224e	clockwork-sorrel
cipherbox-auger	0.5.20	5e9cbb60d43437ea0074b9eda441f4a86e4a4407c6167e2ca2b60881845ceb5b	colorize
fsync-orchard	0.7.2	26fa5045cd794720103d14e24934f0f2f8994e830edc003e7d24be7a801eeaf6	csvfast-crag
pemparse-kestrel	3.6.11	7e54055fcc9d4d4be7e33f88187895f8c457f778d92e02cfaad6407fdd52c17b	tabulate2-walnut
colorize-lichen	1.10.9	ddefbc66d8e18b79b657313ab8f334ba9a01be254aceaabb617422ed7586650a	tabulate2-walnut
tinyjson-birch	3.7.2	2fae9e18c58f810fd8eeae624a225d38df34d83e7034795fd9210f3bd66233af	blobstore
retryable-atlas	2.11.9	7baa801f7618ac954a70402a2c649b0c330fca9fb905a7328ac81c7afb5b5038	tomlet-pewter
tomlet-avon	4.4.7	d34a43e090aa7987fadf637e5bdba21a2c4fad2dbc501a08d4997fb5ae7c6274	tinyjson-birch
colorize-umber	4.11.7	c82bf4e8740f8b4d9a027c2e9a1264b6a3f16d1c04c923ff2d7958390986dd46	tabulate2-walnut
tabulate2-heron	2.7.7	c247705b7f6ce63316eb93c760f45c2b844625ce76feac8a26344124c731a8f7	csvfast-crag
cipherbox-ochre	2.9.10	9580400d79062a7a9f5d93684b62260637a9fea5eedc972dd7b123d9c80d419b	ledgercore
clockwork-spruce	1.8.12	d7f7a7b917aefe5fab0522f33ba31b7441fcee1d347ef274c8af57ae105c7c8f	retryable-atlas
blobstore-cypress	1.12.4	3c52f6beaf86c2e83b6671034ac4180cb947d30f631d01d4e241aadfe9bf1700	csvfast-crag
argsplit-reed	3.9.15	ca9258a73a5df922a94e761802bdb64a23cfa865de37ad1b2d79691099050b0d	tinyjson-birch
blobstore-citrine	4.2.0	9fe559a3805e506c2b89f7ae0b780a402231845bda38f92301f37586504ebdb1	fsync-hollow
