# lock for exporter (prod): name<TAB>version<TAB>digest<TAB>requested_by
tomlet	1.6.12	0cf4d62fe155b49a5eb10970b49d3e2f54d61d134e6f70d28a29b1b2bfdba639	direct
tinyjson	0.9.15	05412964c5087f26e11b3ab4ce2c9f01c631e36812bde7b717f6b3342de62c57	direct
hashfold	4.9.20	698e524795c3c8900e23d44fcc92c7a404e5bb71ebced3783d6b19269ae3cda3	direct
retryable	1.2.13	a1d5b107b3dc11df8cb84e60b78ccd82a02bf118c9d349f1b776d936e8be1afd	direct
ratelimit	3.8.18	aff8d74aa07ccd5733b355f808257864fd1c89bbe9f3c21edb8b08bec3eb3e44	direct
clockwork	0.7.11	ba2b9fed358b484748b1dc819e2fce0defc39f3ae660f253b9d3bb1499da6d7a	direct
ledgercore-dapple	2.2.13	7e1fb2fcac6b297b2468020476c4307a8924566853273a8ad576275d6fdffb5a	retryable
metricsd-cairn	0.2.11	6b6fcbf6fccc504265149bac31cd5abfdf9bd1ddf67674c4a436e203249349ed	tomlet
argsplit-atlas	1.4.15	0145219f87b529f5bbbdd1932f10d2aebdced3cac849d7ee41ce5e24f54eb9c2	tomlet
hashfold-raven	0.4.20	b51aa57d589bfad74ffdd033e3c4bab2e3cad764b1f88511946c9eedc1e6810c	tomlet
ledgercore-lantern	2.11.18	034b2a42e22f4081c4977a681273c0b45c101addd9897e6842bd49821b62ede4	tinyjson
tabulate2-bronze	0.5.18	d99b81a55d1315c6b5405d1c101884f09cb2a5e2a617ec1816a791d6aa0da838	hashfold
hashfold-tundra	1.3.16	f08aef1a8cdc54507e64ff101baf0a682a1d7487a24d389ae38f882977b769fb	argsplit-atlas
colorize-reed	2.10.17	5aeb81987582008d3edad1313933ae65119319663f2a86f64749355b0e737bb9	retryable
yamlish-verdant	4.7.15	1bd323c9346c76dca21e2067aec9d1ed79ba5c86a9930873849d5a385fa1e327	argsplit-atlas
fsync-jasper	4.0.9	33085ce1fa60682e4150e9b1410ead3a779b34fa650cb41e82f23c21aeea5602	hashfold
pemparse-hollow	4.3.20	56c61655886de47af9e5a4303ac1b0f62b4eaa2d4e1a4cb5716d00a7d30038d0	metricsd-cairn
httpkit-fennel	3.3.10	3fcf0eb5be2e017644bed1df2142214eb73a5d7a7fd48aa4b7d11f76fd2b345a	fsync-jasper
tabulate2-anvil	0.2.16	cf26b9c139060685d0cfb1b255828a84db8aa086b013d85c903dae4eb6898dd2	ledgercore-lantern
clockwork-bramble	3.6.7	00daa92c6f620d3ed503c367161da04fcc74a894fa811180aac9a03b4bc60666	argsplit-atlas
hashfold-raven	1.5.16	faa00b077b55042b1ff87cf030c06b5ba70739a1eaf71461f3d7951c801b90ac	argsplit-atlas
argsplit-wicker	1.10.10	7d3161a5e5c10018cf92dc75c19af4ede4ce44778477a1b761f53be98d432433	hashfold-raven
metricsd-quartz	1.3.13	47909cf5b37158920c03e849f35c2d5a18f6845ca14db2ba645b79eb52a7b5df	ledgercore-dapple
tinyjson-crag	0.1.15	4211e5357fa42d241f6479fd389f922ef8452a891d3021b855b0af93cc5a6a48	hashfold-raven
yamlish-ingot	1.12.17	1462b22f000e0f1b43bf61863483cf3cc35d904fe1cd55c41e8a233af828311a	argsplit-wicker
queuelet-ochre	2.8.2	3e0ada43f85cba6c3cce4151b1cf0401bb0a0797bde16c690b3799832c5a1673	hashfold-tundra
argsplit-fennel	3.8.12	20bfae2f0c7b593f1caba94c592b128879a10bb947c15262f9e2c432f3b2f8ed	yamlish-verdant
hashfold-vellum	0.5.15	44cf31d14a346a4512b3599ca8b37a6d2165c95d3d782903d4be3bc1f06f4e20	retryable
cipherbox-linden	3.4.9	9ee48636307c494772c10fdb449a96c07242da1564ce2dfe5393d811632510a6	yamlish-verdant
pemparse-wicker	2.9.14	509a48e1eb17c9f173f0ea6433b668e6a7f52953b9133d9a621532cb6dd98c1d	clockwork-bramble
fsync-iris	3.7.18	2b1360446c79170176bb38ab9e1eebbfd31077256be2f33c77ffb8266021118f	metricsd-cairn
tomlet-basalt	0.2.15	bfbf3b952b51a69caae81423d5235136c083205be3611f59a5c759dfdb2dc459	yamlish-ingot
ratelimit-rowan	0.7.15	07fb8b7ed2607dc2d76a21dfc9742f1896eea6d091110b5ad7992130b67dc2ca	tomlet
argsplit-reed	0.12.5	4e2c32d5c8cc178263dec5e253acab750ba41f4d830439f2c2cf15f77ce6084e	queuelet-ochre
httpkit-saffron	3.8.17	641b497712e1c39b816d5282b6b03ebd0f37a485d6cb41addf053b45f9d7288b	hashfold-vellum
colorize-copper	4.7.19	2bcc5a46f012b3070f2c8d12641fdbdb263092dff1c809802c9e5f72bdd54f3b	yamlish-verdant
tinyjson-coral	4.5.2	72f3165f11ef95f91f2736ebe73c13f4af5d74c04e24c47d4cc1549eb54ee4e1	hashfold
metricsd-aster	2.1.13	16c25b4d44aea703f48c75d1a4db795be3e7e0bf2a643f5f4afd7065626e5c72	colorize-copper
hashfold-cinder	2.1.20	6f9dba6f49941d7d7489b6382170597f975f754459aa4519e696b68e48e3eb23	hashfold-vellum
hashfold-willow	1.9.8	d5ff11a67e2c08fada03551d148c7a16467efce6281f90eee998610cb892de49	httpkit-saffron
ratelimit-badger	2.6.5	14fc72862beeef3c924d5b1c27f790f15e22fa907e0d635d3b76c74533c27579	cipherbox-linden
ratelimit-onyx	0.2.15	d0610ee643b8c26d43824501c02e2011f9235fe3bd053f834076c128a93e860e	argsplit-reed
httpkit-walnut	3.0.1	96747e8fc48272a8b8726b72cc161f2e204e62397f5e8008d13672bc478fe886	hashfold-tundra
tinyjson-jasper	0.0.18	657b8c6e6f0bcf0801947409791e4bbb6b45a1b8f73f97eb0bd463e0fa471f89	httpkit-fennel
csvfast-falcon	3.10.7	37c6a141c4dce222b0ff9d299d1106483d0c8fac5be742f49ff918b9b7212fcb	ratelimit
