# lock for gateway (prod): name<TAB>version<TAB>digest<TAB>requested_by
tabulate2	1.2.4	3e8d1c514e97281732054b4c3ddfd1a44b0e6c020e98c0ca45e8549c81530030	direct
hashfold	3.3.5	57004f77558b5fcaeca46dfb95d952f92599de5c6d5f8ee790ec69ab6213a0d9	direct
metricsd	4.6.5	b4d88544a46fd8e94aca4712e318b96f0ab08c99bdcf17a451b2c455523fa2a6	direct
colorize	0.7.13	d532b6df7047de8d96f33f1105d8e9b53f2483f0367199ee73b6a6b6c77035f5	direct
tinyjson	1.5.1	6b30b9e9cf69f2e97c28d0f401ddac3d8c6c778d7d3fd2b6fecde18f52004aea	direct
ratelimit	4.8.13	eac9687c6e87469b7430b79fb1dd3bad8fc05c3ca6759d593f92ea28cd9e56ee	direct
cipherbox-ashen	3.8.5	a3ba89b8755baa61220ce7fd2a89c63d1bd3f96fcb75a9e298e08bf3f9368a92	metricsd
csvfast-ashen	2.0.5	1bd0ccededa333f6a2edf9ee6276c26c8348e2d62b295040639ed75571086401	tabulate2
httpkit-orchard	3.4.4	83f26119054737470bf69b3838f5b2aa40e7c38f36562b7458c05fcd5c069bb1	tinyjson
argsplit-blaze	0.3.12	d1b9e99cd207148f58a882470e4ecc9880848a7087439f85bc403d1774b140d2	tinyjson
tomlet-pewter	4.12.20	ff108ec8aee17db72dd33b400bdbadf425ce73decccb355766a9e7a507534676	tinyjson
ledgercore-quartz	2.3.10	cd594bb352fa326943b7a66fea00a7f8501c84a2926ed22e4a8db1b2e5d3d96f	argsplit-blaze
pemparse-osprey	0.9.19	fcdbfe52f10c730842da9464ab2372e487bdf639f2fca992a90c1d3117d5ccc3	ratelimit
argsplit-falcon	3.4.0	c9f2f2b777670019d412bb99afbf541def94d5f39eeedf7123980d7feb524f7f	httpkit-orchard
retryable-heron	4.6.3	a70e84aa36c479cf5a3fbda4d40efb4be2ee01c3d534e3028a0fd9b5162fb8b2	ledgercore-quartz
httpkit-hazel	0.2.8	e7478d6654c4660b2787d4e996deed7ac128182b985a4bbb59d72fd754c44432	hashfold
retryable-nettle	0.3.4	c7fb06dc93a98acc5d7a8f757785a7db6c1fb8733c6b51c4be2332f31b34ff2e	argsplit-falcon
hashfold-delta	4.7.20	63e07773c826f1df1eb1bfd0cc1adaab5f6c80440fdba90921159134d5847a19	argsplit-falcon
csvfast-aurora	0.9.19	fc5d34b46ab11ed44ff15095bd18ffa10c3f3eede2f095fbd8454fd0eda2c0f7	csvfast-ashen
tracekit-aurora	3.4.8	71a788e0195c55e7b16f40836205bbb4a8f74054d57cfe4e3e2c8dc7f18db819	tomlet-pewter
clockwork-juniper	1.10.1	decae937f850acd08aa98ff63cff3f7913fc3f9505ca51fb2579022f757950b1	tabulate2
blobstore-linden	3.12.16	42ab4a6d40cbc927dfdadc6dfa2c1984fa6d82c8ca5fb687413bd9dd04808d3e	pemparse-osprey
ledgercore-timber	1.5.4	abcea5ba125a48712dfcb5d2c814a60e8a20f14c4a913a1e3d588701e9a75032	hashfold
tomlet-walnut	4.3.10	a1701a47e772c366ad49e55b462ab611096ea0822ce9518a970a21d96a5aef70	tracekit-aurora
pemparse-beacon	0.11.15	854a5e711b19ca3cd49745f7ee88b5a030090a660334292aa185b298bf762351	hashfold
metricsd-osprey	4.2.18	3e74eeb7f75c10435f98d798940191795c02bef6af809f69ac21e4d8cdd37047	csvfast-aurora
queuelet-brine	3.11.2	251181932f1479484aeeebb25f53fd7f1d0f9f1893782597652efb0a677ddf2f	ledgercore-timber
ledgercore-verdant	1.9.0	4eea1e77039ca1547d0821e46e8dcacd5a1ddfb68e110979e0f7e57ebac1196b	queuelet-brine
metricsd-vale	4.7.12	8062234af4a94d033e3399c3f7f495bd81d39ec39fd615c1f1818b9684db4e7a	metricsd-osprey
ratelimit-basalt	3.1.5	ed17f6c0ea8b1a072c74e73b71c54c51e5f6f09262c60a22272162cde3c9ec62	retryable-heron
httpkit-orchard	2.7.1	1430872e1875d5f93ef69f0e3c1da49f66d7720c01727a11db2cbfdee3b3a0fe	retryable-nettle
csvfast-cedar	0.0.1	ae65ed9f04572a7632390d031fd3904967e50b5406cd48f83433d529ef4e506a	queuelet-brine
csvfast-quartz	4.5.1	db48bca53746c52a55209f8651791663f5789dc2244f5ddbe3407a0b6eb0ddfd	cipherbox-ashen
blobstore-linden	4.12.12	100f7a2fa2e7d9fd3438d2e735f905ef36ad7796b2b28d41e7dff59760d3bc95	blobstore-linden
tracekit-ingot	2.2.2	3906993c0e44966d95db2cb0da86496b17371d8620a38e65e05eb569da7bfcd0	tracekit-aurora
tinyjson-pine	4.12.2	7e8345bae38eff71e9d544f5acff0bf82871b85425b1f5fab0edcaad2e682e15	colorize
ledgercore-moss	1.6.6	e8b08a4be1233c2498cd03f10c7b4d742c9daa582a65249800fdffc7cb7a6762	blobstore-linden
pemparse-granite	2.11.6	91e4b4fe62a915b61f8260417d90959ca245efbbf5b57fa3847978aa44da0569	tabulate2
tabulate2-copper	4.9.10	0471d508d2b4241cb615b17b72cc25154db9d1950850b4fdb5f6563a46d0eb5b	blobstore-linden
yamlish-ashen	2.5.15	f9a32195ae233ea662b76acb0c17e7c34a8e94dde71c96c277e57cb14bb3ed10	retryable-heron
clockwork-larch	0.6.16	936f4df3f0f21b70eb240f252a3b54ada9cfec2b527797e5ba7a4fb39528d4eb	blobstore-linden
queuelet-atlas	1.7.6	2a529a2539d052f7bd944b3c2781b6d5dc04b64dcbebdf694266641e8495a8b3	csvfast-quartz
tabulate2-atlas	0.6.9	d97834de510e060ec5e85ba2cea6fc7ca10d112b7e816ade6f8f7c7ba8f9a9d3	pemparse-granite
clockwork-willow	0.4.4	ceca77161b8e78f4be00fc8f20d1a62ab37a5a160f424e082e72adb5f1706449	yamlish-ashen
metricsd-tarn	4.0.17	978334e793d5fb4160d406234b8f25c8aeeebc0c7a21dad19422c9b44bdd67b8	httpkit-orchard
