# lock for search (prod): name<TAB>version<TAB>digest<TAB>requested_by
cipherbox	4.4.19	cff500f6532632d44d38adbbb19440abc001dfefff739aedd386473ce60e1c5a	direct
pemparse	4.7.8	d57a9839599275adefeab868c184804c68cd02e0aadd76decd27298eaf1d403d	direct
colorize	2.1.2	b4706649dfbb23e38e827dd602d4c751494655d9311b7db117d95c232154612f	direct
httpkit	3.0.20	1ec467875730ec53a32ca07d95c9e785f7760c41949cc25af7fe219baa7e5355	direct
csvfast	2.6.3	1df970f149cc38377c9afed243efec30e8164fc291c818406ce37a38429efd8c	direct
metricsd	1.2.15	6ca685cdf225b4ae2995b0a6cf9b452454763743dfcdc7c2f9516357ed6c3da6	direct
tinyjson-copper	2.3.20	497e5e51b727ad3fd2090cda5cdd2be8dc191c13304ed5079682f630b2f96f1f	httpkit
tinyjson-osprey	2.4.16	9b4048fa5d65e5debaf7f3473fe892ea1d7b494531976a498fe61cf42194dfd1	colorize
ledgercore-dune	2.11.2	643c054570d44a2adbea03a1a06b23ef549a35d34fbd6a8e4a6c572ea3b2ecc0	httpkit
csvfast-timber	1.0.7	b8f823a5100364cc2159c808101040c07e37e228cfe9b2117523eb5a592cdcac	colorize
tracekit-cobalt	3.11.5	f3e3cfffc1f290b2c485b4298c1a8882ab02498bc24449746b239ed7e6765474	metricsd
tabulate2-birch	4.4.3	67dc557379a679cf0fffa7f5c7af59c63058f6d1ff8df4f0de180afad2edd4a2	tinyjson-osprey
csvfast-beacon	3.0.4	1883a7d36599ed11dc82b29eebd23d05d39730bf6d796c81d89151dc241843fb	tinyjson-osprey
clockwork-saffron	2.9.15	21ae8aaea4057e7e9c6ed9dffe8a6b2aa9b49467a20c650c7a35f26d4be8d673	cipherbox
tinyjson-cedar	3.12.13	7121a7f12d46a5f2e54efd1303e824f83878df075d0c1efcd7fece964aac0793	tracekit-cobalt
yamlish-aurora	2.3.3	90b5e3d6b3a1a525f08cbcb147548a6589ee3a1e0c338eb34cf35b6b57c45b2a	csvfast
fsync-dapple	3.1.4	089419659b8aa0fd580c55bb0ae9283402e02164de4acb6e4a86cfa491bcb4b3	csvfast-timber
tinyjson-atlas	0.4.14	669b34dd5c957337fab7811360f58f8b4328eba81701d958e8072efb6ea22718	tinyjson-cedar
queuelet-harbor	0.5.10	ffe308d372e62be17051a586426d4f7821f5e4daa38e506dee808d52220dd3c6	tinyjson-cedar
clockwork-hazel	0.0.8	53ebea9ad756c98eed83d720434b2910fdd63777fd58daa853e158748a76a395	ledgercore-dune
ledgercore-anvil	1.9.5	117388bdca125573e0b973baa2f5dd5c650813a14a36de03456fc0d020c9a0ff	cipherbox
blobstore-plover	2.5.1	a505b38b04155b686092e7dc193b2f00579f0f9d88da57f7bebc0c7d3555503c	csvfast-timber
retryable-ochre	3.3.5	a7895318be97fae60a39c67f4a50ef7ac0dfa1e29416146588b17579dd7cc510	clockwork-hazel
tabulate2-umber	2.0.5	205722700230ab4ac96fd13df0266100404ce1fd03d858b81278414ec08abc20	csvfast-beacon
tomlet-fjord	2.10.11	d792ac2cd2822be37a4fa2bca13c612a91a157e754cc2d10f634e83f50e4d2f6	retryable-ochre
tabulate2-delta	3.3.14	05db3c8efd35c83410fd0f27238a1ae1719387984273863c757f0def63d8dc18	csvfast
ratelimit-crag	3.10.13	cb6b9ad056cb96ded9090f07f67a61808fcff76395b01651ae61ab12eec369c8	tracekit-cobalt
tomlet-sterling	3.2.2	43c6ff8bf173fd2210150b8b0bf3bcc02eee694b8aaf508a74c2f64a3acc3d6b	clockwork-hazel
queuelet-onyx	2.0.12	1f6e47ba1f9735399d37c50fdb824cebab99d2fc3dcac39410cb20f1d7874dcb	ratelimit-crag
blobstore-tallow	4.1.7	21a5d767e0db658dc284dcce0d5066658624a47cbbd85cd5b7670dd0077048f9	tinyjson-cedar
tinyjson-cinder	2.0.2	c174c49d381367c4f68aff0ba98a1719475d591149326df7bb73e2ce571445a6	metricsd
argsplit-walnut	0.10.8	c8b709ab98a48135f311c92d68a87953b04615323bb5d37ae77d14f48bae06d3	tabulate2-delta
ledgercore-osprey	3.11.0	f9bb6597085f588db13a1e15063618b9985e16a855ea6cc9a2eef599844d82ae	ratelimit-crag
cipherbox-marrow	3.6.5	1f14fa4b21d2f0ee7c67853041ba85864c4b43775c639a939bcd9ba662f25a79	tomlet-sterling
queuelet-alder	0.4.10	fbd76b97906628d0f4ea6a3fcf42c5f519524bd7400abc3fec0d3cef6ce63408	ledgercore-dune
metricsd-shale	0.2.1	67791a9c264e292ae64afaa90b5e64e97f8db2006a4315d2f4045494046125bb	tinyjson-cedar
pemparse-bramble	4.6.5	794cd85dc47503140600a56edade78c616ded6b8cdf75d519fa142fd296d6801	clockwork-hazel
ratelimit-badger	4.7.15	a4d6c91969b7dd917a1d1803f531efc8f6fca52364cd075ac59afe6461ff6584	tinyjson-osprey
blobstore-glacier	2.9.5	c1fab5b7d474d01f56295f373e8878842ff69d185258f1bd2a15142a246985cf	ledgercore-anvil
fsync-dune	4.12.15	1ff9a102912bc124f39eb4799c230a0126e91e1af158ef70fe70e7631f4a420c	pemparse-bramble
tabulate2-tundra	0.3.5	80779c5af233cd2a20932d2656185a8af97c07ae885d37095fae8bd0d1398742	queuelet-onyx
