# lock for worker (prod): name<TAB>version<TAB>digest<TAB>requested_by
cipherbox	3.1.0	e2fe7ce6aa03f648f8f70d7d319ae57583dacf4f56d7424aa195dc998cc9f349	direct
blobstore	0.0.2	2535fd03df65d3a1050fb8f471e64b0979931b8777630d6b92ef215e277b4040	direct
colorize	1.2.19	d3af00af15cd51d3016ff0444df9f6defe5f982d24d62b75aa74aab9e55c4ad0	direct
queuelet	2.1.2	06c0fc56972b14ead8c00a98a613db0b6b4366a8cdd5d837d1294ff29164dac7	direct
fsync	2.0.5	8485fddd83f0bb9f33701b8a1fab7d528acaf52aa662fb1cb54ada7387a62f90	direct
csvfast	1.4.9	34c5d2b5300a9f8b17ce32c2708abba8dc5dc41fe62ad7c9a885f759ef556157	direct
ledgercore	4.8.9	2f2b7c7b48de75fae34205d1ef4e2e923d9bac5f4bf1cf99b51e8ac05471971b	direct
tomlet-shale	0.1.19	5a822629c19429cdd7d2c48de50c735ddafcda5619c4ba71b46da7f94b1195d8	colorize
argsplit-topaz	2.6.10	414eb9c127e84e93b0b9bed4a640a724a0c07f7c46718028dacaa5ba4e50609a	blobstore
queuelet-nettle	0.11.18	1530019910f794c3f0ef0379fa801e01b3917c379306bac23bd2c9595ab96a21	argsplit-topaz
blobstore-auger	0.10.0	514ec990d260dade416a085fe1ff57df623a38877c8ccd6b3650543b394d8bc5	fsync
fsync-slate	0.6.0	fd888d1591f4286c1cd9a168311d73eed942a5b211d18a03fcd822805592f968	queuelet-nettle
retryable-timber	3.12.4	7db90e0a42517d0ea93278be0d46623e62ff63444bf8fd23c3464ed7fa8f6402	ledgercore
blobstore-tundra	2.11.19	7d77c084f9d8a966e17b7bf42805e09c6fa1b582fe0001506075bcc90e299441	retryable-timber
clockwork-tundra	3.5.2	9edd5ea6a7d4fff003f551698e15e87c332b8fda7250075c9a6b3b6ccb8d21c6	queuelet-nettle
queuelet-citrine	0.9.17	181268e7aab4d20c436f9e41f30dc01ec1f134cae7f96c7afaa10330da9c2e1f	clockwork-tundra
hashfold-auger	4.6.20	104fd58e33dd850b2903f863ed80813cd53ca483e242ca689455163a20c71f92	colorize
argsplit-crag	2.8.20	3b349c65bad5e119aba6249dd1d70efab07c07375cac3e2767834e85316f35c0	tomlet-shale
tabulate2-plover	2.3.1	3e9cfb0a948ba9fdbf248e0b85160953867c27ff152668adeffe8627b010ced9	retryable-timber
blobstore-summit	4.2.16	2ad837d0eb739a1206bef845b569a2476b8f0d27b744d17bae571f47c60ad6fe	blobstore
ratelimit-bronze	4.12.19	6d672b073973b595b0c006e79998cf53f6f4c1e4af82dd484684f2b8ac171dce	fsync-slate
tabulate2-cypress	0.4.18	24368c58d385085b829ab7f22b6b328cb46e3838581138f60aef84c03b819e05	csvfast
tomlet-tundra	4.3.2	729396c28a09c4e4e0ff8b0c3d24465fa977e418f9b90370c26a3880403e9011	tabulate2-cypress
blobstore-sorrel	0.5.10	164f5070d88eb538111b5c6c130ab3b1c064b4508c45ae1e7580309a908d9c76	csvfast
csvfast-cedar	1.4.12	4b1359e5e2894d316fea5f2368d3fb875ce37b0940db30a46a1976c0268661bb	tabulate2-plover
ledgercore-hazel	0.5.20	05d90b77b9ca7189d6b3cdbc14fba05069d01519e2743a56089d8624cba99352	blobstore-summit
metricsd-mica	3.11.6	2f3bef3bf24fa446c5a56af80feb558abe5b05d63c4b5df317cc4760d63d9c99	argsplit-crag
tomlet-delta	3.2.3	ca902f390e4dfe6177aebe857b6796dbafdc1103871c82313ee6284c03564027	ledgercore
colorize-copper	3.1.14	362a1ad66bc44b52ff7079fbcb252f7e8fc8bcb10a93a17b07371154f053a623	argsplit-crag
hashfold-quill	1.4.5	02c431625e727517ceee9953e388cc746ae7da652ddbfa8ead4305ed492843c4	csvfast-cedar
argsplit-kestrel	0.4.3	5f433eae8c46ecb5b1b86992e0938c7ed1f825674e88f8ddd7065f1ce20848e6	colorize-copper
ratelimit-amber	0.12.5	0b128dbb878fea93c83cc92f9fe3907a23bf83b44c7ca33d3cfd3fc60d6a7a6e	tabulate2-plover
yamlish-reed	0.8.13	52922a283b2c0e853e8dbec467fa3e4852c6ea5b8bdc05732c915183d42069c4	blobstore-auger
pemparse-pine	4.4.1	c9bf811154a6208946f538604eee78414bd81edcc1a839be29d880d0e9e85c9e	tomlet-shale
clockwork-yarrow	2.10.1	2b63bdc3cd4e4506e249dc9ba270872e9a51b40f3b256d61b6a24f4c956165cb	metricsd-mica
tabulate2-auger	2.6.2	c7c647f3a32b361ea2e0d068253d18dbbcd3e4e106baf4a8c1a63f71d8594b1e	yamlish-reed
csvfast-kestrel	3.1.20	91600f9ee701754143cf6a9ca427e569d1e832b6a982458b2bac5013c1d4dc8e	fsync-slate
tabulate2-badger	4.7.17	bbd2c5b539af2f63bf93a647788822417398c72920990f9530a4e5ca44c017a0	blobstore-summit
argsplit-cypress	3.5.2	ce7f1820cf464458c58ecfbd19306aa85a2e7af567f4602c764cd6bac911ecf6	tabulate2-badger
tomlet-aurora	1.5.10	a9e2c237798e17cf2dc2a5865a494fed2199fb5b60d24d2c675629c2ffba05ef	tomlet-shale
tinyjson-walnut	4.4.0	3646695a5f1a70d3b2f1b750db1157aa095ebb565589bad23066246e57a3452a	pemparse-pine
yamlish-alder	3.4.20	397fcacb1f42e69094a824e20720a0c222f5a9f862b8737fc63b81769dcb2d2e	fsync-slate
tinyjson-moss	1.4.6	2982f4a526c02f3d307c3dcda96f03c9610b43213db887d158ec83153d09f84e	blobstore-summit
retryable-cairn	4.0.14	942e0b23c5ebf22396e58d0f2aca15defc9e72c990bcc0b38abf9ba1075e42c2	csvfast-kestrel
fsync-jasper	0.7.15	4b79383da080af9f3718367aa599ebe4dfff4d1c1dafdbc1ee55b01eb057b242	tomlet-tundra
