# lock for admin (p2): name<TAB>version<TAB>digest<TAB>requested_by
retryable	0.6.1	45b42ff321d671c8ab387a96f1ebf190e66da1dc123f481e15055e94f79d4433	direct
csvfast	1.5.18	583a58395e07cefd438c4d008b8a647dd077ab9c6b5ee6e66738827d8c1b5539	direct
yamlish	1.0.13	9004dd532e154d9a2ea840ac10bc49d82074dd288219b5a0cd2e9428eb188864	direct
clockwork	4.4.3	5841a81a2f99c85eda46ef2e37e931aca5ed83f38bebcf41aa90eeee32b21bc9	direct
tomlet	1.10.19	cb2b8b50ce3a0a231b79908f48e2a819eb6617c3573c0b2ff421ec76055ff814	direct
tabulate2	2.6.6	1751e39f31bbe9acae1b0d0faed807a6aa0903aa3af55a3b459e08734a964d66	direct
colorize-gravel	2.4.12	1ddff3622efeb3d47f0bd28f428de68beaab6994bb1501b17ecb7f50e194138c	tabulate2
hashfold-falcon	2.3.4	775727dea4b6311abc7544841a2cc68f1ba66e3c6425be687e7a3563b11602dd	clockwork
retryable-basalt	2.2.0	93c94cd2f03531ee7c3dc48391e6f3cc3eb1bc7a278eb03a7ca785fe37bb2590	tomlet
ratelimit-bramble	1.5.8	870cd359c2c87c112214c1cab047682cc8c3bde69e2cafa40a5c23801e020e43	csvfast
ratelimit-basalt	1.4.3	9b90e2c7691c6f9f8e946714341233c178f926f587d13bc3e6b8d2a2bad11f95	colorize-gravel
csvfast-thistle	0.12.1	403672075dac3daec3501bcdd6a0b6a6e094e39b198c0ca822ae5038ff6266e2	retryable-basalt
httpkit-cobalt	3.3.16	439871f1d2e89415a0a51d802dfd5198acd782fa4cce041405a9703a47b3fe20	tabulate2
retryable-ochre	2.7.18	350eaeabfe820085aa93634cdfec9ce4fa4fbea545a78aba88b792ea906c1406	httpkit-cobalt
argsplit-willow	3.10.19	1fb0427b7f2c1b9861da06c1cd1ee797fa107594be93fff712d2f46fd02d73f7	hashfold-falcon
yamlish-cypress	4.5.20	939b64e0cbe8636fd734420a1ddaf079e8218ed426aaa33a8fab69c5491b6269	tabulate2
queuelet-kelp	0.7.18	b98f70da32192f1e6c5474d6c87738f154de6dd10283c14ae924b9dcba62b718	yamlish
fsync-amber	2.8.0	dc4bb772a95b7e2e08d311093f5ca92432a5fda5436f0173eff0ff0a09245533	ratelimit-basalt
colorize-plover	1.6.19	ee49de6d36754fdc31858e112db12234bb8c8c2da7814f44d30ffb52489139e8	yamlish-cypress
queuelet-kestrel	0.6.7	84b091aa7ba4c6ed287576b3427053b5752039ff4e62d0c6fddcd16ec5ddf396	hashfold-falcon
queuelet-blaze	4.5.2	9addb8c4fd6138bbffe9ef4c2aba9c2fa4cca161b9df9cabdd3cee5360eaf548	argsplit-willow
ratelimit-saffron	3.10.0	a9d28b59457a808322190035f2ccc10c9037a5d145344251213dc59f5b4155b0	colorize-plover
fsync-coral	4.7.12	43bd81f528c8878fc307285bbbad4220b4fc71a9ad8b3d82a59939c15a715b2c	queuelet-kelp
ratelimit-gravel	0.9.0	85a58f0777f5ecff7c6829846fbe77a2820e870864e833483abe8cde6f6cde64	fsync-coral
csvfast-amber	0.0.10	bec206ffea25784a3117edd5870bc0deaaceb825c11fcd888edf9fae365fe87a	hashfold-falcon
queuelet-slate	3.12.16	7c5f6385398c1ccbe58c5eea43afa5de20ca5fe8aa695664b12bc985d1f741fa	tabulate2
retryable-canvas	2.2.16	c51a45215bc03d703431f4074cdab9364774d388862dca00b7e49c4076ef0817	csvfast-amber
blobstore-meadow	4.9.19	d216282e6d2054d9a39ae9a7697db7ae587d27a631e1fdae01ce0ee7bddeb333	retryable-ochre
metricsd-osprey	4.3.7	e9a473458574f0ba7b0f3a36ccd0d67ffb82d3f011f43a2f4f204c149d870be2	retryable-basalt
tabulate2-granite	4.5.18	1857cc30d46ec0ec3a77d70192e8c188ac132e0513e60165fcf7f7c65f3d2a14	yamlish
yamlish-sterling	1.11.12	25cce39086fa94b04a05914e99f3e37d694a97678bcab4576a46d62af6f3772c	queuelet-kelp
yamlish-cobalt	1.3.10	2f02c1dd11ac80af16ad8ac7432b5c7bb089ca1f23bf6fafa0a310581c6d7cdb	csvfast
colorize-larch	4.1.7	02881d6c9e7b70ba7dc45be81e0a83877309bca8a022d7a6c17a6508cd6c468c	tabulate2
retryable-alder	3.3.11	129e17ee0af499df4dc64be0cfc52cfdea585902a25f92fd893569e03a1d2b80	retryable-ochre
queuelet-glacier	2.1.16	765239df842c662f838ce8f7e2db33950581a072037a61562307b11c4507c4d5	retryable
tabulate2-sedge	0.9.15	2c18cf5db4198fbdcffd21e8380cba2224b4be73f05041aea8c281499fe3584f	clockwork
tabulate2-atlas	4.1.12	36f64ca73a40f32fd5054517505c85329679595bcada699500b0722ca4169cd1	ratelimit-bramble
queuelet-walnut	4.5.5	7da47b4a391a1638b5eab5f7c9c84e2120db58b43bc409f3d1e47bc75bfc68ce	queuelet-blaze
blobstore-plover	1.2.4	6daa34a7c38b4ffe32308de83fb12e0475308f2abffb093d5d18fb566aaeadaf	csvfast-thistle
ratelimit-pine	2.3.14	fbe903f6740dc3c7f8bc3c6b109c59e7f09ac92c9a3bf9c6a734eba85d44a6a3	colorize-plover
queuelet-zephyr	2.2.12	c060d21327487d9864d942912ff15356eea35c9e7f64442a94d6106c9efe0907	yamlish-sterling
csvfast-summit	1.10.12	2a673dacb4a48ecbc925aa7d8ebadeb0f768530d880ced7fdc9029e00f75334c	tomlet
retryable-lichen	3.10.18	d141f779d007bf4721574004b277ba97306f4edae4257a8e3a06cd704d0596b1	tabulate2
