# lock for gateway (p2): name<TAB>version<TAB>digest<TAB>requested_by
retryable	3.11.13	2c06c80b1714a971db984897c9df19f8fa5bf69a0100f450b37e80589fee57b0	direct
clockwork	2.2.7	6278b20f44eb0ec9b301bc4f5fe5919e9796bca9a3a45fe7dbb2e73ca2ef64ce	direct
httpkit	1.2.4	4dfb2d8f9058d6a8dfd74491a7f595931cc01cd0c48567c22e3e569d47a671cc	direct
cipherbox	2.9.18	1272cedaf0d6c41b40c016019f199cb6470167e5678322a10b97cd581ee42fd5	direct
queuelet	1.5.5	6672c15f9e025de6fe06bf0889ac9fb4c2a67285215198005c697199ba1947c3	direct
metricsd	0.4.3	57aef478c4d6a314cb6db968eeeee253f3b1554f910e578513a0b918e4008579	direct
colorize-citrine	0.12.16	a94e4a43ce2b2c0334a087046237a461f3ee543db1780054e157aab3e2d05dac	queuelet
yamlish-yarrow	2.0.6	77afe1f5399635aa0d8a41b921330a35d5d0f4676af7e8f2818f2dcc8547d4b2	cipherbox
tinyjson-heron	4.3.11	334b5c880f9767490278fcec9a2cac1cd45dbf7c47e91704518f948a0da5b7b5	colorize-citrine
pemparse-timber	3.0.7	32dcca43c5a0139fc8fb94ba2efa966180bebc13925e7f49ddb22131d1a25f19	queuelet
tomlet-raven	3.5.4	5ff27a8abb41da5c05255e918b62d500a9338b299326b57f4127fd00ee803b0a	retryable
cipherbox-linden	3.11.0	0599ee1062e7caffde2fa313ee1ef4d42371aa7f009303db5dd9c39350471165	queuelet
httpkit-delta	0.8.19	a02363c391acd87464c09f7f96b79fbb4cc12bf5d11f37fbc7fa03f1b5bdacaa	cipherbox
yamlish-ashen	3.2.19	c96105eb95aadc0be5cd3f4ff7ea331a2087ebb95811c994abeff55d5585ccb7	clockwork
retryable-cobalt	4.5.20	fc2cf1a401a97bec332c41e24f116934776e8c3491e81e4a4d9585fe81db3544	metricsd
ledgercore-osprey	2.6.14	dec57638958d67737ec1f28064b08875049b7c4efcb831a6bce4edc53874a836	httpkit-delta
argsplit-bronze	0.0.20	3c13b49bb47a027a043f12954c65ece904d2aac0b9280043ed5340232a942dfa	cipherbox
ledgercore-shale	0.12.11	c58defeffd056af376f5ecbd28086ce971779cb4724b593383361fe28a34263d	tinyjson-heron
queuelet-pewter	4.11.17	7bf676136b69650d6674132dbe697602864b4a6892e3b1f783556fc578cba1a0	ledgercore-osprey
metricsd-birch	0.7.8	a6818cf48e17e63d05bd421614dec8ea5e2c253ff332341ad8604f9ee3fa3be8	cipherbox-linden
colorize-granite	2.5.17	b2a1a1565cd2d83f47b70ef1830db2890f64439dfb2111f567d07c3238d62897	cipherbox-linden
ratelimit-ochre	4.1.6	ef35dafd0a3c2c9eb329e9b3464b7f8b86cc15096aeb6b14559787a9784e7f48	tomlet-raven
csvfast-wicker	3.4.15	83068561c6368ecd97ace3e3ba5e31057d2d138e5fa1be0583f0156e93b1fb4f	colorize-citrine
csvfast-heron	3.1.12	9fa98f63f7601733a9c2aaa3b2db5c070eb04bafbe4fd9d6f07ea0a21e81b2b6	ledgercore-shale
ratelimit-rowan	3.4.2	565ce40d5961e71d8911029a32928b3aa429f520ba1fc1c3f3699d4bfa5cfb35	retryable-cobalt
pemparse-shale	1.8.15	854f581047d8c06607bab43584d7659a1ff589f4cb1e403b738276b1ea13d519	ledgercore-osprey
tinyjson-vellum	3.2.0	ce39617d50bf1b35d3a59bae59147d4d0ec122e57ab79f567f46d489ca632552	clockwork
hashfold-sterling	4.2.7	59b810a769ce0517ef20acfe1cf856f8455bd4e504bb0621ff758fbe0bcc387f	tinyjson-heron
clockwork-kestrel	4.7.18	031c1cd11e663f44af4b001a06bb8579eaab8835d934a97bfea2aa351acb8caa	metricsd
fsync-atlas	0.11.13	b65e390dd9d0c1e03732bca88bd6ec9e080f130f3d844b7dce367be565595862	csvfast-wicker
fsync-tallow	1.1.6	1f73401d60ff9a1e88de1e21c13a9932fee173c8c7042364bab156d32acafc6f	tinyjson-heron
tinyjson-pebble	2.11.6	5807322061c8fee487c0d5a4a2c70ce83000f5a620e40e598a8f2a91cafbf91f	clockwork
tinyjson-blaze	3.10.13	1b5ad38a75f4b6f34fa66a294857bbb6971fc5579cbfea8404dabc52128db6b0	httpkit-delta
queuelet-juniper	1.3.17	a8168817e55d5b319cb101c2ed42c181240e557dfa5317eda0c18d81454a1e85	csvfast-wicker
ratelimit-tallow	2.2.16	0fe422a67b83547fe8e8d7ab843487b40737f0d0dfcef8c97f8eb4261813cec8	retryable
yamlish-bronze	1.4.7	4332c4ae449e311487c1eff8b05ff136a61ec048ad95a270b74173e85f59b313	queuelet-juniper
blobstore-alder	4.0.12	cffc94a6bc68dabfbb013459daf73136018d2d8be89d7d3826fc227dab5233e7	httpkit-delta
argsplit-reed	4.1.5	918232c037f90b67b9528093e973e9eae274294cf471259e830dbc4240600576	retryable
blobstore-cobalt	1.0.12	277f81dda3932a4a201402866a500ad75227deb4a19d2c23b36d60b76232155d	hashfold-sterling
tomlet-linden	1.4.16	1ef2838f3423bb5afd9cc7c7c64e2a128969e812c3e11b03b8dff5c3530d6682	fsync-tallow
