# lock for admin (prod): name<TAB>version<TAB>digest<TAB>requested_by
tracekit	4.8.2	1b1faf7f8e930a1a686a07f093c768a28eeb4f0aa9d3a477d73dcac18337f8d5	direct
hashfold	2.8.7	1b9b1cfc350922f60d7fbc354055e4ecc6ee7a252be75ffe14ade614efbe853e	direct
cipherbox	2.5.4	f2225fdd70653c24adff81c4b64802ddbd399b5498e7fb93ad4a78d84aa01bc9	direct
csvfast	1.4.14	1d8cca748fda0f0ea57db03d83197c0a4f6c03c28fd128ae27ee48c060e6e5e6	direct
blobstore	2.5.13	b4471d835582bb1d266b8017eb3287fe460cfb4457438b79338659b8fde9d04f	direct
yamlish	1.6.16	38e74c8996a2349de57a1cd41461e5386837e39a1245405e7b7464f51c647865	direct
httpkit-vellum	2.11.15	39ded074f1a8c5526f3ed7eb7b230c1ade3994823ceecb8ac97c12cddfe3e646	cipherbox
yamlish-glacier	3.3.13	d58e705c185233f64e9f949230bad0e7c99a7a1dd37c356859578477b5750a35	tracekit
queuelet-birch	0.0.6	f64502b73e364c4b75b9211ce899b3c153490f99495c406c33145979cf5aeba6	blobstore
tomlet-fathom	2.7.20	74549b0947d8496c0ff0e0a17944efa6f2d3874223cb619a8a671d7ecaed8238	blobstore
cipherbox-slate	1.11.8	42e898dac5dacca0cb801ebdc2fb8ceac6b5fd5898ca17deae16ce7b9a6bf008	hashfold
retryable-linden	0.8.11	756c78fb538e8483d193dd3266f02ad58a3f37279aeca22023119eab24bd4d33	queuelet-birch
clockwork-rowan	3.0.0	08297fb38a91e8abf69145904672325f2c4c9723b2650630fe7193b0385bbea0	queuelet-birch
tabulate2-raven	2.2.12	61cb3ee3447805b87a9639440638a53e4e03a6919d01d366e063bc2c9380f728	hashfold
cipherbox-vale	4.7.4	55831ab06204406bdd39ee25d365960c4a7ab8be24b81b7e98abe572c3a5df1f	retryable-linden
yamlish-iris	3.2.17	c8e67ba21699f29a5dc5d649c672e1072014122fcf5860d08da15355de7066b9	httpkit-vellum
yamlish-cairn	1.0.20	eb49d05fa2b00dd0a497417cc07ee9e0b45d84e394666d4dc068b2edf5994bb9	tracekit
tomlet-heron	1.4.6	56791aab89cc764bf45be45a154b7d03e460fd2f066b40fc0e76f244eb63766d	csvfast
ledgercore-aurora	3.0.16	002a28a03b98a3fc3ebf10666f9352819f66c9a707361eed7c948c368ae4e571	csvfast
argsplit-glacier	2.8.10	61b53943e4260d79c5116d1d831043f72662cbca38170397517f3d424a71d94c	yamlish-glacier
tabulate2-crag	3.12.11	abd0c5c116f892bc836c4acbb39226b648241c54e2d62f078f73f92e16999430	cipherbox
pemparse-moss	4.3.10	cf908672bbb34adfe89452be9d6b514ce99e20aa647377985eae7886e4d0b823	csvfast
metricsd-vellum	2.11.9	39e0b7cf9819b9be7b993758e0d48a52714fd2dcc2a517b2c64f8c561159072a	queuelet-birch
httpkit-sedge	2.0.4	21aa67f1a48969a01e8edaa2fd468fe3787e9dae11bb5a1160bb0b0d45c180e9	tomlet-fathom
tomlet-garnet	1.4.13	486336553f7a34e22a9c834270db81d829c8cf1cee7a68276386488831d9d67b	tomlet-fathom
ratelimit-lumen	0.6.18	db18096216fe40215f3ee04186d614b87591bb0e04963f6bf1ccb29e3461c056	tabulate2-crag
ledgercore-avon	4.11.11	3d991380da069d5f839ec52a6873013176920bd9cf06a5d338d9a5e6da7160c9	cipherbox-slate
metricsd-lichen	0.4.0	a7a243017249b70d4fb9efb7b37e4149dd0829ab7e9cb479b5c50c9d166519dd	clockwork-rowan
tomlet-canvas	1.12.17	3c2c7cc264c3def299f753f2e7f468360856ddfb5de6ee2eaada057973357553	yamlish
clockwork-auger	4.7.1	8249872bd5327cc8db9130872bc3c15bd0fee221e62a4babc70aa307c6989873	ratelimit-lumen
httpkit-summit	1.5.12	495b11b4777a7f745f225ec3e7227abb8d7f310798de175a6ca05710858380f2	cipherbox-vale
metricsd-pebble	3.12.4	f4d1e40ec2bb11389f8ad7d0b1ab1db5545db6761f9d2e47cd081e016c996159	ledgercore-avon
tomlet-plover	4.12.9	9524fbf131bb94c9276f0f692f8932685e5b57788831a3ca904534b35d33fefd	ledgercore-avon
blobstore-atlas	3.11.4	15ed9f516592c3012dd090cbf749b185a2963884e4745c29094ab4edcaeafe49	metricsd-pebble
metricsd-ochre	4.8.19	41734e6b12aad9f9035f9f597c62602804dd86d51a8f10c784953756589c1685	metricsd-lichen
tomlet-juniper	0.3.1	0dfa1bae38d54e59ee35850eec4387f4a6d3a9d4ff0efda31b3ca0627f05c8cd	tomlet-plover
pemparse-slate	0.9.16	cd006a5f1717b1e607bf6d176033c6cd7a22833b9d3a261572f26dc59e0690cd	yamlish-iris
hashfold-balsa	3.3.13	b6ae2b6c67b4962f89c8a42d418f7c51c0df02948a3391f582dde260654df903	tabulate2-crag
argsplit-sedge	3.12.16	8c97c12c69f227f7324ec70f0904a652c3b5592400711e54f0a448add42e59ee	metricsd-ochre
httpkit-atlas	4.11.4	c9b05973ee786bc6ed8f28f7c605f516431bcb5540d64ee3de21caa79b34e507	metricsd-vellum
argsplit-vale	0.6.6	c13df45ddbd87621026855d18f45672d6df2b56e13fe4ddf2e02819403bf4429	blobstore
ledgercore-cypress	1.10.12	5891b366852ae17c0b80a4eb45d6d993e0e9e32c72723954cb0592bb9f791dc4	httpkit-summit
tracekit-anvil	0.6.10	63f2678aeea247849f868eb9fb8bf4ac87e378036609984496106b8367be011f	argsplit-sedge
argsplit-osprey	4.8.0	364cc5932fa9388825e8c6881231a043ebd8ebfc4c28bf7327d295f81cf8ad1b	ledgercore-cypress
queuelet-timber	1.2.14	f433242fd7884d5a8c36f00284cfde8147711a3aaa67ed76e3273e4c99a18d3e	blobstore-atlas
blobstore-yarrow	2.8.16	eb6c437a38c8f79bc6c1e8fd5e9f04078933be99b0298e68f4a526ecc5a8f687	metricsd-pebble
