# lock for api (prod): name<TAB>version<TAB>digest<TAB>requested_by
ratelimit	1.4.0	634d31be47c2fc0bbfa01500794cc4520695b8b6daad5b47f1d2d07a4a180562	direct
argsplit	2.1.5	c07c0859aec33f7b7293bf2cba0ea3bc66d7a766e8db5f990154288f27d0e903	direct
colorize	1.2.0	6dda7c8a083e1103b4e30ce9aaa788a629992f64b74b1aea14f5557df52de43d	direct
tomlet	4.2.9	5c3cd441d19bb45f1f2b61846b40a0aa842ecee021aa52231725d8d0ad093fe8	direct
ledgercore	3.0.13	6c29c4285205bfc910c3d8fe31ffa17199cbe8be99ec0186614b16ba99851e55	direct
fsync	2.3.10	e5d65ffcddea1498a09550bbb1b305c19d83c94ce96790b8cf3a4ab00fdac9ec	direct
csvfast	0.1.15	95c6eda82d5c4c481e78a2e3ff248315cf7d500e401717c244c44ce98748eb65	direct
tabulate2-walnut	2.8.3	7e1418c673b22e54180dd5d58fcc9cdd186f050b2fee0717998f2fb020555177	fsync
ledgercore-citrine	0.9.14	09b60c6c6dcacec118a5210df90d78d19af57f90b78693a79bc4b2508612a1b1	argsplit
yamlish-basalt	2.1.8	cb5e59e7ae9961e62c756b3f0e74b3a18cd8310f5855ab51340fbf869bb9182e	fsync
argsplit-brine	4.4.1	18e4cb7e1dcfc877df1dc1a6e799b6f73ad50a623b0705d58083cdaaa358cdc1	tabulate2-walnut
metricsd-larch	2.7.13	2487bbcd2edc254a31b5c05d28a031c71691ae13111f12be76453c91a9fc291c	ledgercore
blobstore-gravel	2.6.9	0b8b297c2c1a0b77f21c45226c9205b55a98d063c07e87e8e49c1e66ab86ffc7	colorize
csvfast-arbor	2.2.6	d6e9d5c0dcbbff01fcf5aa97ad5934c87729ce6091bf59a647220b6c9057e57a	fsync
clockwork-ember	4.4.16	9067fd4f5d9aeca472bfde660a474f239af3630ccc7b4a128f774a13808aa891	csvfast
colorize-willow	2.0.4	b9eba1fffdcfcaf822ec21de24ef727df1368350fc2027be58be2dbc581c1d36	yamlish-basalt
csvfast-juniper	4.8.18	1c6ef9f4c9df0add5840b5db73c368e7538af19916da11f166dbb1491c89f426	colorize
blobstore-garnet	4.2.18	38f9a530e24350b20a5d948b01bedf90569826c9d7abea4ded1896b147fb48aa	ledgercore
hashfold-iris	0.0.2	db6690de6b8eda96c915c6fa8941771e8f4c24abfaa752345955f12ffa1916eb	csvfast-arbor
tomlet-spruce	3.7.9	58edba7a49e30eb8f7415b69bb29c313dcf8fadcd25814bad85b4b4c5798eb91	tomlet
blobstore-pebble	1.11.10	0894939ab015b382c859c8a1d9a8f415113907c97743cdeeaf9b43ef5cd6b481	clockwork-ember
tabulate2-lumen	4.4.17	8c2554feb668cb25499ba2640fdbe456db8c71ce07e4f318754b1ea365b56ab0	ledgercore-citrine
tabulate2-flint	3.7.12	1dcaaff796c26ace48b685a8d1789808e2473a96d761e8556aafb41b5f89f70c	hashfold-iris
tracekit-walnut	3.8.14	118a65e0fcb347b7ab126fe99a04ccc4240fcb4a2ec0cfb9c393a405dc2e4d7b	fsync
retryable-lumen	3.11.5	a9c4065b79d1501a869b922bcf2f2d79326f4e89dd15f9d693a1c106a9119e2f	tabulate2-walnut
csvfast-ashen	0.9.9	840d801d28eec96f44ea8fd2d9f34f132f7ace2d83e1f51df5425c3b66ac8702	tomlet
queuelet-linden	0.1.18	6872593269b19ce7209d055fbb3e264f8d7116616c20dbc252f1a849336e2b9c	argsplit
queuelet-lumen	1.9.16	9d9bb24caf3184d44d081ebf4708167dbc25e31c97625d24cfd05ec76b389221	blobstore-pebble
queuelet-ashen	4.10.16	6801d5e67f720f85329d48d342180c413da863790a2e567127e19b5784e78547	csvfast-ashen
hashfold-shale	1.10.8	d7c63bd08bffbc38e0dcb70b75aa0d6ec83caccc67187f4c07660c3833a3eb74	csvfast-ashen
tomlet-cobalt	0.8.14	e1428d9d90da338282b06cd6d3f8e2f1a37f1c423979f6b3369dc1afe8cd256d	blobstore-garnet
cipherbox-linden	1.9.7	78ea6a5c4fa2fda7c55e92ee5f1f3f14a34a5e780e264295e257b1c9324090b3	yamlish-basalt
cipherbox-verdant	2.6.12	e6838ae39b823592de308a73730476db04fafd6ae6391766e679a973b97cf840	csvfast
tomlet-atlas	2.11.4	198a62d3e4b138324ee088d316fe04e42418c79e9c19f86995682832c5b7fcd6	colorize
fsync-saffron	2.0.1	090ee1adc2064ca9fe09bebb1f0e67f94a61e3aa9fdf1de65354468a0176e8a7	retryable-lumen
ledgercore-cedar	0.10.5	9337ae5306cb78e555ec151ff12fe3ac3407b92460d504ebce786598787a3fc2	colorize
yamlish-pewter	2.6.13	cab3699a289fbd049c5f6a44044d136ffe872ec4b82e44e187a1b9354162cae6	tracekit-walnut
tinyjson-ochre	1.12.0	b1bcf74750e3a4027ae0fdcf775e2a9164568e04e8686bbcc99d139ba4fc26d4	tomlet-atlas
