# lock for exporter (prod): name<TAB>version<TAB>digest<TAB>requested_by
ledgercore	0.3.2	bdde4b04f708950521f81eff3fa429c8e3117a01d2c023d1560a5a3620f596d0	direct
blobstore	1.10.13	0d838a0e8ed20dc627ad0c905d7fd42ced9159d82c4f6938ba405f2f8972b2c3	direct
tracekit	3.12.9	4198bee8b3d9a1477bae5c5cf9731881800873daedda8350e2a0187de03ffbd4	direct
clockwork	2.12.14	7dec75ed7df7e6488963d1d56a4b9af72752dda45d0c1d5a51c0db78368777a0	direct
argsplit	2.3.6	326865a976075b65910f7baae90a4d93a2c6964c2f7bec42fbe0c8bd37c32bcf	direct
yamlish	0.7.7	c773ef22b5f9bf2e47facc6fddd66c196781909cd522c14f7ea2ca64342dd054	direct
tomlet-avon	1.1.5	1f2dc92b36bcfa7e8ea932a5d823dd25ee6dd1585d086b886d0bca436fdc68dc	tracekit
httpkit-beacon	1.0.11	e1aeaa5a6636574f91426374220913aa9a08e4e647e7b5d5e0fe2b7d26669d97	blobstore
clockwork-ember	4.0.3	d5ef0262844c4619696e3dcea0f2cdecaada55b0ea139e66f8be6b3bacbccbcd	httpkit-beacon
retryable-aurora	1.6.14	e60360e4f89fdaf2bf2f3bc0e2e6a98c61a970bd1be7b9862e621ee3281c7e28	argsplit
httpkit-aurora	3.12.16	25849ea23825a044f7c996a2436a5c5c1836536b651a181ed535b676dd1a1a73	clockwork-ember
tomlet-fathom	0.1.20	161b08c6da5f3fd301fb0e4f8176e45694db7ee562271be443db8ba218d8cb95	tracekit
blobstore-atlas	1.3.19	70ea2cb8c7d5b8c29d56111a45340ea5e260cdd115b67fd0204b191a5c133877	tomlet-fathom
pemparse-ashen	4.12.19	4e63a273c65b33bce0a83baeaf47ab36caa73a316139a23624018aa21b92b578	blobstore-atlas
colorize-avon	3.7.8	7531fd10ae5c28202249c902caf3cff416ae7779717659e8d6ba78e0209b1def	blobstore
fsync-osprey	1.1.0	3718be42653993bbcdf7d671d0e576d5543c1e7e334e07c7d3bfd67deaaa5dcc	clockwork
queuelet-sorrel	0.0.19	0d29acce84de07c906d02a57a3a873236a2ad5e947c4b4c11d1684533aedd1a5	pemparse-ashen
tracekit-kestrel	2.5.17	27e6ad6a6ad95b07903936fa7c50096dd366fe44bc122bdb8a9f53db9a71fc3f	httpkit-aurora
argsplit-verdant	1.0.10	aa178e1c5c01e81dd38bd468f672190640f9b9d031b72a20fffa0fb9b135e048	yamlish
colorize-lantern	1.3.11	18ca3457db17092c43b3a7a4387b798622182479d6f8571f69aa673fc9079651	argsplit
tinyjson-avon	0.8.16	b0e9bd767934b1ec49d899394aec973487ec0e507d4e17352cd2e9c4ef985a18	colorize-avon
colorize-kelp	0.7.14	de014407a9394b486e0ef35fd59dcadb281a2165c3d335ea469dddf67658afd9	httpkit-aurora
ratelimit-arbor	1.1.19	8c4bd5735b948b6f455954faf05d0fecdd6aaefe116b963226cf1b40620c3076	blobstore-atlas
metricsd-walnut	0.0.1	98a064faf49d353c9c7fcdac57ed042f9d14d1e457ae6bb535d767c4dbd15f41	clockwork-ember
httpkit-spruce	1.7.2	2a94c0cb30f24a6b52177234d5d5e7f5f9ef20f48375e90ea97d2b94917792d5	httpkit-aurora
fsync-orchard	3.11.11	dfb02cf219174611e98a89ce7de625dc52c02d02cb6174e9f20485926d99566e	colorize-avon
ledgercore-summit	0.10.11	b0f51bc21d3cc7542a6a13a43fb29d217352b47f8178b9a43cd3bea3381903a5	pemparse-ashen
fsync-atlas	3.7.19	5ccc2e2c036dd9a434568845825cd8e0369e2674218b7e10abd2f589aee7a3c0	metricsd-walnut
httpkit-saffron	1.11.7	5f48af77fad3e5960aa1284861f2e61b97a83d2036d47ddc47c2f55e52a3e378	clockwork
queuelet-tarn	0.6.2	20f8ec57f70bcc56b3b42c12d0b58d43da7ee479648222c19f07781e5c3b6708	queuelet-sorrel
blobstore-delta	0.9.17	924ea04e98e2eecd487fa308a628fe2fb6ae29feed2ec724fa17a7e80e8d520e	argsplit-verdant
clockwork-comet	0.9.17	bf6efcb9995b007efcd47826768be5d526855a723db604ba38a1398db18307d6	tomlet-fathom
ledgercore-marrow	3.12.13	29ffc923961981028722d959435c6074d0b5bdf270356ea4700d22d0bc149eab	httpkit-saffron
tinyjson-moss	4.11.19	a719e8d45b13cbc06e3ed1fedd4ca15771ed416615f2ab75dd2de7cc29f2762a	retryable-aurora
tinyjson-ashen	1.7.6	3d5f14fe90947e6328dfb51ed4f5e571863e4ad972dadcb74e21d8e89a277d3e	clockwork
blobstore-lantern	2.12.13	3e1b7776dcecaaf40faacb20859550ab2c71e44178914b1dbd3472b6b7f7b448	fsync-orchard
