# lock for gateway (prod): name<TAB>version<TAB>digest<TAB>requested_by
ratelimit	4.3.0	1d40d874444998b3827e9553457b383fe56ad88fb56e0fb13571a20d20b9dd50	direct
colorize	4.5.7	2a9a54ba23e90c7f3460230233d65cd38288d9f6094704c99f7317c00a88b1e1	direct
tabulate2	2.12.20	9b8acfdc7a99192947d9d543248cafe2dc46c2ea0e06f4cd28722a918a8d77c3	direct
tinyjson	2.8.1	819a63f247a4face9ea341172da2e9d1e02867bb56c2140d3ef9d9627a476bcc	direct
retryable	3.4.12	b62bfde080ea779fc39c973fd04e8e227cc5604f71b355b48f14e8df5a6108c1	direct
tracekit	3.12.11	04fd283715401b2c0484ab9873c5b81fd0c651397a2e58815c1ef8ae40dcfe1a	direct
argsplit-citrine	4.4.7	250925c029f20f6fbb7ca10ba725a2e0e457dc6cd7d94894001070a353340fe3	tracekit
pemparse-sterling	3.10.14	39f47bc1429d4b9a5fed554ba7231921b5b19899f7010efaa6ede1d28f5c9b7c	tinyjson
argsplit-falcon	3.6.20	00ae2906e0c1575ec23798b6110e532638e05ef7f93767493519a52e30a06839	tinyjson
httpkit-ashen	2.4.3	c2d0c29c1987b48370c0595dccb00aa80acaa1bff1215e80f9fa9c4f2fec2d63	tabulate2
httpkit-falcon	0.6.15	a26675322771c246ed4560a4296ba67c3f90c121774687892683ac3075c72a91	tabulate2
httpkit-bison	2.11.18	de857341bc40cdb8d0036fcf2d8b15285db77f512615e4fc48c0091cf10951a2	argsplit-falcon
tinyjson-cypress	4.0.19	18b0ccd40f30bac2e48947b308fd12e97860874bb164304dba0f544dbbcc7f32	colorize
csvfast-zephyr	4.3.6	80eda87e1e42c6221a770bc7b3cc245782bfb0446590b870b29e2409a720d46d	retryable
colorize-auger	3.8.6	5daec834ed42274fdc326287f7247e1f5a609677e9aa3624371c55fec0f32792	tabulate2
ratelimit-avon	1.8.15	a7aa09e966eaf5da28d5603522e656ccbcbfaa9554d1f7475dddb272fcd01814	tinyjson
hashfold-sedge	2.3.1	b006f7a9cedbeb7a74a27f9edc5c9b1cdacaed02bd9e4bb95ef7f9a973765f1d	httpkit-ashen
csvfast-cairn	2.12.3	7b60f3ed76fa9215ec30bfe3b4876a417817ab276de70189680a97700cf34888	tabulate2
clockwork-russet	3.4.20	09bf665c71f95aaab5dd30a5a9cd322651a623432af6044c899e069c9c70aede	ratelimit
ledgercore-sedge	0.4.19	f642b2333be1d74ccf2b6bf6e5d071b834ff420eed3ca5ac650331eeef8bc791	csvfast-cairn
metricsd-cypress	0.9.7	796b3210bf80a6a6464b844ee67a5125f5ed62263c714f1c1136757ebbab97c2	colorize
blobstore-cobalt	4.7.6	0c7237e8bdbff4552f77df1763d754afc2cc09b26e27ccda8db09fea12cc4eba	argsplit-falcon
blobstore-aurora	3.2.18	ebca94246f1c7d028c130bfa737a97e68524293aae14e6cff807a577e0e145ff	ratelimit
hashfold-granite	0.0.17	15ecf9ae5168af53ef25d3c1b44cbdff47c4e4be69958ce359feeca978205b5a	tracekit
ledgercore-aurora	2.4.19	c523c1d1b4eb406d10cafd14d1e54042bb4b1e9e41fc5a4c7461cd335b99951a	httpkit-ashen
hashfold-umber	4.12.1	91807ca6628bae8cf76290479da41d6814fbc329fe820d7860f97f0025178264	blobstore-cobalt
cipherbox-tallow	3.7.20	7431e9181e81ae4353aa6f4b47d297ea2349cc41aa5b67ccf5a379a44ab2d8d1	clockwork-russet
httpkit-beacon	4.0.4	5486b23789de45d4f7cbbe1294c5218543bc7717d93d0831ee5e381312aea120	clockwork-russet
ratelimit-lichen	2.12.7	5d2c0469fe94d75911e92435bdf2ea100ce93dbf8087d478ad612af21d88a3cc	ledgercore-sedge
queuelet-lantern	0.3.2	dc00603c38fe80da33f0ca13113689ddd7b7ee1059c0308411e38e58cb37374d	metricsd-cypress
queuelet-sterling	2.9.5	8cebbfcce95190f58642a931eab019ec861f9557971f2661ccd3c2beb6fa61af	hashfold-umber
retryable-tarn	1.4.20	03ddce6c7435c89fe7bc0b5cff0738e25ff75b78636c7d5c263dc5277e3f1cd6	tinyjson
ratelimit-quill	4.8.2	0749401b9927ce8d592f9d7ec13e0f56a9a02c3f262015d6f65e1cca57eb5bda	tracekit
csvfast-umber	3.11.19	639fe8f4fcabdc3234d2f2c80679e7371881d83de0eacb6a0a2d77875b3ec318	tinyjson-cypress
metricsd-alder	1.0.18	5dd056cbd45756407aae779e35486083c621b0f44e1de3e52ff706e291d6a4e9	httpkit-beacon
yamlish-harbor	0.12.5	f2bd54d6f2d1694d419c6f6fa8b083682ce56c4b319997b6497ef5e9fe0195c4	csvfast-zephyr
retryable-brine	1.2.6	b8f81ae724546af6f9616f98e4e9e3e150d5f51f2dc96a4151395c76b030b7e1	colorize
