# lock for search (prod): name<TAB>version<TAB>digest<TAB>requested_by
tabulate2	2.7.6	44c60f93a7f31568d1f42309c1b4bcaf410fe071dd30c225765d8e60012137a5	direct
cipherbox	4.7.19	5e4fab9329d0b2975cb907a2118c55a046c89f074cc6b873666f744a0f0a0c9f	direct
yamlish	1.8.1	32d810a8772636267d7191ab1fa0ca7ffc6b318615dc79d92e65312cf7a58281	direct
clockwork	4.5.7	375128e9b96f8243371f3b4aef6bd3b99654af7917aa14cf899b6e9c1ee7fbd1	direct
hashfold	2.0.6	5b11f6129282ea4cbf478e4811ee0c8764cf772083c8955c9d628eeabeaa38c7	direct
fsync	3.11.11	6940df8227771a98be289290813314d77f5233eb1ddaf56d26ed04808e307526	direct
blobstore-cairn	3.2.13	c5aef1bd1b90b822a4a13ab1b3b1fde9275e2284164b8db50a02ea6a69287fbe	fsync
clockwork-garnet	2.11.10	d7a35a043dd77903c5e4f97c0c3387222cccb626e3d97772c2250559319dab37	cipherbox
httpkit-sedge	2.8.17	8c3c7b4d7a20e2110ad3f2fcb01502d371a544f69de264e66cd14251db2c75d6	hashfold
colorize-brine	4.6.8	55fd6655a110a894726d31e12b2ef40b094e0097b227484c2fc1cb28ef6af1d3	cipherbox
metricsd-kestrel	0.6.10	45e242da302774d74d8b0724b777f4887e7f70c8fa8fb7db3fdc3ac012413db6	colorize-brine
pemparse-nettle	4.6.20	fb44c678074d6e1fffdbeff51ed7023e376f6eec821d9267166cda1fdb148fe6	colorize-brine
yamlish-canvas	3.3.15	bb5554d4a43d7f626272e1c6ec8438757f719b9d2c980cd6cb50605a7654de80	blobstore-cairn
csvfast-plover	0.8.16	badefe2b5572f16478b7dd376563549df9b688cb35c5af41158630c8b48026a5	pemparse-nettle
tomlet-hazel	1.5.5	d5eb2333513f17c6257cc372ed67eefc84036f077c93eada7c265f9d5c807208	yamlish-canvas
ratelimit-dapple	1.4.2	22643a2df82f27daa65717797a87754329e918e97cd04041eb7fa23e6371fad2	blobstore-cairn
yamlish-cinder	4.4.17	6e4852d9ad582f3a94efd27e27178d05cab40eb397ea5ed70b847daf3c53118e	metricsd-kestrel
tomlet-raven	2.3.5	ce4aaaf7b416f3e80f7aeabeb1ed4d9e579d6d5f19b019b2d8270d191ade486f	pemparse-nettle
clockwork-cinder	2.10.9	08e537b529be0f252ede981f3e4d8d956e90c68466b9240414fac05be0b23404	tomlet-hazel
yamlish-marrow	2.3.4	7508bcef72cf0049a9195536e2ca0f237b6c3ed862e647874e13e32e42e645ce	ratelimit-dapple
tomlet-fennel	0.1.17	e77e7fe0c13d5908f75bf497623473e6e581a374e854195e44ab542887e18cdd	yamlish-cinder
blobstore-basalt	0.9.9	86e16c518750d278e83d25a85e01976c9d9da119dcb775b278cceae012fe6883	httpkit-sedge
tomlet-marrow	0.0.17	374b7da2d8ceb5e02e9da62bed66a9fcf1e6684d87867c6757e58b412b46b626	hashfold
retryable-lichen	0.1.8	07f6f55de33a7385c439904b9db6b6b076fc7cb5b81685b7eab4f0af1485641b	blobstore-basalt
fsync-flint	3.7.4	d5043256b5fbc7535b59db45739f34794276063c3fd2029fac93c784f6599357	csvfast-plover
clockwork-marrow	2.8.6	9ee90637a4c87e441075e73b97978d0035684e5027361041fb0a6df862e6498c	tabulate2
ratelimit-citrine	1.1.2	cacfa3325a08e08078bd155afe13584511051e87bc900290c234686d2ebd7321	clockwork-cinder
tinyjson-hollow	3.6.11	0af45459d146c1c058b627fe21a01adfddfc6bd7d396b59fcc444efdc1b851af	httpkit-sedge
fsync-jasper	2.0.4	3e3c9bf3d514b6ddec8efb1e9e96406e412a1f42fa2c44a67d7145f29924a16b	tomlet-hazel
metricsd-larch	4.6.12	556a8b656983fbf5e5375071772b9c0b49ad9784efcbc064c7f5e2832e1a0a72	fsync
colorize-tallow	1.4.9	92c52888fae66df375f5400afdb2fd2c989bd081e3bad92c06ff68fdc04a27da	tomlet-fennel
cipherbox-fathom	3.5.2	fdbc7a6ef5fb367d96571583b50c721879bab1ebed2e25486720cc339debf39c	yamlish-marrow
ratelimit-tallow	3.11.20	d881899c5cf9c1d1f2d241e98f42e50fa7be6e858410fa29080cd0842e2c6ec3	tomlet-fennel
httpkit-delta	3.3.19	9363a81ecb4e901335d4c983085f0bfc55d405ab1c862937181b229b0a005d7e	yamlish-canvas
cipherbox-umber	2.0.16	b81931cd433f3288e678893886d6a83260c7bf3e17b71606655814d91092b542	yamlish
tinyjson-ingot	0.4.0	b866fcf3eb90d05c34331c01f084afa5ae731239ddc54d227a2bcbb0380d95dd	metricsd-kestrel
clockwork-lumen	3.7.16	57869a941a0e77a2a9dd464015821ec0e6078ae57a03775c36df8b963acd98db	clockwork
pemparse-bronze	0.8.11	6ea044096f921fcd3ee380cdc84adb5ceaf951fd091965e99b4ddcea5144d830	clockwork-cinder
argsplit-quill	0.8.1	1cb0a4436b1eb484930499de28af02aaaaa478705fe71dc82f2c1431f9774ca5	ratelimit-dapple
