# lock for worker (prod): name<TAB>version<TAB>digest<TAB>requested_by
ledgercore	1.1.0	5cd190610a959ee73d2a9c98e5e451c3f733dd348a92161a54e1d69185b468e1	direct
csvfast	3.12.10	fdd503b7e1caaf811410cc73dffa9144d60ca4c88ead1c1321de29d8634af920	direct
tabulate2	2.5.0	eb00cc339f7d17fd1431032db5b6e0835111a5d6e84c0b14584abfc86abdc00e	direct
argsplit	2.3.9	4e47b9260b0b5bf945c665f582d092b2398c7c56fbbc5536fa9eb06c4078b561	direct
colorize	4.7.8	604bc6d80457083d5df489484d6b35481305092bedb688df00a0d5c8f6f66a49	direct
hashfold	0.9.7	49367eb996639bff2d4318733b13ed58e09f0b6b5c21625d9874e8480d77f283	direct
tracekit-dune	2.12.11	f406da34dc95e8b42dd27f942124d978555ebf4ab3be0726dc0a1e61f0397132	colorize
tomlet-bramble	2.5.18	33b1c4e910eecf17493ecfa87a97925631e79990fc7b39393d3323ba770dd2af	csvfast
tinyjson-cinder	0.6.11	56d8b855f0a8174e69de6e9f80a3973d7cba0e90f92b21aa67bcab7f14b762e5	tracekit-dune
retryable-verdant	3.8.5	1fe8310a855a3badb3a214473bb5101efa9a6e4000834a444a8e91483a2cb077	argsplit
metricsd-kestrel	4.3.3	0312d458ec9a309549cc715f285b50e775371565eeef2b4c6fdad76dc4a2b610	argsplit
ratelimit-arbor	4.6.17	767951e9f11b6711a2f7f397e6b93fb39a5ffa51b3d7c78bc8cc8a41ceaaccfe	retryable-verdant
tinyjson-nettle	1.4.3	532a73bf3dcdda934dbbe2e8d1f339c3de8f4c2459f72cb47a4aa127f0442d3b	argsplit
retryable-balsa	1.0.2	bf71a42acfbda5bc0dc55cce7c11b7047137873105291cc007dbb79f8408170c	metricsd-kestrel
blobstore-sterling	1.7.6	f5a2489a67f8acdfb4a576d961f4d2f4e6f2375466197fa2e95a3fc049921b44	tomlet-bramble
clockwork-slate	0.5.8	cc1b6ae3d2fdba7db625f49b003046cc18b5e130a14d5f1f72c938db07189223	tomlet-bramble
httpkit-anvil	1.10.9	9adc1da301876154fa36e524827166b579f847b65f721b027035d78a7f392cfb	retryable-verdant
tracekit-flint	0.3.2	fb484171fdb13d579a092d3dc3bd72e01ae42798c72248a3dbd532a9ffffa42d	ratelimit-arbor
tinyjson-mica	1.12.12	e8fdeb71ac6044db84881589cc70c59b4fa77678fe627ef65b940f21f01eb62b	tabulate2
ratelimit-cobalt	2.0.5	f022c0de37828dda324a16f0f38deb217d8c4e60958b458d2b0fd592a94e172d	tabulate2
clockwork-dapple	1.12.5	51e5d597155cc7031869b0b81412c46befa23940a15acb8dd7262b3858513164	blobstore-sterling
queuelet-balsa	4.6.12	611427ef7d7546460887c6bf3814afdc7273dc59c5bf88d11aac2459dd2f7230	hashfold
retryable-yarrow	0.12.8	2d371a44d9b2ae9bfe625a66a4d324d5abfb3925dd60a6b5172523799549b164	blobstore-sterling
tabulate2-shale	1.0.16	39a86d533079b3d465e1b41a1422d51e99661f2c9aa5ef2aa221b12e77dc1959	tomlet-bramble
colorize-canvas	4.10.11	eae57f32c6c1b78c8da298693d7a67700e949a578d27781fb5c8a97f02136baa	tabulate2-shale
colorize-marrow	0.8.11	d38fb7be186d6d58d0f22ece56c9e9d57843e092aaaf95c66fbac5e79ad398df	hashfold
colorize-walnut	2.8.10	1ded1928e5fa953f3144dfd0a6672af90eb6c8766ccf34b4816774cae6c841d2	retryable-yarrow
queuelet-vale	4.2.0	33d1e744ca88edbbc902c5bf083955f6b4269354217fb57c691be4e8687f5efd	queuelet-balsa
pemparse-moss	0.1.16	9e538a4023fb4d3351f3c29486b1eca97cf59d55c94c1bd1d22fb768555bc431	blobstore-sterling
httpkit-pebble	1.7.19	c4d16a5334e2a28fe0c8de67d86120c2e30594e1c88ea47c87dbc0bf1144925a	pemparse-moss
metricsd-jasper	1.8.18	94c5003e8fe41858f53ae119041b2be11a3d52ae99f193c8c8fd5e82b72d41c9	queuelet-vale
metricsd-pine	1.12.2	30501d688c44afb910369e49dd1738a8ceadd6b02858b0bc7b56127fb4ad7749	blobstore-sterling
metricsd-sterling	3.2.4	35c85e6cc4e41df2f95836f1ef823d9c2f3cdc660bd450f3dd8a9b5307eb2668	tinyjson-cinder
ratelimit-delta	3.9.13	0afcd20b062cdd63137f8cb94d0cd870358607a224ef2d7387b7d57d71ea9acb	pemparse-moss
hashfold-shale	2.7.14	d387d5b9f555a28b331b623c7536c9c6a25bb892111a1c38579b26383a4afb85	retryable-balsa
colorize-hollow	4.10.8	8dd20a9dfe675b5a363f9bfd348bc73717d87078b2aedbcee860cc109ac139b3	queuelet-balsa
httpkit-vale	0.2.0	a2714e14cd4c5efa9dd899edfc09fcd2bbc160a8d40fa9337a1b52b0581a68a3	metricsd-pine
metricsd-lumen	1.4.16	f327df5caa49ba2cdc81a4817b1bdd4f73e2e8128855187fa16f5d46e87b886e	ledgercore
