# lock for api (dev): name<TAB>version<TAB>digest<TAB>requested_by
ratelimit	1.4.0	47cd560316f416b5ae4f211a1d0d342b4184022914cdfbb83fc15ec8c656c6e1	direct
colorize	0.11.5	6c500f2e70b585c12b4ae736f83411ecfab555ece8bb04b5ce802638ef38a5cb	direct
tomlet	0.12.17	791b344b825d8d9843feddb04683a12672d86b258e1fd44396ec97f6ce1bacdc	direct
ledgercore	0.5.4	2a12e036267cfb140d461c872083b4b3aa80e7d84b4ec3fa9e8809b9184b3654	direct
fsync	2.11.5	6691e99883efbf523e8fb7f13bf9868f178f9ca28aeb499717f112e1bdfea420	direct
csvfast	0.1.11	0228197ba3e160d9692f82cb3c1f0a75cfd13e0ea079493c2e2330ddac30d909	direct
metricsd-granite	2.8.5	5646fdab64308ba29425be8c3ad92c887a0a576f0f5e9dbb7020c8cffbaaa8db	csvfast
metricsd-cobalt	4.2.10	e19bb9611d3438c4efdba695f4ecc773abe52f374e73acb1bcd3c96f8360d350	tomlet
argsplit-lantern	3.5.11	1feefc21c1f02b251924eaa0357e499cca050a6b1ebfeffecfb8ab54eb6c8ef1	metricsd-cobalt
pemparse-basalt	4.8.16	e4eced20241583f21c6d1efcc504c55c74451966bc87efaf091ccafc7e1f9fae	metricsd-cobalt
yamlish-ember	4.8.14	3a67ed996dcdc7db0b84d85a073ccd83073eacf3a4f1bd9bf427c15ca54d6ad6	argsplit
tomlet-marrow	1.10.12	4787f23067afc33ab009160e1bfc8d75fb67b98938df725b1715bb7f64293874	yamlish-ember
clockwork-sterling	1.7.16	e0bc53269cccb912ab11dce321d26ad63f53868a29c0738aa1470a390f4301d7	tomlet-marrow
tracekit-granite	3.8.3	037918eac0cf0963f9b953828d62ec638eaa923a8bba5861576b443774055154	ledgercore
ratelimit-sedge	2.5.14	e68a4080b455ff8da9b0940e95be5e2f11047833cb8ce0dfc8c50d2bb516b28f	ledgercore
pemparse-dune	0.7.2	474a047917bb8e52b2905777f14c794e93b946c741dee3c21b0335304b5aa1ae	tracekit-granite
tabulate2-summit	2.6.15	6fce9defbd099761d6312569a646644fb5e752136bf80b90848c1cb349cb5090	metricsd-cobalt
hashfold-osprey	4.2.8	d636407c23f3d9751ef65c259884d6539e5c66387fa63a0ebae151d6039b0216	tomlet-marrow
clockwork-tarn	2.12.13	7d23baa7834c6e050f82fd4c116e4939b463cf0c4f6f80af01645b89738b4740	tabulate2-summit
ledgercore-pine	0.3.11	14236b76196a9d59f622195d20b5f7e10d485baa0aecfba1f882b2de4e885d76	tracekit-granite
queuelet-onyx	3.0.11	82f2b143fcb64796cf525ecd5c17338a82e30d95c38bd3c2dc2ac6cd48d984fe	pemparse-dune
colorize-kelp	3.8.14	d5268806e781cdc4a398c4f962b50a9dbc4a29314985f7adb96bb1cc73b5ad9f	metricsd-cobalt
argsplit-delta	0.5.13	c950afbd7bdc490dd9f973b41aec84d773d6143acbcd432c61e067e72fdd1003	ledgercore-pine
pemparse-tarn	0.9.19	8b9d5193fccb12c464ed93d1a9e25290d13d9baf7d0d55a5bac001dc3e56809c	queuelet-onyx
retryable-ember	3.7.1	5494d9995cc5e0bf20421a7e65a8f22a676b6f45a404de041733ae3cb53e62c5	clockwork-sterling
tracekit-balsa	1.11.1	4a5eed269aebd9fdcaf150bba3c7062996d732cf486d6b82800a657f1672965b	clockwork-sterling
argsplit-gravel	0.10.19	2b2935dd39606de66e2de9492d3a77560c9dd4aed69a06f3cb387882f45687aa	fsync
retryable-brine	3.7.8	109294f168a589aa9b7051909d4b4b4a2e4722ddcc84d403785670e916a0449f	tomlet-marrow
argsplit-bramble	4.1.11	7d7e0551ff113022a4b1b46032e0cb365e56491a5afe1a80207ef4612363566f	ledgercore-pine
cipherbox-aurora	1.11.10	406f18dc9e01bbc8c4688d896e4ac8a2279280a0f811531f55393a130a547e71	tabulate2-summit
blobstore-shale	4.8.8	fa9b66446e56e48f1e0c680292102822c3e49f13cc864df760018e8a00d88072	ledgercore-pine
cipherbox-pine	3.5.19	2cb3850e83c20ce7637674377bea6b79b215f0fd9b0b3baf6f5769abef512362	tomlet
blobstore-ashen	3.12.13	191fd3872cf47d99630e7fabb78a7750b452a183df80c6514b4439e41feb5fae	queuelet-onyx
blobstore-ingot	4.3.6	580eaf6e6034ff896468643047d216390c002fe21933a3717564ec3e0ab2d3e6	hashfold-osprey
httpkit-quill	0.3.4	c5ec55481b6b950f926459f072aaf443ad0a99582a4cc9bf5f50d631dc54f462	tomlet-marrow
fsync-harbor	1.1.0	3d444671e24d42979d1c509c90f610fcd22fc8f6491ebeb2bd394423ad3d0214	tomlet-marrow
retryable-linden	1.6.5	22924e4a1e8f337f6a1d5e7293c1ec5ba1139edf53d4f37c0ecadd1e0a5cd0a8	tracekit-granite
hashfold-thistle	4.8.4	6ca86995b3ee13c095c71faf2469b212affe7877d47a4b7e3a8f9d62ce8e3b6f	ratelimit-sedge
tabulate2-anvil	4.8.14	ce7b9da612449209e98a557912963731def379da6ba6fcae618ddc1ba0c63abd	retryable-linden
cipherbox-shale	1.5.0	04f49ec009401f449d19ae58cbf6b274509124702be8ded65e152ef75d5f25d0	blobstore-shale
argsplit-zephyr	3.3.12	0832a26b53cd4b2abfebde0d688301d1b88fa457f12e46f3a5f7ffdbe6d3eb36	tracekit-balsa
yamlish-hollow	0.10.12	ad4fb71bad8a18d3d9d217df214e341eed1b916a7ced579cdf1b9052c178e3a8	ledgercore-pine
