# lock for exporter (dev): name<TAB>version<TAB>digest<TAB>requested_by
ledgercore	3.11.18	30f43f8626597c463bf61a92f4b2ef2f773fdfef872e55d2f5a060e23af974e0	direct
blobstore	0.8.17	dc007f6c592b4a5c79b9a4fb4d9c8ca4d98d83bd191268939b7a1c4fbec5804f	direct
tracekit	1.1.2	e416dd2c655a9cacf620ef176636da3d8dd8996a5a1c9beee7314dbdbe385441	direct
clockwork	4.5.0	8750505c7e7fd7bc0ab04daf191a5a5347243836526be3bdfdbf00f569f43632	direct
argsplit	2.2.10	e8b8a0069b6739f1df9032685843b830ff566aef3fed95fa79e3c5f2f462b249	direct
yamlish	2.9.12	d438f115aadcd879795e8ccca42aeeae4573a3b891d400a85e3cfffddafda87a	direct
tinyjson-glacier	2.0.20	8732648b6fd2f41fce4b494dec0798f8d0201b4fa22783fcc1c65ae50f41b92d	clockwork
tabulate2-cobalt	0.7.4	cc8a0bc5d2aaa5b7312e36ca1ce9d538ae7ec1c4268b6b979b3e44a59584f07c	clockwork
blobstore-cedar	0.3.13	d6c2394f823989e5bc1530cc7c4028e7b5e755ec25f328e6a6908673507b1895	tinyjson-glacier
ledgercore-cairn	4.11.15	ebf829abdd6bf003cbc83872fa35c264c95503a9a1110a6b729588710466ab1f	clockwork
argsplit-bronze	2.4.3	b2871f60afc42aadf7f7ab5b4def1b1187f37e7581e9a498e59eade88378af61	tabulate2-cobalt
ratelimit-comet	1.0.13	22f78c25d5705c0d6ca5f7645ee59863aac6acb0f19836c161bb8eaee2ac1cd0	tracekit
tracekit-vellum	4.1.15	a01b975d90857f8f4814182fdf6628988d5c8a87704d4278c53a29b4cfd110d0	ratelimit-comet
httpkit-mica	3.8.19	8763b090081dc901129375810f2a4f05f3a5a2f417249fb620f7fca4dc142654	ledgercore
cipherbox-topaz	0.8.4	230fa63c1685ebbcffe903f1933e254dd2ed1acddd5cc1f9889620501e068302	httpkit-mica
tinyjson-sorrel	0.9.5	a5eceb214c1c90231a0fa89227a819fb8af585197e5072eab5caa069a874825c	argsplit-bronze
metricsd-ashen	1.12.7	3ed00ad5fc50df39876fc1b572e2bfbc2716554c43ac79bd40dc6a2b4006f04a	ledgercore
hashfold-alder	3.12.16	783e484eb8483c3dce748515f8b134aa02a3b6b6fa8134ae25cc3279ad6cac14	yamlish
tabulate2-raven	0.3.4	33b2498d633b8bcb4f91f7ad248e187c5949cb7dd95f85cf02027ba041735e04	tracekit-vellum
tomlet-orchard	3.2.17	f427d7a0b7771239b955e0d02c811ea32a591645cf2f9709f1278c2a10d5ebc9	tinyjson-glacier
blobstore-gravel	1.3.10	a8fc4447eedc6267eed33a3dd2d6f1a77355acf55c555cb05a0d0b73ca39d1c7	blobstore-cedar
httpkit-avon	0.3.1	e209d5c30f7e869a5125aea7fab46c530e51b3ba042603c2e9ca4bc96c12e2eb	argsplit
hashfold-spruce	3.12.17	88bd17e6250d6c52dc90e4b77d4e64bf49f21627c140ab00f88f88ffba3b4901	ratelimit-comet
tabulate2-tundra	2.12.18	829a18d0a5f1a018a4c6ec0d5082dc022fe001d027684d67f21e35d4a40fa1cd	argsplit
pemparse-hollow	2.7.5	e95a13ec49e4df3d79d6ed426e7561370282d6184fe9dce78c56d3322a384bc6	cipherbox-topaz
metricsd-wicker	2.5.17	c8c73170bc2536fe923288bf8445ca214febe3a973152f84bdfd9f44bd0b0206	httpkit-avon
tabulate2-harbor	1.0.5	9260bc132e452beedbb3ec04a36076e037248c1575880586667a966761bf4177	yamlish
tracekit-glacier	4.10.6	8a5d0a1d5faca71deef913e55106313f1eb0ce94a85c024c9b4e136cb13174da	argsplit
colorize-orchard	1.7.1	f8de0d4d91ab74548456dd5bc6cdf19356d0f8206d72142c9dbe1e65907e3dc6	hashfold-alder
retryable-thistle	3.6.6	942a23f2686cc100544b21fb041d06ee2bebd5a9f94e7c01eadc3ba57de3a67b	tabulate2-tundra
tinyjson-marrow	4.11.5	4db741de6b48b06935e1e32cb2f42e6c7cb48e5f11e85f98b1a90835979b36d2	argsplit
cipherbox-ferric	3.0.9	39b5218294b151213fba256778a7067e6e76d9ecc39da3f03598e04bf1d2875b	tinyjson-marrow
colorize-zephyr	4.3.17	e17d5b9613f1b3ba7d0d950aea137e0311bc120e32c9539f5a81aabf57fd4cf7	tabulate2-tundra
tomlet-pewter	1.1.11	dcacf937b11f68dd9fcdaf01f69bdf23ea6190ee5bc160ac1d56160bff080dd4	tinyjson-sorrel
colorize-granite	4.6.6	94105f85e19906b73179dbe6f6fbdd86aa5501eb2b95bf9256ea9196924892cd	metricsd-ashen
ratelimit-sorrel	4.11.5	b7d8d3e314215d6844b5aa454450d4f2d6a760a56839a8303faebe42fa39e00f	cipherbox-ferric
blobstore-pewter	1.4.11	731af15e20a2a3466ef65169662f225323e1a14aceb1be67ac90f0a1d4a4b672	colorize-orchard
retryable-granite	1.12.2	a499fe5902bfdda8ce30c37ef1feab6f902acc37819bd260523021e59f30fdd9	argsplit-bronze
retryable-walnut	0.5.4	b238ea48ab626a57e6f001d9e46bac7368ebbb7a00b100d6bb2b336e3814cbb8	colorize-granite
