# lock for gateway (dev): name<TAB>version<TAB>digest<TAB>requested_by
ratelimit	2.11.12	fce8e6b524dbd123a4cf8c15506d9398a9dfdd66e832c55589052d3993e8a659	direct
colorize	4.0.12	d1b5631282d07d5e7277d51029b89ae6571979a8135a39311dbbd03c6999ebae	direct
tabulate2	2.12.0	622cc79d5c39dcbed515d389c748fdcf81a7d58f5f9d33a12d2c9657fa949a7f	direct
tinyjson	4.0.9	247fa8662a6947a981b79c4b28a668bb8eb3f40835c92fed5911262c400618ff	direct
retryable	4.7.7	0101c19175294c73d6d08b1aece2f98e63a0c75a65fecd497cb7a5d11f86b08a	direct
tracekit	4.4.4	5a97553450ccbcda9e7a372c410b873c106496fb82055ba35303271a5194620a	direct
ratelimit-cairn	2.6.15	ae6f129374e87a81168a20800dbe48621b2e16a6a37286e46722fd9116924c33	tabulate2
csvfast-verdant	3.2.1	234268a2d0969e9001777e1394a1b8abca7e09cd8ff1b1673aa2a74f9b1b9d79	colorize
argsplit-comet	3.10.0	4e012cf1c46581945b7cc9cac8b638f5b512f624d9a64d0c7026df1ad7a84153	csvfast-verdant
ratelimit-aurora	4.1.8	90430439ad7359b4431d8213bdbbeaae9567a4db2096926c486ae9dfc5648783	tabulate2
csvfast-arbor	2.10.17	35dccbdcff012968c45e442d38c84ebe3fbf158591504a0f7308fcc61e791cea	ratelimit
httpkit-auger	3.6.8	080a51164030a47981681e5f3c3874e8db61ccd90914136723dcbe19a4787442	colorize
blobstore-tallow	1.10.10	8c7ba0be67befc2f6c14c4696e55739ce4be5a029703ae5e53e994d5dcfec6a8	tinyjson
blobstore-atlas	0.11.16	95f4016e36c318a853271e05f1926ee5a4a143801d166f5f1f2dc1efc2d035d1	blobstore-tallow
hashfold-birch	2.1.5	24818ffcda75172c42c023f284463e9fc26dc5a6a6a57a203e64d7493016b154	ratelimit-cairn
pemparse-cedar	0.0.17	959e6909d437722421cdb7d3283846060ccf81958926aaf9a50ecb2dc9d5066b	httpkit-auger
tomlet-pine	4.11.20	6f4ace02ae541179a7d54b629d9426f5f2e7d662d04fff5da5d3429d408d57b5	csvfast-arbor
csvfast-raven	4.11.11	8dbff20b05e95ff1b3b90e8be1ea5396cf27a41fe2d6ba4fe33614aecdde6d9f	tracekit
pemparse-garnet	4.5.9	922f4ae0eed6733b04eefb5e45abfbc44368d6184a7d374ed4386c78dd0c2d4c	colorize
pemparse-mica	1.5.2	787f1d9f20de331bdf6c126331945505d00420617a5ac9dbe7bc344d16a2d6f1	tinyjson
pemparse-plover	2.12.20	711b8519ff6bc17c6cef80df731d39922b82f0d50ca2accf2147846721bb1a83	argsplit-comet
pemparse-nettle	4.0.1	a96fcaec72c946b18aed3b51f471023208ba216022712c2c5fd26ebc354654e0	retryable
tabulate2-granite	3.2.3	0b82ac74ca1489c7efb37639b84864d3158d652bb91004b2f31b91f5bc45a586	httpkit-auger
tabulate2-saffron	0.11.8	e42b45984690ca873a34dad31c2f32a60da576fb5b7ef39940a6c885320cc64a	csvfast-arbor
metricsd-ingot	0.0.14	f46d2a2fd9b9eb6e75a4df9af15253bd1d76ef0dedb9a52ce273e8b9ae4abe54	ratelimit
fsync-coral	3.12.11	410977d3c0a58ad8f75fcc3f42b4f22a433c65b7042278b75a2c1277e41b5ec9	retryable
retryable-larch	4.0.2	57ae92f57c19c3790034cad19a568280f914e993c85210508d2d91780371a60f	tomlet-pine
csvfast-cobalt	4.2.14	2a02df3a169225b22c8cef854267a54e57b8d41d09d0652835c1512df03b97b7	csvfast-raven
clockwork-timber	0.6.0	b9b14886edd1831c319e4fbeb162e27839be0744b982a7667d631770086eee4a	tabulate2
metricsd-thistle	1.10.12	f9f557601e6f5cb378925a1c3c13bb1418038fa33a2c918b9536c859b6d1ffc5	clockwork-timber
retryable-aster	0.4.12	85678d9719e4cd37f722da66cab5c799b890f500226d3923fb3641fb385f1ca5	retryable-larch
ratelimit-auger	0.9.1	e34eabffed625c91d63e30148802bc8f177eb840893c33c1c29b988c0b6360e1	ratelimit-aurora
httpkit-nettle	4.1.0	58d38587ca8ce9efef4b82e743377a77618136b2ea96bbd0634c9cafcb8c7b87	retryable-larch
tabulate2-onyx	4.12.12	0aacd60d82d5770aea233dcc92bcadaca0ebbbe939e9087478941f44800715d1	blobstore-tallow
tinyjson-granite	2.5.19	dc7ea3181c66a582adbef38a8a7e11bb057e8053d6f2fcbbb415e521c8d0a0c6	colorize
hashfold-cinder	1.6.11	915f68e197dd85e4b86654e9752b7c2708d162b0c96e4cfaf929d8cbd6f028e8	colorize
