# lock for api (hardened): name<TAB>version<TAB>digest<TAB>requested_by
ratelimit	1.4.1	c1d2378360b4130e615aff16e0ff0d072e404bf8e28e120fb0f7ad8997a6611b	direct
argsplit	4.2.20	c66492f13a8096778cabcce6fc2fcac7cc335c9c254171fd68e9a8ebb54de88a	direct
colorize	2.6.7	e72816e0e993a5168bcef611ea31265be69ac84d073459be8521129b229f44d5	direct
tomlet	4.2.13	c2f27b3a72309c24b18be3ba4c3c2a829e9ab90feef5ed9164c7114db98190e6	direct
ledgercore	4.6.20	911d02ec0e11dd38373daa11074c744b2d7050a95714e16b5f255592cd264d11	direct
fsync	1.3.19	503d039954d030281a5a2f44097ef8784ae469aa21dd02717f74120fb044a9ef	direct
csvfast	2.2.5	0bd1c1256d5b019eec83d606a0f42237390b03b6254320ced667736ca34aaaa2	direct
httpkit-zephyr	1.4.17	dc1ae14bd07b947aa912af61649db4bc7bd3c262166353c57b8c25a689090233	ledgercore
cipherbox-plover	4.10.11	898ad1d18796aa22e3f97bbb0c6ab6a7f8e9a8ff6a5b6c2c8cb7de23f901a74a	tomlet
metricsd-kelp	1.5.2	e0dfe531e701b832bd8783fbb5f0e48451ff019bec6edb0cc5aabde2c408b272	cipherbox-plover
blobstore-falcon	4.0.19	6286209cd3b85a161ebee79c09901f9913a5d7d449cc6cab5c1549e05c9c2bcb	argsplit
blobstore-heron	0.4.11	50cb7e213b4b9779433a4804391918a076e6dc6c2044455d0bf7c6d521258ac6	csvfast
cipherbox-summit	4.5.0	717b003e213855dcbc3223b1c999ddec088499bec044b1fff1bca9a63bb2031c	httpkit-zephyr
tomlet-aster	4.12.15	7b1e9197f35704063a74165a023deef6540c4b7a8cdfef7983946687b35992da	blobstore-falcon
colorize-umber	0.5.11	4953aba15e60dd7fb34faf1dbe92b098b9b93fe73c1aabfacd171b84b3b92f68	cipherbox-summit
hashfold-raven	4.2.13	81751ccee8d1e0b6f1b7cf28b151ec979b5fffb31a2dc069faecb61856fde4f6	metricsd-kelp
blobstore-plover	0.3.8	8f1e2fad5a591372333d7ca434e772df1f324fd810f0f83365d5c1adc91e005b	cipherbox-summit
hashfold-aster	4.12.9	469f63169a951b4ca6278469e58224be0b0e2fafe9b46da91161406a1c17b7cb	csvfast
metricsd-linden	0.9.5	e6a676f638e9c320d0e65aec58638b9553a75220159ee065bfe925deaee93ef9	colorize-umber
fsync-verdant	3.0.4	7f6d5b3734fd646ab949afaba41f25481f769a8f9f732e0d7c35a8ef36eeda34	fsync
tabulate2-pine	1.8.14	3a9be5bc0748359e11a9fc3d2d1b574e6ebc464322bea7ae6a0511f9c5ec702d	ledgercore
csvfast-auger	1.12.13	91703964cba623b780415042de4150f67e87cb7ef454274cb5a4f044a15e42ab	tabulate2-pine
pemparse-ember	3.5.3	5ca89ff837726369282aa42167c68f2e609a40b07bdb2999f965e6f33ddc9acd	ledgercore
httpkit-ferric	4.2.13	d46f6c5db7df2afdf846560701a48e9029d0afc274f45e8a4165692f1ae26b78	tomlet-aster
colorize-willow	2.5.20	b79d6f9043675ca461b7bc64392960b0b5ace9470419f6c3745f9308d6e1f402	cipherbox-summit
metricsd-hollow	0.1.4	4827e237d765a1ffc19f87cb1633662a07aa71b895ec4ee467136101b6de96f2	cipherbox-plover
hashfold-basalt	4.1.5	5312aa020d0c712efc9d864e30e69febda7fda19eaeb19313c54fd36c4f70e41	hashfold-aster
pemparse-bramble	2.1.10	b0b114a7003ef832c7108e810542dba26227660b6cf92e5e088dcb84a3196ca1	argsplit
queuelet-bramble	0.5.8	780ab2ef8000fa838d56f24029284f800d50f469a269462bb9d6ceb193fc01b1	blobstore-plover
hashfold-bronze	2.3.11	5ae73781101971c4ba651d3e4b659dfb8bdf7eeb1320d2565011b791bde74c8c	blobstore-plover
cipherbox-umber	1.10.9	e91231c0a383f486778f0620a02b5d62cce32fb60c6fb95027f4f5bb458e16b5	colorize
cipherbox-willow	2.1.7	a4500581450ba4c9ee80ff85c6508b4a9147d5fe2f18b20e9d415947e46ecec4	tomlet-aster
fsync-linden	0.0.8	2ca97cead1d1f90badb0b641049cdd5672cadbaafe5091c13dc7d42415f77d63	pemparse-bramble
yamlish-plover	0.5.7	7e1b1cfe6246868fd73361cfa94fb58d6f9d3483497a2faff807299f23a3c981	blobstore-heron
tabulate2-shale	0.11.6	a30175df8b391f327e33c24592ed95a1574aeee41563ff9b001afd4c2e14dbe1	hashfold-raven
yamlish-basalt	2.6.16	63330baa90b15f6666f1dc6640d0bd0512e2e97963b704fceecfb668a8c39de3	blobstore-heron
tracekit-falcon	1.6.8	018685f530cb1c8397c3c59421421da96b72b3ed688a943f7cac9d9fa4034c67	cipherbox-willow
ledgercore-cypress	0.12.6	4d327f9b965d8d2a7717d232c30cfe69b1ac2cfcd33b8cba9faf626b6e2f5d64	csvfast-auger
blobstore-slate	2.6.8	aec737dbbcd34711a9c1adfacc64172939c6e7e1d768843049dc4f0337877cff	hashfold-bronze
fsync-juniper	1.11.5	bccc231e36e064786842c0fbfc6d774a089c7fdf2e0d495575c372dae55ed01b	tomlet-aster
hashfold-juniper	2.10.19	efcd0c8a9adcc926b43786671e8b32729f2bc5e6184eacb545e63cd93131f63a	fsync-verdant
cipherbox-ingot	1.9.4	c4fd4641b895cbbc4e2c10b6e236f14c3acd0f4aa4bef4e62268f6cf284e71a5	ledgercore-cypress
