# lock for cli (hardened): name<TAB>version<TAB>digest<TAB>requested_by
yamlish	2.8.9	cafd5f33105a429d2ea9859f56237bdd3a2b991d5d73ffd624e8799adf4f61e5	direct
queuelet	0.6.6	6a7e2f02d7ba0d8bed764de0f30ebefa8942deabb682251d20e1b6dc79568f31	direct
colorize	1.7.3	3ab641e51ddd314dce146a8d1ae731dce4c20dfd0dc63b2575dd24a457176b34	direct
tabulate2	4.7.7	349d6fedf3a71d7cc55d1f0968d038ab36290487a95f7cae26c3f758794a4e80	direct
clockwork	2.6.2	441141f77251be3d291aad32b79486db4ed5d6a7227a4c35579b0464ec990078	direct
ledgercore	3.9.18	ff7cad71fe63cc2a4b38b7b5bafdac48295677d852ac55f859e0e351e537f1c5	direct
tabulate2-coral	0.9.13	c322c05b0edddee670839072f2e67de557c9386e212d12f71bf9aac11d3a0f45	colorize
retryable-balsa	1.5.11	ba3a24bef8b509ceff13102e9f5950ddca0e069d6450de34b9403bffe221ab53	tabulate2
queuelet-raven	0.9.14	ae93630718920213f2e18eb90fd4eba23dea516ff036216cc414f437bdb72b93	ledgercore
metricsd-glacier	0.0.2	a1c0e0da0097c5b6b7803154517c87ae0736a75274edc1ff832bce3867e0cd70	tabulate2-coral
blobstore-vellum	1.2.19	1efc9b82f9694345308aaa21a9ac6a2f6543037d83e4624116fd060e32b79822	queuelet
clockwork-ashen	3.2.15	efff3d33d8c15b4504483af031fe2948d149c56492bf3bc69ce391d4e117c731	tabulate2-coral
ledgercore-heron	0.0.16	73a85722f48cc90ad1fb32e07a3d374106b5f394227794376df49fbaa4169858	ledgercore
retryable-auger	4.3.2	f971f8fe559347ea7367bd836393d2b0770ef2153790d608e6dfecb6b0d21bc5	retryable-balsa
tinyjson-avon	3.4.19	792ab264b91aa69bf767a3275468f79b1e43074d2a24217291194363d06a862f	metricsd-glacier
tomlet-ember	4.11.7	1840b07ae49cb83f669b63b4c4f36d3e672ce584a4c88b41c93f542f3303b3ab	tinyjson-avon
yamlish-falcon	2.2.0	6a1fc0ecf8b743c2f8969408deaf296cffe3fa534cc67114722ea2436f6bcd51	tabulate2-coral
cipherbox-vellum	2.3.14	21cd1f337a2d5c2aea3eb855d8b633e39cfcc04816d19fbe6e1e30967f58c409	blobstore-vellum
httpkit-blaze	1.6.18	20a65bd1d2c623bc2a4b28a1be5690e6490d2f5ab13014fc023b3688ec2538da	colorize
fsync-flint	0.2.3	833b897fdd8152dd10d5df7abc6a42a00c1879bae36cc57dfec4caeb70a911d4	tinyjson-avon
yamlish-mica	3.1.3	a064b431ac18d696d14bb9716b5ea1b90b711671b97347599b06b110e0167dfe	metricsd-glacier
ratelimit-russet	4.1.15	78ae0f9186421bee0f5b941da6f1014e2a74371696789c28d223189eda091bb9	tinyjson-avon
ratelimit-kelp	0.0.6	0bde39fea171c55ec6e04ba7d2e79a87525b2b51c56a6cf5091a83b3b3cea62e	queuelet
fsync-coral	2.1.2	4e3472a9c23eea49287931196b4d892bd16944cc718a140dc15e4127c9ec30a0	queuelet-raven
clockwork-walnut	2.8.16	524ab5c2f690af0cf9aa4b0c7e37ce5c9575423954506ad8ce7ed0662ab47118	httpkit-blaze
tinyjson-ochre	4.4.3	7a086930c4665f08421269e19db7b3973bd4d9e476cbb462e802f9b38e617ee0	ratelimit-kelp
fsync-bison	2.7.7	31ed22f414abc08459c64ae6672b7d283d466f2790ff5c7d27f793ac3a074e2c	metricsd-glacier
pemparse-hollow	1.5.17	12007e00bc8237bc02522a4477b88db0e5695cdd73227850c3670554963e2781	retryable-auger
yamlish-ochre	1.8.20	89099e60e03b710c66c9a81bb8c95b749d1d2f02a01db819b6cfc25ff6287f27	fsync-coral
tinyjson-willow	3.3.20	87fb29fa30bc6ee25bdcf29e1375da76f4816f3512ed46e900a9a12666e1ecc8	retryable-balsa
hashfold-vellum	2.11.3	ccdaae2b4d7a704d1bb7655ea478117d7cd314bb5fb162a2c895767ac6206a5b	clockwork-walnut
hashfold-fjord	3.6.15	23a39fbf65f65b175f2d74c88c15bd512ec7a6a8365e5b113abc03cdcf56a751	ratelimit-russet
retryable-badger	1.1.13	a977550620bd75fa92e3ad0a4808514de9c593ac63d973b2276a01bdd37b6a20	ledgercore
metricsd-tundra	2.7.8	f30c93ad8861e753e7308d18d42a7381e6f74f737b1f5b388f4dd78688ed35f3	hashfold-fjord
ledgercore-anvil	3.4.17	ecfdcb69a113fca48991b1bfb271c87be8b4d7f2abf5d84fbbaa803c8e56058d	clockwork-ashen
clockwork-tallow	3.1.14	34ac01be1ea6968583b8fe6e8135b575f2313fef2e5b90dbaea6ca233a2f8ce4	ratelimit-russet
tomlet-ashen	4.4.20	612958ef0c60ea3d7e9f2d2b40f252da7a267fd67d261841540d7e1fefd7c4fa	hashfold-vellum
csvfast-hazel	0.5.13	63fada935eefe0a0f99d9c837a8c1367cb31b283d901af1205ac7ca9a75f572e	clockwork-tallow
cipherbox-lichen	4.1.7	95b6f54309ac32a73d153b285b7cb3069ab9bacbf2dfcee6d8cff71e7686608f	yamlish-ochre
