# lock for gateway (hardened): name<TAB>version<TAB>digest<TAB>requested_by
ratelimit	0.7.14	8074bd47efb0a67d5408663ce2270323ce07702aca488375e5e2a4ce14a4ddf9	direct
colorize	1.12.13	e820b449cc84d8df52af005fe7879a0343255bf832ffff4acee2b6190b4fd352	direct
tabulate2	0.11.16	b1479b2f936e3966fcd80c2f3154c486a09f4c5a1ce83d52cc544ba2fc3d0008	direct
tinyjson	2.5.4	e3be8cf2a8cf1c33f9512f9adc25a7a27fc0c772e7ba46b87a4456eaa6f5e9c4	direct
retryable	2.2.7	365c4d05f331007777220eecc59881f66f701b6c2f2e70a576eee4ade9c76fc8	direct
tracekit	1.2.16	589344dc73e2475867eae14becd33da817aed1234fce3cf50a9d68708bdd6413	direct
pemparse-dune	1.12.7	00bc219a657c4d4ee03409415f046f7a3e1384bd496f8af011b72db53c7f8717	ratelimit
tabulate2-wicker	0.6.19	a1e98d61fe6e381778a5424d3eac82d050e4c7aacdd5895ac6e6977a81ed56aa	colorize
tabulate2-iris	2.4.5	b67bcc674da25d909c6b905d98cdc21fc58803dde451255566bce80613c24672	ratelimit
tracekit-sterling	0.10.12	b0e25a9d89a1aaf7aaa7658f152960b11f6f70ea3c6541d042d117a10745c683	pemparse-dune
ledgercore-citrine	1.8.20	69c2043ab013c58a9683833d62a073a775f1dc72a3b70e17c33ecc0a39852981	ratelimit
hashfold-canvas	1.12.17	914824bc02cde77391e0d40b8d15b2366451aceb44ac33beb55b9fba5afcb8d3	ledgercore-citrine
fsync-copper	2.6.20	36a3f243b598a2f4504034897cf3a2f996655b632f03a872e0b5fb448d7f4401	ledgercore-citrine
tracekit-osprey	4.9.15	c908979dcf58992bae88d0762aae847ef103487843221f7d54bda0177ce97e22	tracekit
cipherbox-fjord	2.2.18	14bf734da2e7940502b5bdf557fff3ec5b87e5e00bd4b08793450688dac793dc	colorize
queuelet-cairn	4.3.6	681d03c9b1ee4cffb889cc26d5a7bd29459926324bc6a1d2aa5fa0a0f4fca98e	tracekit-sterling
tomlet-willow	2.4.1	749faa93448bbc4f72fdf94db999d4d17f6c20808a91a5ac1f43c5e254b9ae7e	tracekit-sterling
tomlet-falcon	3.1.0	5a18d13a02e4c93a6bd44e10a324ccef8bea4e9bfb38ff52e54f86dc770871ae	hashfold-canvas
cipherbox-cypress	3.0.12	47dffda58556b05f39bcf187b552dc245cad5964945be4b845af564c796d614e	tabulate2
httpkit-cobalt	3.12.18	0176f186e566bb210e459dd46b06186f2aa53a5898abb4070a805e1b491f6e23	tinyjson
hashfold-heron	1.9.5	6d01cb5f9b3d9732b05404dddcee6a22646839918ea01c3d87637ce534f77f5e	colorize
csvfast-aster	1.0.2	5d70389d703b6909d77d5abb31c31aada2898dbf02e566a31ebb586e23ff7d9a	hashfold-heron
fsync-gravel	1.11.1	53a4cf9ecc2beeaf10a745dcf131f514922dbf9d5d4b0e932fbf1065ccd9fd77	pemparse-dune
tabulate2-bison	2.1.16	057fa5874bd6329ed07e09545731875c48951288823200c82aefc679a87770e0	cipherbox-fjord
clockwork-ferric	0.10.9	f9632e2f71ddf02667686f696454dee0481de9995c8c1fef58b3a64f4176d69f	fsync-copper
retryable-crag	1.3.6	04272e3cc8aab04f6dc04612982947d598f14d5bad69c0738bd5d140ac342f31	clockwork-ferric
hashfold-gravel	4.4.12	0d7cc4f66afd800fc1652e7b54e0406157e72a27b3427a3cc985707807d3c9bc	tabulate2-iris
blobstore-comet	3.6.8	48f07f0e5cb9df2c0997e1a65c8b8810b35dabbd6b53f32c8dd2e83d637c7b13	pemparse-dune
httpkit-flint	0.12.0	cecf4555fc5624aa47019ba6da5fabff18e67bd38adceddf9848b89e6dc0f690	tabulate2-wicker
cipherbox-russet	2.12.16	906eb76f1383c6c7e9c4bc0a21aaded7f04349c7f347a2a3fcb3a8fe6040e07e	hashfold-heron
colorize-comet	0.3.9	7a3ac7dcae548251f32ca5c624cf66395914e53fff16c18a6e05a465f7bee019	csvfast-aster
ledgercore-ashen	2.10.5	c7274c55db6f8f5607b973db91412fa96c58005931bd94948ad2b3bc56123671	ledgercore-citrine
argsplit-cobalt	0.9.6	31bddb36afd034056bdcef62582f75468c9b6503598c7cfe14c803353dbe99c9	tracekit-sterling
colorize-amber	0.4.1	5b7af17e57006a914eff7278bc9a704afd089f74b36cfcdc1ab05899bc5370cc	hashfold-gravel
tinyjson-timber	1.4.8	a95641a1dee489c640e986b2624ab0f5b8acd9d4ef3211becbcc0955ab178257	pemparse-dune
queuelet-marrow	2.9.18	22394f03418bbc7e9fdcec6eab2b2dd72d908d17f3c4d95ee1120e3af1e5ac2f	tabulate2-iris
