# lock for search (hardened): name<TAB>version<TAB>digest<TAB>requested_by
tabulate2	2.6.3	825d80aa6a99a103882de82d5f2b3289a94d99417a691b64153f17b2a5561ff5	direct
cipherbox	3.7.18	47739f814d6869b90d4b08f4a1bf039ac42f833b4e21ebb86b8eef23f9e47b63	direct
yamlish	0.0.17	cf422520062b4ba7b409aed1d9410c66df30d39297bdd201d2659b59f6889c58	direct
clockwork	2.8.10	53078ce11b77601c9ff6ecc57f076f8e8b19ef7a7087fa8aea69f55f78242ca7	direct
hashfold	2.6.9	b5eb06d82718c98c0813f4e5b4da5965143ae30958b13bd2590d4c8eed3f07f3	direct
fsync	0.8.9	c6685bf94bf7fc80f453934491e52617def2fd8156c062ba9848f699a999cc78	direct
argsplit-pewter	2.10.2	6eecbc1601ed2c67cf9d26e58221a4dd195dfe55925c61c12fa0ddc7b2647ccb	tabulate2
cipherbox-kestrel	2.2.2	2e53a889ffe2ece82e49383e47dac67fc65fe5231dbdf20249977529cb0f565f	yamlish
pemparse-lichen	1.1.0	3bc7844c4a7d8f5b6a004382e0ebe84a0c78350f250ba83134c423192d8d481a	argsplit-pewter
tomlet-brine	2.0.19	a3ceff23606126aee789f05ed9fc13667b215eeece918b8211c0fd063ea8d375	fsync
retryable-larch	0.3.4	2bd67be4f6168dd2100f4d4c9c6e71f7e9dbf179c1438aa0c458eb45ae92c8d4	cipherbox
fsync-reed	3.9.7	32663299be605d61243c40b6fcc1b5d15442c2cc9718d367467c7c4a3c78525e	pemparse-lichen
ledgercore-delta	2.8.3	d04f65174ecef7db894ec43595405a75568b937fcafdc5c84c03f3a9279c4ce2	fsync
colorize-bison	4.6.15	1fc1b0ad4ea4fe0b9b580c3ddac1217adb9b134175e1a3c919a36c55d72b5538	argsplit-pewter
pemparse-ferric	0.7.2	573034eb457318d3db9a5b60f9c43b5c2a3b050c4e1492d4ab27850945275374	pemparse-lichen
httpkit-shale	3.7.11	ec0c0ad99bb03a56de2f4ee8aac8622cd184d5ee322000a2cfee9a981900497a	tomlet-brine
tabulate2-brine	3.12.10	af8a95716b2222ccc5b7877b8b2048163ea26464d8db458b9b2a942953999b6c	fsync
queuelet-harbor	2.4.6	0a4b705d0e0a1204ae135ef1343e1d1c44cd214a4c4c7dba21cefe45ff4822df	pemparse-lichen
clockwork-pewter	3.4.19	4c39b1ec6e87a0e75855815fb9f672e4e41709f5bb1b4137288ef17f28c3c2d0	queuelet-harbor
argsplit-auger	3.10.18	023c86e0a93206e6591c3e4ab34340a47272bbd06100eee2d5f2a7dcc3d63e75	cipherbox-kestrel
ratelimit-wicker	4.12.4	476ed4a3ed6e68839e8a18c9903df39367404b4275c3062ec070b1ecf1b22a6a	argsplit-pewter
tracekit-gravel	2.9.11	6d54f432478f29af41be3cd90bfbb3cc9cb756f63d4fe7d4d116623c65266e44	ledgercore-delta
tabulate2-comet	2.7.6	301300cface2a9aff25d78ad92f6c004f3e36d45984e14772768fbebcdf88284	tomlet-brine
fsync-verdant	2.12.10	001fcffadc6fb59f384a34ae52dfb4ad6b6d8f929c0c17181aa8e00df821b776	tomlet-brine
colorize-coral	2.8.5	4f90d59b44617dd0621d2f15b42c1b6093a4f345f0ff5802a6e92e82c7fc0b85	yamlish
argsplit-moss	2.11.14	1d5aa7ae8aa2307fe67982d8f1080b2e092a3611524a4019d3a2f6c1c4b1cc9c	ledgercore-delta
httpkit-walnut	2.6.12	4a55cb13236aeef2c08cb2445a5ffd5e6c2a4a34fb4f19d01da63aa12653f9ee	cipherbox
queuelet-wicker	2.1.19	7e2d436d80023cac46894a71f0919a58818d727c04d26cdce440ebd529cb5669	fsync-verdant
httpkit-auger	3.6.18	acb7cdbdf7acd706e009f8c070c23bd0c0909630b3ea3b03980f2c98bebf6e17	hashfold
tracekit-umber	4.1.20	3189d9b60caf8adc385efd7ebde37c532d864c764a1306e9698af79ad447a9f2	tabulate2-comet
hashfold-cobalt	1.11.18	1cf927abd1211ce5682f8167be9db59f02cd2c5838551f97a3916affdce33c8f	httpkit-auger
clockwork-gravel	0.0.12	c81172d0f50d1d708384ca39a6e6c7588eb6bcfb9a79edee857862e8da9bbd11	queuelet-wicker
colorize-ochre	4.1.15	180740db2d1f76fc663f253e5a18b54d3df4dcfcb6865331083d644bbfc874e5	argsplit-auger
blobstore-verdant	1.10.11	4228f61e17f5da8db80d04d91736d4f71b6ebc8da0772ce2a8c41ce4de6b4d5d	fsync
clockwork-walnut	4.10.2	01a98e57cb0fdfb623553aea309a919ffb9adb675d13b577a0a233c842e6452b	httpkit-walnut
argsplit-fennel	0.2.17	8a602c82eabe48c068542141e6f121a2d910761e191d416ce334411d49f5fb18	hashfold-cobalt
retryable-dapple	1.10.16	c96801d94986ce7b6056a402d4fe1f01c4049a12994e8064833cbde35790a020	fsync
